{
  "version": 4,
  "terraform_version": "1.5.7",
  "serial": 40,
  "lineage": "a42452b2-42ca-7965-a239-6243f06e6680",
  "outputs": {},
  "resources": [
    {
      "module": "module.main-modules.module.eks",
      "mode": "managed",
      "type": "aws_eks_cluster",
      "name": "eks",
      "provider": "provider[\"registry.terraform.io/hashicorp/aws\"]",
      "instances": [
        {
          "schema_version": 0,
          "attributes": {
            "arn": "arn:aws:eks:us-east-1:175437784856:cluster/demo-cluster",
            "certificate_authority": [
              {
                "data": "LS0tLS1CRUdJTiBDRVJUSUZJQ0FURS0tLS0tCk1JSURCVENDQWUyZ0F3SUJBZ0lJSzhPU1hlQ1ZueUl3RFFZSktvWklodmNOQVFFTEJRQXdGVEVUTUJFR0ExVUUKQXhNS2EzVmlaWEp1WlhSbGN6QWVGdzB5TXpFeE1USXlNVFUwTlRKYUZ3MHpNekV4TURreU1UVTVOVEphTUJVeApFekFSQmdOVkJBTVRDbXQxWW1WeWJtVjBaWE13Z2dFaU1BMEdDU3FHU0liM0RRRUJBUVVBQTRJQkR3QXdnZ0VLCkFvSUJBUUN5MEhpeHMyMERMa0g2VGlCdHRiU2N2UDZsV210cWk0Z1JDK1NwU2JDay9CaUpUM0k1elFHWml2MlYKWm9hSURtaExlK0NUbkdRVkk1bExWOGRSVG5Za05zK0REckhPT2FoQ0QvZy9sVkx5RmprUUhsRWYyYzdzV09ScQpiTGNOQ1BLOUUvNzNuV1NoWmduRXJlMVZra0MvdFBabDRrUkVsNUtFSEwvZk11aFlIdjJMQ0VxZ0ZzV3E4b2tPClFxZEpnUkgySUpRR2tPMXMyaVRXTTFNdGsxT29NVnlJZDhacko3anlDTEE4WWhjYUUrWGtRYVo5MGpxRW4wUnMKcDI3dkpQazIwNDBtRzRTZU1kRGpaYndCc0JKZW5nN0ZMSW1aRVIyRzdjNGlUSFZXVUVvSkpoUVJVUUhOT3lMLwp5YkIxNTU2T1pGTUdNUDdTc1VyNjlTOHVqVFh4QWdNQkFBR2pXVEJYTUE0R0ExVWREd0VCL3dRRUF3SUNwREFQCkJnTlZIUk1CQWY4RUJUQURBUUgvTUIwR0ExVWREZ1FXQkJRUFRMK0ZuV01wNm9yTVR2UjZVUHR4MUU5ZWtEQVYKQmdOVkhSRUVEakFNZ2dwcmRXSmxjbTVsZEdWek1BMEdDU3FHU0liM0RRRUJDd1VBQTRJQkFRQlNjK1pONXp5Vgo1bEpCeGlCTEs2VjV2alNPVmJjekpGeGVKd3VuVmZhR2VoQlZST0ptSkViWC9DdzIzMktzYWg5eU13UmZOMU5KCnQ5WUYyQm8vK2hMbjMvcEJnUVNWZEEvaVMxSFl0WndZRzVmZXB1SFlDejZ0bXR2a3ArZlFjTTN3a2ZXSU9ibWgKU2RmbTN4L1NoOFl0TzAzQWlsTHVWNnVySDMraE1oTlZDKzZEeFo5MHBObHl6Q2ZWWUcvNTJFdEg0bTNpS2NLVgpWclhUWUpybWxWUUV2dWpmUVlLYXg4aG0yaW8vTlJOaSs2R1k3VkVkMmZzdlc2ckV5RU04QnlvdXVoUElQeUdTCnFSZVdPWlFnQzJLZGxJVDkzbzBlemd1ZnUvUmQvT0ltL0w4WGV1cVZjOEFGbFJzN3VzQloyM0J2MnNWUW5mNGgKODNVUUc4RTJ0RVNOCi0tLS0tRU5EIENFUlRJRklDQVRFLS0tLS0K"
              }
            ],
            "cluster_id": null,
            "created_at": "2023-11-12 21:55:11.669 +0000 UTC",
            "enabled_cluster_log_types": [],
            "encryption_config": [],
            "endpoint": "https://AD951C202BD7289AF17294FF84E19A47.gr7.us-east-1.eks.amazonaws.com",
            "id": "demo-cluster",
            "identity": [
              {
                "oidc": [
                  {
                    "issuer": "https://oidc.eks.us-east-1.amazonaws.com/id/AD951C202BD7289AF17294FF84E19A47"
                  }
                ]
              }
            ],
            "kubernetes_network_config": [
              {
                "ip_family": "ipv4",
                "service_ipv4_cidr": "172.20.0.0/16",
                "service_ipv6_cidr": ""
              }
            ],
            "name": "demo-cluster",
            "outpost_config": [],
            "platform_version": "eks.4",
            "role_arn": "arn:aws:iam::175437784856:role/ed-eks-master",
            "status": "ACTIVE",
            "tags": {},
            "tags_all": {},
            "timeouts": null,
            "version": "1.28",
            "vpc_config": [
              {
                "cluster_security_group_id": "sg-0f35f950161727640",
                "endpoint_private_access": false,
                "endpoint_public_access": true,
                "public_access_cidrs": [
                  "0.0.0.0/0"
                ],
                "security_group_ids": [],
                "subnet_ids": [
                  "subnet-0400a1f8e436939e1",
                  "subnet-0e81e662cb030e16a"
                ],
                "vpc_id": "vpc-003d8848fc4743a2f"
              }
            ]
          },
          "sensitive_attributes": [],
          "private": "eyJlMmJmYjczMC1lY2FhLTExZTYtOGY4OC0zNDM2M2JjN2M0YzAiOnsiY3JlYXRlIjoxODAwMDAwMDAwMDAwLCJkZWxldGUiOjkwMDAwMDAwMDAwMCwidXBkYXRlIjozNjAwMDAwMDAwMDAwfX0=",
          "dependencies": [
            "module.main-modules.module.iam-module.aws_iam_role.master",
            "module.main-modules.module.iam-module.aws_iam_role_policy_attachment.AmazonEKSClusterPolicy",
            "module.main-modules.module.iam-module.aws_iam_role_policy_attachment.AmazonEKSServicePolicy",
            "module.main-modules.module.iam-module.aws_iam_role_policy_attachment.AmazonEKSVPCResourceController",
            "module.main-modules.module.network-module.aws_subnet.az-subnets",
            "module.main-modules.module.network-module.aws_vpc.myapp-vpc"
          ]
        }
      ]
    },
    {
      "module": "module.main-modules.module.eks",
      "mode": "managed",
      "type": "aws_eks_node_group",
      "name": "backend",
      "provider": "provider[\"registry.terraform.io/hashicorp/aws\"]",
      "instances": [
        {
          "schema_version": 0,
          "attributes": {
            "ami_type": "AL2_x86_64",
            "arn": "arn:aws:eks:us-east-1:175437784856:nodegroup/demo-cluster/dev/02c5e2c9-96dc-79f7-712c-317b3038ae51",
            "capacity_type": "ON_DEMAND",
            "cluster_name": "demo-cluster",
            "disk_size": 20,
            "force_update_version": null,
            "id": "demo-cluster:dev",
            "instance_types": [
              "t2.small"
            ],
            "labels": {
              "env": "dev"
            },
            "launch_template": [],
            "node_group_name": "dev",
            "node_group_name_prefix": "",
            "node_role_arn": "arn:aws:iam::175437784856:role/ed-eks-master",
            "release_version": "1.28.3-20231106",
            "remote_access": [
              {
                "ec2_ssh_key": "master-key",
                "source_security_group_ids": [
                  "sg-0abea1a33ba5dd01e"
                ]
              }
            ],
            "resources": [
              {
                "autoscaling_groups": [
                  {
                    "name": "eks-dev-02c5e2c9-96dc-79f7-712c-317b3038ae51"
                  }
                ],
                "remote_access_security_group_id": "sg-0f81bd785b8b04206"
              }
            ],
            "scaling_config": [
              {
                "desired_size": 2,
                "max_size": 3,
                "min_size": 1
              }
            ],
            "status": "ACTIVE",
            "subnet_ids": [
              "subnet-0400a1f8e436939e1",
              "subnet-0e81e662cb030e16a"
            ],
            "tags": {},
            "tags_all": {},
            "taint": [],
            "timeouts": null,
            "update_config": [
              {
                "max_unavailable": 1,
                "max_unavailable_percentage": 0
              }
            ],
            "version": "1.28"
          },
          "sensitive_attributes": [],
          "private": "eyJlMmJmYjczMC1lY2FhLTExZTYtOGY4OC0zNDM2M2JjN2M0YzAiOnsiY3JlYXRlIjozNjAwMDAwMDAwMDAwLCJkZWxldGUiOjM2MDAwMDAwMDAwMDAsInVwZGF0ZSI6MzYwMDAwMDAwMDAwMH19",
          "dependencies": [
            "module.main-modules.module.eks.aws_eks_cluster.eks",
            "module.main-modules.module.eks.aws_security_group.worker_node_sg",
            "module.main-modules.module.iam-module.aws_iam_role.master",
            "module.main-modules.module.iam-module.aws_iam_role.worker",
            "module.main-modules.module.iam-module.aws_iam_role_policy_attachment.AmazonEC2ContainerRegistryReadOnly",
            "module.main-modules.module.iam-module.aws_iam_role_policy_attachment.AmazonEKSClusterPolicy",
            "module.main-modules.module.iam-module.aws_iam_role_policy_attachment.AmazonEKSServicePolicy",
            "module.main-modules.module.iam-module.aws_iam_role_policy_attachment.AmazonEKSVPCResourceController",
            "module.main-modules.module.iam-module.aws_iam_role_policy_attachment.AmazonEKSWorkerNodePolicy",
            "module.main-modules.module.iam-module.aws_iam_role_policy_attachment.AmazonEKS_CNI_Policy",
            "module.main-modules.module.network-module.aws_subnet.az-subnets",
            "module.main-modules.module.network-module.aws_vpc.myapp-vpc"
          ]
        }
      ]
    },
    {
      "module": "module.main-modules.module.eks",
      "mode": "managed",
      "type": "aws_security_group",
      "name": "worker_node_sg",
      "provider": "provider[\"registry.terraform.io/hashicorp/aws\"]",
      "instances": [
        {
          "index_key": "sg1",
          "schema_version": 1,
          "attributes": {
            "arn": "arn:aws:ec2:us-east-1:175437784856:security-group/sg-0abea1a33ba5dd01e",
            "description": "Allow ssh inbound traffic",
            "egress": [
              {
                "cidr_blocks": [
                  "0.0.0.0/0"
                ],
                "description": "",
                "from_port": 0,
                "ipv6_cidr_blocks": [],
                "prefix_list_ids": [],
                "protocol": "-1",
                "security_groups": [],
                "self": false,
                "to_port": 0
              }
            ],
            "id": "sg-0abea1a33ba5dd01e",
            "ingress": [
              {
                "cidr_blocks": [
                  "0.0.0.0/0"
                ],
                "description": "",
                "from_port": 22,
                "ipv6_cidr_blocks": [],
                "prefix_list_ids": [],
                "protocol": "tcp",
                "security_groups": [],
                "self": false,
                "to_port": 22
              }
            ],
            "name": "eks-sg",
            "name_prefix": "",
            "owner_id": "175437784856",
            "revoke_rules_on_delete": false,
            "tags": {},
            "tags_all": {},
            "timeouts": null,
            "vpc_id": "vpc-003d8848fc4743a2f"
          },
          "sensitive_attributes": [],
          "private": "eyJlMmJmYjczMC1lY2FhLTExZTYtOGY4OC0zNDM2M2JjN2M0YzAiOnsiY3JlYXRlIjo2MDAwMDAwMDAwMDAsImRlbGV0ZSI6OTAwMDAwMDAwMDAwfSwic2NoZW1hX3ZlcnNpb24iOiIxIn0=",
          "dependencies": [
            "module.main-modules.module.network-module.aws_vpc.myapp-vpc"
          ]
        }
      ]
    },
    {
      "module": "module.main-modules.module.iam-module",
      "mode": "managed",
      "type": "aws_iam_instance_profile",
      "name": "worker",
      "provider": "provider[\"registry.terraform.io/hashicorp/aws\"]",
      "instances": [
        {
          "schema_version": 0,
          "attributes": {
            "arn": "arn:aws:iam::175437784856:instance-profile/ed-eks-worker-new-profile",
            "create_date": "2023-11-12T21:52:06Z",
            "id": "ed-eks-worker-new-profile",
            "name": "ed-eks-worker-new-profile",
            "name_prefix": "",
            "path": "/",
            "role": "ed-eks-worker",
            "tags": {},
            "tags_all": {},
            "unique_id": "AIPASRWHIE4MGFCVJPBZ7"
          },
          "sensitive_attributes": [],
          "private": "bnVsbA==",
          "dependencies": [
            "module.main-modules.module.iam-module.aws_iam_role.worker"
          ]
        }
      ]
    },
    {
      "module": "module.main-modules.module.iam-module",
      "mode": "managed",
      "type": "aws_iam_policy",
      "name": "autoscaler",
      "provider": "provider[\"registry.terraform.io/hashicorp/aws\"]",
      "instances": [
        {
          "schema_version": 0,
          "attributes": {
            "arn": "arn:aws:iam::175437784856:policy/ed-eks-autoscaler-policy",
            "description": "",
            "id": "arn:aws:iam::175437784856:policy/ed-eks-autoscaler-policy",
            "name": "ed-eks-autoscaler-policy",
            "name_prefix": "",
            "path": "/",
            "policy": "{\"Statement\":[{\"Action\":[\"autoscaling:DescribeAutoScalingGroups\",\"autoscaling:DescribeAutoScalingInstances\",\"autoscaling:DescribeTags\",\"autoscaling:DescribeLaunchConfigurations\",\"autoscaling:SetDesiredCapacity\",\"autoscaling:TerminateInstanceInAutoScalingGroup\",\"ec2:DescribeLaunchTemplateVersions\"],\"Effect\":\"Allow\",\"Resource\":\"*\"}],\"Version\":\"2012-10-17\"}",
            "policy_id": "ANPASRWHIE4MLXLDAICO7",
            "tags": {},
            "tags_all": {}
          },
          "sensitive_attributes": [],
          "private": "bnVsbA=="
        }
      ]
    },
    {
      "module": "module.main-modules.module.iam-module",
      "mode": "managed",
      "type": "aws_iam_role",
      "name": "master",
      "provider": "provider[\"registry.terraform.io/hashicorp/aws\"]",
      "instances": [
        {
          "schema_version": 0,
          "attributes": {
            "arn": "arn:aws:iam::175437784856:role/ed-eks-master",
            "assume_role_policy": "{\"Statement\":[{\"Action\":\"sts:AssumeRole\",\"Effect\":\"Allow\",\"Principal\":{\"Service\":[\"eks.amazonaws.com\",\"ec2.amazonaws.com\"]}}],\"Version\":\"2012-10-17\"}",
            "create_date": "2023-11-12T21:52:05Z",
            "description": "",
            "force_detach_policies": false,
            "id": "ed-eks-master",
            "inline_policy": [],
            "managed_policy_arns": [
              "arn:aws:iam::aws:policy/AmazonEKSClusterPolicy",
              "arn:aws:iam::aws:policy/AmazonEKSServicePolicy",
              "arn:aws:iam::aws:policy/AmazonEKSVPCResourceController"
            ],
            "max_session_duration": 3600,
            "name": "ed-eks-master",
            "name_prefix": "",
            "path": "/",
            "permissions_boundary": "",
            "tags": {},
            "tags_all": {},
            "unique_id": "AROASRWHIE4MFYS4URY4V"
          },
          "sensitive_attributes": [],
          "private": "bnVsbA=="
        }
      ]
    },
    {
      "module": "module.main-modules.module.iam-module",
      "mode": "managed",
      "type": "aws_iam_role",
      "name": "worker",
      "provider": "provider[\"registry.terraform.io/hashicorp/aws\"]",
      "instances": [
        {
          "schema_version": 0,
          "attributes": {
            "arn": "arn:aws:iam::175437784856:role/ed-eks-worker",
            "assume_role_policy": "{\"Statement\":[{\"Action\":\"sts:AssumeRole\",\"Effect\":\"Allow\",\"Principal\":{\"Service\":\"ec2.amazonaws.com\"}}],\"Version\":\"2012-10-17\"}",
            "create_date": "2023-11-12T21:52:05Z",
            "description": "",
            "force_detach_policies": false,
            "id": "ed-eks-worker",
            "inline_policy": [],
            "managed_policy_arns": [
              "arn:aws:iam::175437784856:policy/ed-eks-autoscaler-policy",
              "arn:aws:iam::aws:policy/AWSXRayDaemonWriteAccess",
              "arn:aws:iam::aws:policy/AmazonEC2ContainerRegistryReadOnly",
              "arn:aws:iam::aws:policy/AmazonEKSWorkerNodePolicy",
              "arn:aws:iam::aws:policy/AmazonEKS_CNI_Policy",
              "arn:aws:iam::aws:policy/AmazonS3ReadOnlyAccess",
              "arn:aws:iam::aws:policy/AmazonSSMManagedInstanceCore"
            ],
            "max_session_duration": 3600,
            "name": "ed-eks-worker",
            "name_prefix": "",
            "path": "/",
            "permissions_boundary": "",
            "tags": {},
            "tags_all": {},
            "unique_id": "AROASRWHIE4MNCFA5E7BE"
          },
          "sensitive_attributes": [],
          "private": "bnVsbA=="
        }
      ]
    },
    {
      "module": "module.main-modules.module.iam-module",
      "mode": "managed",
      "type": "aws_iam_role_policy_attachment",
      "name": "AmazonEC2ContainerRegistryReadOnly",
      "provider": "provider[\"registry.terraform.io/hashicorp/aws\"]",
      "instances": [
        {
          "schema_version": 0,
          "attributes": {
            "id": "ed-eks-worker-20231112215206511500000005",
            "policy_arn": "arn:aws:iam::aws:policy/AmazonEC2ContainerRegistryReadOnly",
            "role": "ed-eks-worker"
          },
          "sensitive_attributes": [],
          "private": "bnVsbA==",
          "dependencies": [
            "module.main-modules.module.iam-module.aws_iam_role.worker"
          ]
        }
      ]
    },
    {
      "module": "module.main-modules.module.iam-module",
      "mode": "managed",
      "type": "aws_iam_role_policy_attachment",
      "name": "AmazonEKSClusterPolicy",
      "provider": "provider[\"registry.terraform.io/hashicorp/aws\"]",
      "instances": [
        {
          "schema_version": 0,
          "attributes": {
            "id": "ed-eks-master-20231112215509228700000001",
            "policy_arn": "arn:aws:iam::aws:policy/AmazonEKSClusterPolicy",
            "role": "ed-eks-master"
          },
          "sensitive_attributes": [],
          "private": "bnVsbA==",
          "dependencies": [
            "module.main-modules.module.iam-module.aws_iam_role.master"
          ]
        }
      ]
    },
    {
      "module": "module.main-modules.module.iam-module",
      "mode": "managed",
      "type": "aws_iam_role_policy_attachment",
      "name": "AmazonEKSServicePolicy",
      "provider": "provider[\"registry.terraform.io/hashicorp/aws\"]",
      "instances": [
        {
          "schema_version": 0,
          "attributes": {
            "id": "ed-eks-master-20231112215509286900000003",
            "policy_arn": "arn:aws:iam::aws:policy/AmazonEKSServicePolicy",
            "role": "ed-eks-master"
          },
          "sensitive_attributes": [],
          "private": "bnVsbA==",
          "dependencies": [
            "module.main-modules.module.iam-module.aws_iam_role.master"
          ]
        }
      ]
    },
    {
      "module": "module.main-modules.module.iam-module",
      "mode": "managed",
      "type": "aws_iam_role_policy_attachment",
      "name": "AmazonEKSVPCResourceController",
      "provider": "provider[\"registry.terraform.io/hashicorp/aws\"]",
      "instances": [
        {
          "schema_version": 0,
          "attributes": {
            "id": "ed-eks-master-20231112215206075600000001",
            "policy_arn": "arn:aws:iam::aws:policy/AmazonEKSVPCResourceController",
            "role": "ed-eks-master"
          },
          "sensitive_attributes": [],
          "private": "bnVsbA==",
          "dependencies": [
            "module.main-modules.module.iam-module.aws_iam_role.master"
          ]
        }
      ]
    },
    {
      "module": "module.main-modules.module.iam-module",
      "mode": "managed",
      "type": "aws_iam_role_policy_attachment",
      "name": "AmazonEKSWorkerNodePolicy",
      "provider": "provider[\"registry.terraform.io/hashicorp/aws\"]",
      "instances": [
        {
          "schema_version": 0,
          "attributes": {
            "id": "ed-eks-worker-20231112215206547900000006",
            "policy_arn": "arn:aws:iam::aws:policy/AmazonEKSWorkerNodePolicy",
            "role": "ed-eks-worker"
          },
          "sensitive_attributes": [],
          "private": "bnVsbA==",
          "dependencies": [
            "module.main-modules.module.iam-module.aws_iam_role.worker"
          ]
        }
      ]
    },
    {
      "module": "module.main-modules.module.iam-module",
      "mode": "managed",
      "type": "aws_iam_role_policy_attachment",
      "name": "AmazonEKS_CNI_Policy",
      "provider": "provider[\"registry.terraform.io/hashicorp/aws\"]",
      "instances": [
        {
          "schema_version": 0,
          "attributes": {
            "id": "ed-eks-worker-20231112215206559200000007",
            "policy_arn": "arn:aws:iam::aws:policy/AmazonEKS_CNI_Policy",
            "role": "ed-eks-worker"
          },
          "sensitive_attributes": [],
          "private": "bnVsbA==",
          "dependencies": [
            "module.main-modules.module.iam-module.aws_iam_role.worker"
          ]
        }
      ]
    },
    {
      "module": "module.main-modules.module.iam-module",
      "mode": "managed",
      "type": "aws_iam_role_policy_attachment",
      "name": "AmazonSSMManagedInstanceCore",
      "provider": "provider[\"registry.terraform.io/hashicorp/aws\"]",
      "instances": [
        {
          "schema_version": 0,
          "attributes": {
            "id": "ed-eks-worker-20231112215206349800000003",
            "policy_arn": "arn:aws:iam::aws:policy/AmazonSSMManagedInstanceCore",
            "role": "ed-eks-worker"
          },
          "sensitive_attributes": [],
          "private": "bnVsbA==",
          "dependencies": [
            "module.main-modules.module.iam-module.aws_iam_role.worker"
          ]
        }
      ]
    },
    {
      "module": "module.main-modules.module.iam-module",
      "mode": "managed",
      "type": "aws_iam_role_policy_attachment",
      "name": "autoscaler",
      "provider": "provider[\"registry.terraform.io/hashicorp/aws\"]",
      "instances": [
        {
          "schema_version": 0,
          "attributes": {
            "id": "ed-eks-worker-20231112215206445200000004",
            "policy_arn": "arn:aws:iam::175437784856:policy/ed-eks-autoscaler-policy",
            "role": "ed-eks-worker"
          },
          "sensitive_attributes": [],
          "private": "bnVsbA==",
          "dependencies": [
            "module.main-modules.module.iam-module.aws_iam_policy.autoscaler",
            "module.main-modules.module.iam-module.aws_iam_role.worker"
          ]
        }
      ]
    },
    {
      "module": "module.main-modules.module.iam-module",
      "mode": "managed",
      "type": "aws_iam_role_policy_attachment",
      "name": "s3",
      "provider": "provider[\"registry.terraform.io/hashicorp/aws\"]",
      "instances": [
        {
          "schema_version": 0,
          "attributes": {
            "id": "ed-eks-worker-20231112215206292000000002",
            "policy_arn": "arn:aws:iam::aws:policy/AmazonS3ReadOnlyAccess",
            "role": "ed-eks-worker"
          },
          "sensitive_attributes": [],
          "private": "bnVsbA==",
          "dependencies": [
            "module.main-modules.module.iam-module.aws_iam_role.worker"
          ]
        }
      ]
    },
    {
      "module": "module.main-modules.module.iam-module",
      "mode": "managed",
      "type": "aws_iam_role_policy_attachment",
      "name": "x-ray",
      "provider": "provider[\"registry.terraform.io/hashicorp/aws\"]",
      "instances": [
        {
          "schema_version": 0,
          "attributes": {
            "id": "ed-eks-worker-20231112215509232400000002",
            "policy_arn": "arn:aws:iam::aws:policy/AWSXRayDaemonWriteAccess",
            "role": "ed-eks-worker"
          },
          "sensitive_attributes": [],
          "private": "bnVsbA==",
          "dependencies": [
            "module.main-modules.module.iam-module.aws_iam_role.worker"
          ]
        }
      ]
    },
    {
      "module": "module.main-modules.module.keypairs-module",
      "mode": "managed",
      "type": "aws_key_pair",
      "name": "ssh-keys",
      "provider": "provider[\"registry.terraform.io/hashicorp/aws\"]",
      "instances": [
        {
          "index_key": 0,
          "schema_version": 1,
          "attributes": {
            "arn": "arn:aws:ec2:us-east-1:175437784856:key-pair/master-key",
            "fingerprint": "3c:e6:66:ed:df:1a:1d:ee:f6:3c:29:bf:68:f3:01:d3",
            "id": "master-key",
            "key_name": "master-key",
            "key_name_prefix": "",
            "key_pair_id": "key-059891e61a80cf209",
            "key_type": "rsa",
            "public_key": "ssh-rsa AAAAB3NzaC1yc2EAAAADAQABAAACAQDdNGwbD/ogRH84nEfR+HGqjeEi0ZERPXEI7lX2xmMPJ+Cn55xEWiHmdvy8Qz9wsFgARR7Oe+BVOgHbGZBdVK5cjT5CJR99j5Q/DevS8Mh9bE5gC+2zUD5N0IrF5LiyhwrqC7Ff6ZwoV2k3ZK1nrhplSLxOnzR60t9xjr5EJwO7v/d398hXRLrsMaF2CCFubskK+DnwrFXt+IrZe9fEPRrdg4k4tFBEKxoTThkkjSGmdA1qy6KHQJGa4REbcC3w4oSV4bLm1nPNHi7A0yPwS5Jv7Bb4jEzgtZieHdS3qGKGgU/etp7OjIK98JIdoLhDm3Qi4pi/jD8LAod4WPcAGB6Slv9jnXfnphKqYY0KhmC8ZtOUA5U256TX585cLQfwD7hgsyDqLVlfPxAJGUH0czVVnwcSjJ1LVnJdRk6XJii05heKUjwv7Hmi1vZ0hqZPor7ojfRhssefktHFePu2h4I5ODbJwY3a2Vi4KlVuJ7lAagBniAbdk10XxXC7krIyK9zTDkeefeV46TeNxRm1JMo4sVey5YpDP61y/Rmow02h3Lugyom1Eayw/A67822TuaklhmfDlkbFnv7iivVbtf1qcJAWnG1sP/izO5xrvEfK9WQFFChNFeHpwDSLR/1bwnGddUQXxPoeX9HdCSdXKtVrj4y9gIs8V3CheOLgAfcKCQ==",
            "tags": {},
            "tags_all": {}
          },
          "sensitive_attributes": [],
          "private": "eyJzY2hlbWFfdmVyc2lvbiI6IjEifQ==",
          "dependencies": [
            "module.main-modules.module.keypairs-module.tls_private_key.ssh-pk"
          ]
        }
      ]
    },
    {
      "module": "module.main-modules.module.keypairs-module",
      "mode": "managed",
      "type": "local_file",
      "name": "ssh_key",
      "provider": "provider[\"registry.terraform.io/hashicorp/local\"]",
      "instances": [
        {
          "index_key": 0,
          "schema_version": 0,
          "attributes": {
            "content": "-----BEGIN RSA PRIVATE KEY-----\nMIIJJwIBAAKCAgEA3TRsGw/6IER/OJxH0fhxqo3hItGRET1xCO5V9sZjDyfgp+ec\nRFoh5nb8vEM/cLBYAEUeznvgVToB2xmQXVSuXI0+QiUffY+UPw3r0vDIfWxOYAvt\ns1A+TdCKxeS4socK6guxX+mcKFdpN2StZ64aZUi8Tp80etLfcY6+RCcDu7/3d/fI\nV0S67DGhdgghbm7JCvg58KxV7fiK2XvXxD0a3YOJOLRQRCsaE04ZJI0hpnQNasui\nh0CRmuERG3At8OKEleGy5tZzzR4uwNMj8EuSb+wW+IxM4LWYnh3Ut6hihoFP3rae\nzoyCvfCSHaC4Q5t0IuKYv4w/CwKHeFj3ABgekpb/Y51356YSqmGNCoZgvGbTlAOV\nNuek1+fOXC0H8A+4YLMg6i1ZXz8QCRlB9HM1VZ8HEoydS1ZyXUZOlyYotOYXilI8\nL+x5otb2dIamT6K+6I30YbLHn5LRxXj7toeCOTg2ycGN2tlYuCpVbie5QGoAZ4gG\n3ZNdF8Vwu5KyMivc0w5Hnn3leOk3jcUZtSTKOLFXsuWKQz+tcv0ZqMNNody7oMqJ\ntRGssPwOu/Ntk7mpJYZnw5ZGxZ7+4or1W7X9anCQFpxtbD/4szuca7xHyvVkBRQo\nTRXh6cA0i0f9W8JxnXVEF8T6Hl/R3QknVyrVa4+MvYCLPFdwoXji4AH3CgkCAwEA\nAQKCAgBrnfFqSR+bSzfJxt56HLDQFS6Ozf4RsR6pBar04BeZbAE0Ls4rwt3zTbgv\nr1fR7zkhCH+wXTwKuqnkek9t2KDrjhvX+k+TuqKY+qDcgyBHRMXsnGEMd+GX4flh\nxaDF2kVJEF8/FlxOlBgwRt7GLkHRPM3AQlw51RW4HYYbig+a7A3tY7MoIdv+xTaU\nQehh3awZliI6IN29ZMnIfSO/6SqE0lWULMVQJNgOxFQfIDpazOMqLd/ohVVRUGYO\nP0lahBmVAbUT8QltpV2BmjdF1L5tjSKv0TIlsLOLWV//6f/lCExfQeGJA3soBT5R\nA7whyCN8RVmi9wxEwvo9ZqrkdNeJ+h8HzJ3sdIyMdRBpCWiFqoYRpcl8nBfO04FA\n92ZxUgMEorfjI3SHSvgVDxYWll3DSng1jP7VHIHBYLbjHrLmXgWcigUg/kDrb8HA\nKHoa3nO3xqhbUBD7twjD53PPpbVv5TXZ1e1SfPMuymczfDCV5YjqdnCv2zxGDInu\nzj9Ax1p5X/wwBvo2n/8XHsIsm3TL/RktSTNDFNYoOJY+h7Edslc4IKQzpKBMQ/s9\n7+eCcJE2T3PhVURBjcNS38YohZtU9bYj8fGm8HwMvz8SKfxiGrW4txOtXBkWwbGG\nlGZlJ1LSzFTbRLH35leYAKkG8JR+x/GxX9mIgyU3d9C5B+CBMQKCAQEA9P7uEXOW\nMn9+xkWoLYYn3pHFJ+JunyZ6pOdZocPBh1jdIzdIPIHbI4/yllmYVaB7h9BjqJnc\nApmXHzbl5eLa6wGNoh4jfAkH375ESO1IAcdxb4O+p8NrRfKIhiGTW4W6AtDLKhU7\niatqNOAuhQSvbz9lMus/jqQ1KnhgfbF+DE9e/4I0sSNsQEZ/LNdpzwoWFDJsOL8Z\n/7l/a0krB5ixw1bMgCT5QanwAfArpk0J+u5jZQy1FpfbXxRIrXOqm0UhqrdJgIuG\nUCYXuPJmnCnzkHzq6VVOaCEeqq5Ib1j4pWc9ufUjEZ7yC0FDPvXteBfcbv5lxxVF\nSlWZREh/VEQbKwKCAQEA5yPusWL053mY+22upB9I36Xhpb/uS9zLljY0i0VlevIa\np+53ndsPFEd3acypevkjYOSHeWJB/AR4J3nPM/S/u/ovkDZeX4gBL9TJ7rK9f+Xp\nby36v+TL0065AzvXwBEBpOy7BUB6vpf7NtS/Zks1LHrNeVePZ/X+DvFT2roembKC\nhb/8Sh9d7ckUQ7fYcQGPkdTOJ7Lg/LDytmhHy1F2UW3+pz1K2jlop5WKJEumz03s\nvlK7b72iQrQYJ36bM+6zdIkK9udRmyPJsxCnHLlQ9kuRJveSaoOGPHq6qDwf8bc1\nHrYmLfd6oK9RPJ2VjmvcK8LHOGTHpFP0F6HrEDhFmwKCAQA0bAP2ufvObFdtB2SX\n8RfA2QINqbav2STu+g3EvkU/t7UBnweW4tZIAroOj7c3wzILenyIi/t2lvSuGioR\nCXx8QoXSxY4kMS59IpIr5JG+x7Uu/kqiTP88JUwvHyoPsEp/5btDEu39ZC9ChyGN\nFtaPAEqgHZQo6lvx7XYADyWAbs9N7sdli8XS7wKxTpp2UZst0Sg08DcY79Ei3LIX\nWwXWXVE+riqjcUBIueItIFjdV3rvGUv6PJ4U9xsh+hjsRluQ0s0oczJXHf9/dGae\nTZ+vL/t31+gCAew06zvWj3wMsE2V560MTS1PWTSRWT/prXleSpLuiU+dOzmjUbvl\nBPmnAoIBAE1tyg3+OlA4ebjwOyqbmEvjQ73El80t/70oF134N1CCPc+3oLZupZSD\nhEsa1kNtph5VL9THx5bm4GFI+tJK0NflrX0/2UljRBKD08l0cuqfWB14Z6FUwbrd\niji9GT8r80MOUnAl83hZbTwm9J8N3pgx4xcc79tBmoPi79Y7tviBxhuL/rXN4CdB\nztoIgicJANE3WoAN+jRsCkJ0mGhRt7L7h+z6KVMFHDvXallSRmT3k7EGAegivHJf\n5h+E1/UDp3YIWnXvc3Tm/jBQCcsjgS2gjtVg5dlsidFEw7aLvZ+5YcASAKQxXRDq\n6enGWE1HcI/wRdBsYjx4KzKneRkL4LUCggEAQbM+XQGHfuFPI/Ph2q7DOwHdHwXD\nKxFV0S42ntwFQH814XVXppQLNDsdT66S6Kx+Db+FOafIYPK9iWIyP3lK1LDCUPfX\ng+Gc97c2tGH1gPD6uwNeB7ksuL3tInx/44PU73FgHmxhVXULd1R9VC4TMepFi11X\nG0bw/L6OhlZEBjfBlirDw8cED5RV+lCmpnZM/9tnQmK5gT7F2HTbr7gZ0aOqV5BM\nG9ciYw/ci2D9vo0XpCDoZ8LnakDNrUW8yhxTR2BJwdXn4AXKi2YYfrgg3YQgyK4D\nnzEG/KxuGGO3EC7Yqsf1JxwhVajCHxAFe6faP9EIUxUrgJoVXbiE+Vte8g==\n-----END RSA PRIVATE KEY-----\n",
            "content_base64": null,
            "content_base64sha256": "w621q0GQeXtd+NPcgODJ3Q3jQW5Qgmh1lgcAns30Cbg=",
            "content_base64sha512": "uZ10vnGKs+G8oC4N0M+sa+tmxTb/saMg63zjRZgZ0AirVWps+PQO+2/mHVWwR0fd42GsnWn1Qmi+g1Yy9yr2Dw==",
            "content_md5": "c00a2c3f29c5304e484f4f8e701fcce4",
            "content_sha1": "e12204978a4a921aeafcd805b3b216d659273924",
            "content_sha256": "c3adb5ab4190797b5df8d3dc80e0c9dd0de3416e508268759607009ecdf409b8",
            "content_sha512": "b99d74be718ab3e1bca02e0dd0cfac6beb66c536ffb1a320eb7ce3459819d008ab556a6cf8f40efb6fe61d55b04747dde361ac9d69f54268be835632f72af60f",
            "directory_permission": "0777",
            "file_permission": "0777",
            "filename": "master-key.pem",
            "id": "e12204978a4a921aeafcd805b3b216d659273924",
            "sensitive_content": null,
            "source": null
          },
          "sensitive_attributes": [
            [
              {
                "type": "get_attr",
                "value": "content"
              }
            ]
          ],
          "dependencies": [
            "module.main-modules.module.keypairs-module.aws_key_pair.ssh-keys",
            "module.main-modules.module.keypairs-module.tls_private_key.ssh-pk"
          ]
        }
      ]
    },
    {
      "module": "module.main-modules.module.keypairs-module",
      "mode": "managed",
      "type": "tls_private_key",
      "name": "ssh-pk",
      "provider": "provider[\"registry.terraform.io/hashicorp/tls\"]",
      "instances": [
        {
          "index_key": 0,
          "schema_version": 1,
          "attributes": {
            "algorithm": "RSA",
            "ecdsa_curve": "P224",
            "id": "c82e9d9fa369bd4a9159e44023064524e1efaf00",
            "private_key_openssh": "-----BEGIN OPENSSH PRIVATE KEY-----\nb3BlbnNzaC1rZXktdjEAAAAABG5vbmUAAAAEbm9uZQAAAAAAAAABAAACFwAAAAdz\nc2gtcnNhAAAAAwEAAQAAAgEA3TRsGw/6IER/OJxH0fhxqo3hItGRET1xCO5V9sZj\nDyfgp+ecRFoh5nb8vEM/cLBYAEUeznvgVToB2xmQXVSuXI0+QiUffY+UPw3r0vDI\nfWxOYAvts1A+TdCKxeS4socK6guxX+mcKFdpN2StZ64aZUi8Tp80etLfcY6+RCcD\nu7/3d/fIV0S67DGhdgghbm7JCvg58KxV7fiK2XvXxD0a3YOJOLRQRCsaE04ZJI0h\npnQNasuih0CRmuERG3At8OKEleGy5tZzzR4uwNMj8EuSb+wW+IxM4LWYnh3Ut6hi\nhoFP3raezoyCvfCSHaC4Q5t0IuKYv4w/CwKHeFj3ABgekpb/Y51356YSqmGNCoZg\nvGbTlAOVNuek1+fOXC0H8A+4YLMg6i1ZXz8QCRlB9HM1VZ8HEoydS1ZyXUZOlyYo\ntOYXilI8L+x5otb2dIamT6K+6I30YbLHn5LRxXj7toeCOTg2ycGN2tlYuCpVbie5\nQGoAZ4gG3ZNdF8Vwu5KyMivc0w5Hnn3leOk3jcUZtSTKOLFXsuWKQz+tcv0ZqMNN\nody7oMqJtRGssPwOu/Ntk7mpJYZnw5ZGxZ7+4or1W7X9anCQFpxtbD/4szuca7xH\nyvVkBRQoTRXh6cA0i0f9W8JxnXVEF8T6Hl/R3QknVyrVa4+MvYCLPFdwoXji4AH3\nCgkAAAc4bhoGpW4aBqUAAAAHc3NoLXJzYQAAAgEA3TRsGw/6IER/OJxH0fhxqo3h\nItGRET1xCO5V9sZjDyfgp+ecRFoh5nb8vEM/cLBYAEUeznvgVToB2xmQXVSuXI0+\nQiUffY+UPw3r0vDIfWxOYAvts1A+TdCKxeS4socK6guxX+mcKFdpN2StZ64aZUi8\nTp80etLfcY6+RCcDu7/3d/fIV0S67DGhdgghbm7JCvg58KxV7fiK2XvXxD0a3YOJ\nOLRQRCsaE04ZJI0hpnQNasuih0CRmuERG3At8OKEleGy5tZzzR4uwNMj8EuSb+wW\n+IxM4LWYnh3Ut6hihoFP3raezoyCvfCSHaC4Q5t0IuKYv4w/CwKHeFj3ABgekpb/\nY51356YSqmGNCoZgvGbTlAOVNuek1+fOXC0H8A+4YLMg6i1ZXz8QCRlB9HM1VZ8H\nEoydS1ZyXUZOlyYotOYXilI8L+x5otb2dIamT6K+6I30YbLHn5LRxXj7toeCOTg2\nycGN2tlYuCpVbie5QGoAZ4gG3ZNdF8Vwu5KyMivc0w5Hnn3leOk3jcUZtSTKOLFX\nsuWKQz+tcv0ZqMNNody7oMqJtRGssPwOu/Ntk7mpJYZnw5ZGxZ7+4or1W7X9anCQ\nFpxtbD/4szuca7xHyvVkBRQoTRXh6cA0i0f9W8JxnXVEF8T6Hl/R3QknVyrVa4+M\nvYCLPFdwoXji4AH3CgkAAAADAQABAAACAGud8WpJH5tLN8nG3nocsNAVLo7N/hGx\nHqkFqvTgF5lsATQuzivC3fNNuC+vV9HvOSEIf7BdPAq6qeR6T23YoOuOG9f6T5O6\nopj6oNyDIEdExeycYQx34Zfh+WHFoMXaRUkQXz8WXE6UGDBG3sYuQdE8zcBCXDnV\nFbgdhhuKD5rsDe1jsygh2/7FNpRB6GHdrBmWIjog3b1kych9I7/pKoTSVZQsxVAk\n2A7EVB8gOlrM4yot3+iFVVFQZg4/SVqEGZUBtRPxCW2lXYGaN0XUvm2NIq/RMiWw\ns4tZX//p/+UITF9B4YkDeygFPlEDvCHII3xFWaL3DETC+j1mquR014n6HwfMnex0\njIx1EGkJaIWqhhGlyXycF87TgUD3ZnFSAwSit+MjdIdK+BUPFhaWXcNKeDWM/tUc\ngcFgtuMesuZeBZyKBSD+QOtvwcAoehrec7fGqFtQEPu3CMPnc8+ltW/lNdnV7VJ8\n8y7KZzN8MJXliOp2cK/bPEYMie7OP0DHWnlf/DAG+jaf/xcewiybdMv9GS1JM0MU\n1ig4lj6HsR2yVzggpDOkoExD+z3v54JwkTZPc+FVREGNw1LfxiiFm1T1tiPx8abw\nfAy/PxIp/GIatbi3E61cGRbBsYaUZmUnUtLMVNtEsffmV5gAqQbwlH7H8bFf2YiD\nJTd30LkH4IExAAABAEGzPl0Bh37hTyPz4dquwzsB3R8FwysRVdEuNp7cBUB/NeF1\nV6aUCzQ7HU+ukuisfg2/hTmnyGDyvYliMj95StSwwlD314PhnPe3NrRh9YDw+rsD\nXge5LLi97SJ8f+OD1O9xYB5sYVV1C3dUfVQuEzHqRYtdVxtG8Py+joZWRAY3wZYq\nw8PHBA+UVfpQpqZ2TP/bZ0JiuYE+xdh026+4GdGjqleQTBvXImMP3Itg/b6NF6Qg\n6GfC52pAza1FvMocU0dgScHV5+AFyotmGH64IN2EIMiuA58xBvysbhhjtxAu2KrH\n9SccIVWowh8QBXun2j/RCFMVK4CaFV24hPlbXvIAAAEBAPT+7hFzljJ/fsZFqC2G\nJ96RxSfibp8meqTnWaHDwYdY3SM3SDyB2yOP8pZZmFWge4fQY6iZ3AKZlx825eXi\n2usBjaIeI3wJB9++REjtSAHHcW+DvqfDa0XyiIYhk1uFugLQyyoVO4mrajTgLoUE\nr28/ZTLrP46kNSp4YH2xfgxPXv+CNLEjbEBGfyzXac8KFhQybDi/Gf+5f2tJKweY\nscNWzIAk+UGp8AHwK6ZNCfruY2UMtRaX218USK1zqptFIaq3SYCLhlAmF7jyZpwp\n85B86ulVTmghHqquSG9Y+KVnPbn1IxGe8gtBQz717XgX3G7+ZccVRUpVmURIf1RE\nGysAAAEBAOcj7rFi9Od5mPttrqQfSN+l4aW/7kvcy5Y2NItFZXryGqfud53bDxRH\nd2nMqXr5I2Dkh3liQfwEeCd5zzP0v7v6L5A2Xl+IAS/Uye6yvX/l6W8t+r/ky9NO\nuQM718ARAaTsuwVAer6X+zbUv2ZLNSx6zXlXj2f1/g7xU9q6HpmygoW//EofXe3J\nFEO32HEBj5HUziey4Pyw8rZoR8tRdlFt/qc9Sto5aKeViiRLps9N7L5Su2+9okK0\nGCd+mzPus3SJCvbnUZsjybMQpxy5UPZLkSb3kmqDhjx6uqg8H/G3NR62Ji33eqCv\nUTydlY5r3CvCxzhkx6RT9Beh6xA4RZsAAAAAAQID\n-----END OPENSSH PRIVATE KEY-----\n",
            "private_key_pem": "-----BEGIN RSA PRIVATE KEY-----\nMIIJJwIBAAKCAgEA3TRsGw/6IER/OJxH0fhxqo3hItGRET1xCO5V9sZjDyfgp+ec\nRFoh5nb8vEM/cLBYAEUeznvgVToB2xmQXVSuXI0+QiUffY+UPw3r0vDIfWxOYAvt\ns1A+TdCKxeS4socK6guxX+mcKFdpN2StZ64aZUi8Tp80etLfcY6+RCcDu7/3d/fI\nV0S67DGhdgghbm7JCvg58KxV7fiK2XvXxD0a3YOJOLRQRCsaE04ZJI0hpnQNasui\nh0CRmuERG3At8OKEleGy5tZzzR4uwNMj8EuSb+wW+IxM4LWYnh3Ut6hihoFP3rae\nzoyCvfCSHaC4Q5t0IuKYv4w/CwKHeFj3ABgekpb/Y51356YSqmGNCoZgvGbTlAOV\nNuek1+fOXC0H8A+4YLMg6i1ZXz8QCRlB9HM1VZ8HEoydS1ZyXUZOlyYotOYXilI8\nL+x5otb2dIamT6K+6I30YbLHn5LRxXj7toeCOTg2ycGN2tlYuCpVbie5QGoAZ4gG\n3ZNdF8Vwu5KyMivc0w5Hnn3leOk3jcUZtSTKOLFXsuWKQz+tcv0ZqMNNody7oMqJ\ntRGssPwOu/Ntk7mpJYZnw5ZGxZ7+4or1W7X9anCQFpxtbD/4szuca7xHyvVkBRQo\nTRXh6cA0i0f9W8JxnXVEF8T6Hl/R3QknVyrVa4+MvYCLPFdwoXji4AH3CgkCAwEA\nAQKCAgBrnfFqSR+bSzfJxt56HLDQFS6Ozf4RsR6pBar04BeZbAE0Ls4rwt3zTbgv\nr1fR7zkhCH+wXTwKuqnkek9t2KDrjhvX+k+TuqKY+qDcgyBHRMXsnGEMd+GX4flh\nxaDF2kVJEF8/FlxOlBgwRt7GLkHRPM3AQlw51RW4HYYbig+a7A3tY7MoIdv+xTaU\nQehh3awZliI6IN29ZMnIfSO/6SqE0lWULMVQJNgOxFQfIDpazOMqLd/ohVVRUGYO\nP0lahBmVAbUT8QltpV2BmjdF1L5tjSKv0TIlsLOLWV//6f/lCExfQeGJA3soBT5R\nA7whyCN8RVmi9wxEwvo9ZqrkdNeJ+h8HzJ3sdIyMdRBpCWiFqoYRpcl8nBfO04FA\n92ZxUgMEorfjI3SHSvgVDxYWll3DSng1jP7VHIHBYLbjHrLmXgWcigUg/kDrb8HA\nKHoa3nO3xqhbUBD7twjD53PPpbVv5TXZ1e1SfPMuymczfDCV5YjqdnCv2zxGDInu\nzj9Ax1p5X/wwBvo2n/8XHsIsm3TL/RktSTNDFNYoOJY+h7Edslc4IKQzpKBMQ/s9\n7+eCcJE2T3PhVURBjcNS38YohZtU9bYj8fGm8HwMvz8SKfxiGrW4txOtXBkWwbGG\nlGZlJ1LSzFTbRLH35leYAKkG8JR+x/GxX9mIgyU3d9C5B+CBMQKCAQEA9P7uEXOW\nMn9+xkWoLYYn3pHFJ+JunyZ6pOdZocPBh1jdIzdIPIHbI4/yllmYVaB7h9BjqJnc\nApmXHzbl5eLa6wGNoh4jfAkH375ESO1IAcdxb4O+p8NrRfKIhiGTW4W6AtDLKhU7\niatqNOAuhQSvbz9lMus/jqQ1KnhgfbF+DE9e/4I0sSNsQEZ/LNdpzwoWFDJsOL8Z\n/7l/a0krB5ixw1bMgCT5QanwAfArpk0J+u5jZQy1FpfbXxRIrXOqm0UhqrdJgIuG\nUCYXuPJmnCnzkHzq6VVOaCEeqq5Ib1j4pWc9ufUjEZ7yC0FDPvXteBfcbv5lxxVF\nSlWZREh/VEQbKwKCAQEA5yPusWL053mY+22upB9I36Xhpb/uS9zLljY0i0VlevIa\np+53ndsPFEd3acypevkjYOSHeWJB/AR4J3nPM/S/u/ovkDZeX4gBL9TJ7rK9f+Xp\nby36v+TL0065AzvXwBEBpOy7BUB6vpf7NtS/Zks1LHrNeVePZ/X+DvFT2roembKC\nhb/8Sh9d7ckUQ7fYcQGPkdTOJ7Lg/LDytmhHy1F2UW3+pz1K2jlop5WKJEumz03s\nvlK7b72iQrQYJ36bM+6zdIkK9udRmyPJsxCnHLlQ9kuRJveSaoOGPHq6qDwf8bc1\nHrYmLfd6oK9RPJ2VjmvcK8LHOGTHpFP0F6HrEDhFmwKCAQA0bAP2ufvObFdtB2SX\n8RfA2QINqbav2STu+g3EvkU/t7UBnweW4tZIAroOj7c3wzILenyIi/t2lvSuGioR\nCXx8QoXSxY4kMS59IpIr5JG+x7Uu/kqiTP88JUwvHyoPsEp/5btDEu39ZC9ChyGN\nFtaPAEqgHZQo6lvx7XYADyWAbs9N7sdli8XS7wKxTpp2UZst0Sg08DcY79Ei3LIX\nWwXWXVE+riqjcUBIueItIFjdV3rvGUv6PJ4U9xsh+hjsRluQ0s0oczJXHf9/dGae\nTZ+vL/t31+gCAew06zvWj3wMsE2V560MTS1PWTSRWT/prXleSpLuiU+dOzmjUbvl\nBPmnAoIBAE1tyg3+OlA4ebjwOyqbmEvjQ73El80t/70oF134N1CCPc+3oLZupZSD\nhEsa1kNtph5VL9THx5bm4GFI+tJK0NflrX0/2UljRBKD08l0cuqfWB14Z6FUwbrd\niji9GT8r80MOUnAl83hZbTwm9J8N3pgx4xcc79tBmoPi79Y7tviBxhuL/rXN4CdB\nztoIgicJANE3WoAN+jRsCkJ0mGhRt7L7h+z6KVMFHDvXallSRmT3k7EGAegivHJf\n5h+E1/UDp3YIWnXvc3Tm/jBQCcsjgS2gjtVg5dlsidFEw7aLvZ+5YcASAKQxXRDq\n6enGWE1HcI/wRdBsYjx4KzKneRkL4LUCggEAQbM+XQGHfuFPI/Ph2q7DOwHdHwXD\nKxFV0S42ntwFQH814XVXppQLNDsdT66S6Kx+Db+FOafIYPK9iWIyP3lK1LDCUPfX\ng+Gc97c2tGH1gPD6uwNeB7ksuL3tInx/44PU73FgHmxhVXULd1R9VC4TMepFi11X\nG0bw/L6OhlZEBjfBlirDw8cED5RV+lCmpnZM/9tnQmK5gT7F2HTbr7gZ0aOqV5BM\nG9ciYw/ci2D9vo0XpCDoZ8LnakDNrUW8yhxTR2BJwdXn4AXKi2YYfrgg3YQgyK4D\nnzEG/KxuGGO3EC7Yqsf1JxwhVajCHxAFe6faP9EIUxUrgJoVXbiE+Vte8g==\n-----END RSA PRIVATE KEY-----\n",
            "private_key_pem_pkcs8": "-----BEGIN PRIVATE KEY-----\nMIIJQQIBADANBgkqhkiG9w0BAQEFAASCCSswggknAgEAAoICAQDdNGwbD/ogRH84\nnEfR+HGqjeEi0ZERPXEI7lX2xmMPJ+Cn55xEWiHmdvy8Qz9wsFgARR7Oe+BVOgHb\nGZBdVK5cjT5CJR99j5Q/DevS8Mh9bE5gC+2zUD5N0IrF5LiyhwrqC7Ff6ZwoV2k3\nZK1nrhplSLxOnzR60t9xjr5EJwO7v/d398hXRLrsMaF2CCFubskK+DnwrFXt+IrZ\ne9fEPRrdg4k4tFBEKxoTThkkjSGmdA1qy6KHQJGa4REbcC3w4oSV4bLm1nPNHi7A\n0yPwS5Jv7Bb4jEzgtZieHdS3qGKGgU/etp7OjIK98JIdoLhDm3Qi4pi/jD8LAod4\nWPcAGB6Slv9jnXfnphKqYY0KhmC8ZtOUA5U256TX585cLQfwD7hgsyDqLVlfPxAJ\nGUH0czVVnwcSjJ1LVnJdRk6XJii05heKUjwv7Hmi1vZ0hqZPor7ojfRhssefktHF\nePu2h4I5ODbJwY3a2Vi4KlVuJ7lAagBniAbdk10XxXC7krIyK9zTDkeefeV46TeN\nxRm1JMo4sVey5YpDP61y/Rmow02h3Lugyom1Eayw/A67822TuaklhmfDlkbFnv7i\nivVbtf1qcJAWnG1sP/izO5xrvEfK9WQFFChNFeHpwDSLR/1bwnGddUQXxPoeX9Hd\nCSdXKtVrj4y9gIs8V3CheOLgAfcKCQIDAQABAoICAGud8WpJH5tLN8nG3nocsNAV\nLo7N/hGxHqkFqvTgF5lsATQuzivC3fNNuC+vV9HvOSEIf7BdPAq6qeR6T23YoOuO\nG9f6T5O6opj6oNyDIEdExeycYQx34Zfh+WHFoMXaRUkQXz8WXE6UGDBG3sYuQdE8\nzcBCXDnVFbgdhhuKD5rsDe1jsygh2/7FNpRB6GHdrBmWIjog3b1kych9I7/pKoTS\nVZQsxVAk2A7EVB8gOlrM4yot3+iFVVFQZg4/SVqEGZUBtRPxCW2lXYGaN0XUvm2N\nIq/RMiWws4tZX//p/+UITF9B4YkDeygFPlEDvCHII3xFWaL3DETC+j1mquR014n6\nHwfMnex0jIx1EGkJaIWqhhGlyXycF87TgUD3ZnFSAwSit+MjdIdK+BUPFhaWXcNK\neDWM/tUcgcFgtuMesuZeBZyKBSD+QOtvwcAoehrec7fGqFtQEPu3CMPnc8+ltW/l\nNdnV7VJ88y7KZzN8MJXliOp2cK/bPEYMie7OP0DHWnlf/DAG+jaf/xcewiybdMv9\nGS1JM0MU1ig4lj6HsR2yVzggpDOkoExD+z3v54JwkTZPc+FVREGNw1LfxiiFm1T1\ntiPx8abwfAy/PxIp/GIatbi3E61cGRbBsYaUZmUnUtLMVNtEsffmV5gAqQbwlH7H\n8bFf2YiDJTd30LkH4IExAoIBAQD0/u4Rc5Yyf37GRagthifekcUn4m6fJnqk51mh\nw8GHWN0jN0g8gdsjj/KWWZhVoHuH0GOomdwCmZcfNuXl4trrAY2iHiN8CQffvkRI\n7UgBx3Fvg76nw2tF8oiGIZNbhboC0MsqFTuJq2o04C6FBK9vP2Uy6z+OpDUqeGB9\nsX4MT17/gjSxI2xARn8s12nPChYUMmw4vxn/uX9rSSsHmLHDVsyAJPlBqfAB8Cum\nTQn67mNlDLUWl9tfFEitc6qbRSGqt0mAi4ZQJhe48macKfOQfOrpVU5oIR6qrkhv\nWPilZz259SMRnvILQUM+9e14F9xu/mXHFUVKVZlESH9URBsrAoIBAQDnI+6xYvTn\neZj7ba6kH0jfpeGlv+5L3MuWNjSLRWV68hqn7ned2w8UR3dpzKl6+SNg5Id5YkH8\nBHgnec8z9L+7+i+QNl5fiAEv1Mnusr1/5elvLfq/5MvTTrkDO9fAEQGk7LsFQHq+\nl/s21L9mSzUses15V49n9f4O8VPauh6ZsoKFv/xKH13tyRRDt9hxAY+R1M4nsuD8\nsPK2aEfLUXZRbf6nPUraOWinlYokS6bPTey+UrtvvaJCtBgnfpsz7rN0iQr251Gb\nI8mzEKccuVD2S5Em95Jqg4Y8erqoPB/xtzUetiYt93qgr1E8nZWOa9wrwsc4ZMek\nU/QXoesQOEWbAoIBADRsA/a5+85sV20HZJfxF8DZAg2ptq/ZJO76DcS+RT+3tQGf\nB5bi1kgCug6PtzfDMgt6fIiL+3aW9K4aKhEJfHxChdLFjiQxLn0ikivkkb7HtS7+\nSqJM/zwlTC8fKg+wSn/lu0MS7f1kL0KHIY0W1o8ASqAdlCjqW/HtdgAPJYBuz03u\nx2WLxdLvArFOmnZRmy3RKDTwNxjv0SLcshdbBdZdUT6uKqNxQEi54i0gWN1Xeu8Z\nS/o8nhT3GyH6GOxGW5DSzShzMlcd/390Zp5Nn68v+3fX6AIB7DTrO9aPfAywTZXn\nrQxNLU9ZNJFZP+mteV5Kku6JT507OaNRu+UE+acCggEATW3KDf46UDh5uPA7KpuY\nS+NDvcSXzS3/vSgXXfg3UII9z7egtm6llIOESxrWQ22mHlUv1MfHlubgYUj60krQ\n1+WtfT/ZSWNEEoPTyXRy6p9YHXhnoVTBut2KOL0ZPyvzQw5ScCXzeFltPCb0nw3e\nmDHjFxzv20Gag+Lv1ju2+IHGG4v+tc3gJ0HO2giCJwkA0TdagA36NGwKQnSYaFG3\nsvuH7PopUwUcO9dqWVJGZPeTsQYB6CK8cl/mH4TX9QOndghade9zdOb+MFAJyyOB\nLaCO1WDl2WyJ0UTDtou9n7lhwBIApDFdEOrp6cZYTUdwj/BF0GxiPHgrMqd5GQvg\ntQKCAQBBsz5dAYd+4U8j8+HarsM7Ad0fBcMrEVXRLjae3AVAfzXhdVemlAs0Ox1P\nrpLorH4Nv4U5p8hg8r2JYjI/eUrUsMJQ99eD4Zz3tza0YfWA8Pq7A14HuSy4ve0i\nfH/jg9TvcWAebGFVdQt3VH1ULhMx6kWLXVcbRvD8vo6GVkQGN8GWKsPDxwQPlFX6\nUKamdkz/22dCYrmBPsXYdNuvuBnRo6pXkEwb1yJjD9yLYP2+jRekIOhnwudqQM2t\nRbzKHFNHYEnB1efgBcqLZhh+uCDdhCDIrgOfMQb8rG4YY7cQLtiqx/UnHCFVqMIf\nEAV7p9o/0QhTFSuAmhVduIT5W17y\n-----END PRIVATE KEY-----\n",
            "public_key_fingerprint_md5": "9c:56:53:8c:a3:b4:e5:d5:0f:c4:8f:2f:fb:e5:62:7c",
            "public_key_fingerprint_sha256": "SHA256:7Vxncy4HMVl6mlE4iTSuTcwUisELrIA8cy9ixl5gE04",
            "public_key_openssh": "ssh-rsa AAAAB3NzaC1yc2EAAAADAQABAAACAQDdNGwbD/ogRH84nEfR+HGqjeEi0ZERPXEI7lX2xmMPJ+Cn55xEWiHmdvy8Qz9wsFgARR7Oe+BVOgHbGZBdVK5cjT5CJR99j5Q/DevS8Mh9bE5gC+2zUD5N0IrF5LiyhwrqC7Ff6ZwoV2k3ZK1nrhplSLxOnzR60t9xjr5EJwO7v/d398hXRLrsMaF2CCFubskK+DnwrFXt+IrZe9fEPRrdg4k4tFBEKxoTThkkjSGmdA1qy6KHQJGa4REbcC3w4oSV4bLm1nPNHi7A0yPwS5Jv7Bb4jEzgtZieHdS3qGKGgU/etp7OjIK98JIdoLhDm3Qi4pi/jD8LAod4WPcAGB6Slv9jnXfnphKqYY0KhmC8ZtOUA5U256TX585cLQfwD7hgsyDqLVlfPxAJGUH0czVVnwcSjJ1LVnJdRk6XJii05heKUjwv7Hmi1vZ0hqZPor7ojfRhssefktHFePu2h4I5ODbJwY3a2Vi4KlVuJ7lAagBniAbdk10XxXC7krIyK9zTDkeefeV46TeNxRm1JMo4sVey5YpDP61y/Rmow02h3Lugyom1Eayw/A67822TuaklhmfDlkbFnv7iivVbtf1qcJAWnG1sP/izO5xrvEfK9WQFFChNFeHpwDSLR/1bwnGddUQXxPoeX9HdCSdXKtVrj4y9gIs8V3CheOLgAfcKCQ==\n",
            "public_key_pem": "-----BEGIN PUBLIC KEY-----\nMIICIjANBgkqhkiG9w0BAQEFAAOCAg8AMIICCgKCAgEA3TRsGw/6IER/OJxH0fhx\nqo3hItGRET1xCO5V9sZjDyfgp+ecRFoh5nb8vEM/cLBYAEUeznvgVToB2xmQXVSu\nXI0+QiUffY+UPw3r0vDIfWxOYAvts1A+TdCKxeS4socK6guxX+mcKFdpN2StZ64a\nZUi8Tp80etLfcY6+RCcDu7/3d/fIV0S67DGhdgghbm7JCvg58KxV7fiK2XvXxD0a\n3YOJOLRQRCsaE04ZJI0hpnQNasuih0CRmuERG3At8OKEleGy5tZzzR4uwNMj8EuS\nb+wW+IxM4LWYnh3Ut6hihoFP3raezoyCvfCSHaC4Q5t0IuKYv4w/CwKHeFj3ABge\nkpb/Y51356YSqmGNCoZgvGbTlAOVNuek1+fOXC0H8A+4YLMg6i1ZXz8QCRlB9HM1\nVZ8HEoydS1ZyXUZOlyYotOYXilI8L+x5otb2dIamT6K+6I30YbLHn5LRxXj7toeC\nOTg2ycGN2tlYuCpVbie5QGoAZ4gG3ZNdF8Vwu5KyMivc0w5Hnn3leOk3jcUZtSTK\nOLFXsuWKQz+tcv0ZqMNNody7oMqJtRGssPwOu/Ntk7mpJYZnw5ZGxZ7+4or1W7X9\nanCQFpxtbD/4szuca7xHyvVkBRQoTRXh6cA0i0f9W8JxnXVEF8T6Hl/R3QknVyrV\na4+MvYCLPFdwoXji4AH3CgkCAwEAAQ==\n-----END PUBLIC KEY-----\n",
            "rsa_bits": 4096
          },
          "sensitive_attributes": []
        }
      ]
    },
    {
      "module": "module.main-modules.module.network-module",
      "mode": "managed",
      "type": "aws_default_route_table",
      "name": "myapp-main-rtb",
      "provider": "provider[\"registry.terraform.io/hashicorp/aws\"]",
      "instances": [
        {
          "schema_version": 0,
          "attributes": {
            "arn": "arn:aws:ec2:us-east-1:175437784856:route-table/rtb-04ff060288e41e224",
            "default_route_table_id": "rtb-04ff060288e41e224",
            "id": "rtb-04ff060288e41e224",
            "owner_id": "175437784856",
            "propagating_vgws": [],
            "route": [
              {
                "cidr_block": "0.0.0.0/0",
                "core_network_arn": "",
                "destination_prefix_list_id": "",
                "egress_only_gateway_id": "",
                "gateway_id": "igw-0edbb71aca84f524a",
                "instance_id": "",
                "ipv6_cidr_block": "",
                "nat_gateway_id": "",
                "network_interface_id": "",
                "transit_gateway_id": "",
                "vpc_endpoint_id": "",
                "vpc_peering_connection_id": ""
              }
            ],
            "tags": {
              "Name": "prod-rtb"
            },
            "tags_all": {
              "Name": "prod-rtb"
            },
            "timeouts": null,
            "vpc_id": "vpc-003d8848fc4743a2f"
          },
          "sensitive_attributes": [],
          "private": "eyJlMmJmYjczMC1lY2FhLTExZTYtOGY4OC0zNDM2M2JjN2M0YzAiOnsiY3JlYXRlIjoxMjAwMDAwMDAwMDAsInVwZGF0ZSI6MTIwMDAwMDAwMDAwfX0=",
          "dependencies": [
            "module.main-modules.module.network-module.aws_internet_gateway.myapp-igw",
            "module.main-modules.module.network-module.aws_vpc.myapp-vpc"
          ]
        }
      ]
    },
    {
      "module": "module.main-modules.module.network-module",
      "mode": "managed",
      "type": "aws_internet_gateway",
      "name": "myapp-igw",
      "provider": "provider[\"registry.terraform.io/hashicorp/aws\"]",
      "instances": [
        {
          "schema_version": 0,
          "attributes": {
            "arn": "arn:aws:ec2:us-east-1:175437784856:internet-gateway/igw-0edbb71aca84f524a",
            "id": "igw-0edbb71aca84f524a",
            "owner_id": "175437784856",
            "tags": {
              "Name": "prod-igw"
            },
            "tags_all": {
              "Name": "prod-igw"
            },
            "timeouts": null,
            "vpc_id": "vpc-003d8848fc4743a2f"
          },
          "sensitive_attributes": [],
          "private": "eyJlMmJmYjczMC1lY2FhLTExZTYtOGY4OC0zNDM2M2JjN2M0YzAiOnsiY3JlYXRlIjoxMjAwMDAwMDAwMDAwLCJkZWxldGUiOjEyMDAwMDAwMDAwMDAsInVwZGF0ZSI6MTIwMDAwMDAwMDAwMH19",
          "dependencies": [
            "module.main-modules.module.network-module.aws_vpc.myapp-vpc"
          ]
        }
      ]
    },
    {
      "module": "module.main-modules.module.network-module",
      "mode": "managed",
      "type": "aws_route_table_association",
      "name": "myapp-rtb-az-subnets",
      "provider": "provider[\"registry.terraform.io/hashicorp/aws\"]",
      "instances": [
        {
          "index_key": 0,
          "schema_version": 0,
          "attributes": {
            "gateway_id": "",
            "id": "rtbassoc-0759320bf5baeb726",
            "route_table_id": "rtb-04ff060288e41e224",
            "subnet_id": "subnet-0e81e662cb030e16a",
            "timeouts": null
          },
          "sensitive_attributes": [],
          "private": "eyJlMmJmYjczMC1lY2FhLTExZTYtOGY4OC0zNDM2M2JjN2M0YzAiOnsiY3JlYXRlIjozMDAwMDAwMDAwMDAsImRlbGV0ZSI6MzAwMDAwMDAwMDAwLCJ1cGRhdGUiOjEyMDAwMDAwMDAwMH19",
          "dependencies": [
            "module.main-modules.module.network-module.aws_subnet.az-subnets",
            "module.main-modules.module.network-module.aws_vpc.myapp-vpc"
          ]
        },
        {
          "index_key": 1,
          "schema_version": 0,
          "attributes": {
            "gateway_id": "",
            "id": "rtbassoc-0ee40bf24eedc1dc8",
            "route_table_id": "rtb-04ff060288e41e224",
            "subnet_id": "subnet-0400a1f8e436939e1",
            "timeouts": null
          },
          "sensitive_attributes": [],
          "private": "eyJlMmJmYjczMC1lY2FhLTExZTYtOGY4OC0zNDM2M2JjN2M0YzAiOnsiY3JlYXRlIjozMDAwMDAwMDAwMDAsImRlbGV0ZSI6MzAwMDAwMDAwMDAwLCJ1cGRhdGUiOjEyMDAwMDAwMDAwMH19",
          "dependencies": [
            "module.main-modules.module.network-module.aws_subnet.az-subnets",
            "module.main-modules.module.network-module.aws_vpc.myapp-vpc"
          ]
        }
      ]
    },
    {
      "module": "module.main-modules.module.network-module",
      "mode": "managed",
      "type": "aws_subnet",
      "name": "az-subnets",
      "provider": "provider[\"registry.terraform.io/hashicorp/aws\"]",
      "instances": [
        {
          "index_key": 0,
          "schema_version": 1,
          "attributes": {
            "arn": "arn:aws:ec2:us-east-1:175437784856:subnet/subnet-0e81e662cb030e16a",
            "assign_ipv6_address_on_creation": false,
            "availability_zone": "us-east-1a",
            "availability_zone_id": "use1-az4",
            "cidr_block": "10.0.0.0/24",
            "customer_owned_ipv4_pool": "",
            "enable_dns64": false,
            "enable_lni_at_device_index": 0,
            "enable_resource_name_dns_a_record_on_launch": false,
            "enable_resource_name_dns_aaaa_record_on_launch": false,
            "id": "subnet-0e81e662cb030e16a",
            "ipv6_cidr_block": "",
            "ipv6_cidr_block_association_id": "",
            "ipv6_native": false,
            "map_customer_owned_ip_on_launch": false,
            "map_public_ip_on_launch": true,
            "outpost_arn": "",
            "owner_id": "175437784856",
            "private_dns_hostname_type_on_launch": "ip-name",
            "tags": {
              "Name": "prod-subnet-0"
            },
            "tags_all": {
              "Name": "prod-subnet-0"
            },
            "timeouts": null,
            "vpc_id": "vpc-003d8848fc4743a2f"
          },
          "sensitive_attributes": [],
          "private": "eyJlMmJmYjczMC1lY2FhLTExZTYtOGY4OC0zNDM2M2JjN2M0YzAiOnsiY3JlYXRlIjo2MDAwMDAwMDAwMDAsImRlbGV0ZSI6MTIwMDAwMDAwMDAwMH0sInNjaGVtYV92ZXJzaW9uIjoiMSJ9",
          "dependencies": [
            "module.main-modules.module.network-module.aws_vpc.myapp-vpc"
          ]
        },
        {
          "index_key": 1,
          "schema_version": 1,
          "attributes": {
            "arn": "arn:aws:ec2:us-east-1:175437784856:subnet/subnet-0400a1f8e436939e1",
            "assign_ipv6_address_on_creation": false,
            "availability_zone": "us-east-1b",
            "availability_zone_id": "use1-az6",
            "cidr_block": "10.0.1.0/24",
            "customer_owned_ipv4_pool": "",
            "enable_dns64": false,
            "enable_lni_at_device_index": 0,
            "enable_resource_name_dns_a_record_on_launch": false,
            "enable_resource_name_dns_aaaa_record_on_launch": false,
            "id": "subnet-0400a1f8e436939e1",
            "ipv6_cidr_block": "",
            "ipv6_cidr_block_association_id": "",
            "ipv6_native": false,
            "map_customer_owned_ip_on_launch": false,
            "map_public_ip_on_launch": true,
            "outpost_arn": "",
            "owner_id": "175437784856",
            "private_dns_hostname_type_on_launch": "ip-name",
            "tags": {
              "Name": "prod-subnet-1"
            },
            "tags_all": {
              "Name": "prod-subnet-1"
            },
            "timeouts": null,
            "vpc_id": "vpc-003d8848fc4743a2f"
          },
          "sensitive_attributes": [],
          "private": "eyJlMmJmYjczMC1lY2FhLTExZTYtOGY4OC0zNDM2M2JjN2M0YzAiOnsiY3JlYXRlIjo2MDAwMDAwMDAwMDAsImRlbGV0ZSI6MTIwMDAwMDAwMDAwMH0sInNjaGVtYV92ZXJzaW9uIjoiMSJ9",
          "dependencies": [
            "module.main-modules.module.network-module.aws_vpc.myapp-vpc"
          ]
        }
      ]
    },
    {
      "module": "module.main-modules.module.network-module",
      "mode": "managed",
      "type": "aws_vpc",
      "name": "myapp-vpc",
      "provider": "provider[\"registry.terraform.io/hashicorp/aws\"]",
      "instances": [
        {
          "schema_version": 1,
          "attributes": {
            "arn": "arn:aws:ec2:us-east-1:175437784856:vpc/vpc-003d8848fc4743a2f",
            "assign_generated_ipv6_cidr_block": false,
            "cidr_block": "10.0.0.0/16",
            "default_network_acl_id": "acl-04753db484eb1d41a",
            "default_route_table_id": "rtb-04ff060288e41e224",
            "default_security_group_id": "sg-0c76ce07054978b23",
            "dhcp_options_id": "dopt-0ffe78e52047fa2ba",
            "enable_dns_hostnames": false,
            "enable_dns_support": true,
            "enable_network_address_usage_metrics": false,
            "id": "vpc-003d8848fc4743a2f",
            "instance_tenancy": "default",
            "ipv4_ipam_pool_id": null,
            "ipv4_netmask_length": null,
            "ipv6_association_id": "",
            "ipv6_cidr_block": "",
            "ipv6_cidr_block_network_border_group": "",
            "ipv6_ipam_pool_id": "",
            "ipv6_netmask_length": 0,
            "main_route_table_id": "rtb-04ff060288e41e224",
            "owner_id": "175437784856",
            "tags": {
              "Name": "prod-vpc"
            },
            "tags_all": {
              "Name": "prod-vpc"
            }
          },
          "sensitive_attributes": [],
          "private": "eyJzY2hlbWFfdmVyc2lvbiI6IjEifQ=="
        }
      ]
    }
  ],
  "check_results": null
}
