{
  "version": 4,
  "terraform_version": "1.5.7",
  "serial": 52,
  "lineage": "a42452b2-42ca-7965-a239-6243f06e6680",
  "outputs": {},
  "resources": [
    {
      "module": "module.main-modules.module.eks",
      "mode": "managed",
      "type": "aws_eks_cluster",
      "name": "eks",
      "provider": "provider[\"registry.terraform.io/hashicorp/aws\"]",
      "instances": [
        {
          "schema_version": 0,
          "attributes": {
            "arn": "arn:aws:eks:us-east-1:175437784856:cluster/demo-cluster",
            "certificate_authority": [
              {
                "data": "LS0tLS1CRUdJTiBDRVJUSUZJQ0FURS0tLS0tCk1JSURCVENDQWUyZ0F3SUJBZ0lJSzhPU1hlQ1ZueUl3RFFZSktvWklodmNOQVFFTEJRQXdGVEVUTUJFR0ExVUUKQXhNS2EzVmlaWEp1WlhSbGN6QWVGdzB5TXpFeE1USXlNVFUwTlRKYUZ3MHpNekV4TURreU1UVTVOVEphTUJVeApFekFSQmdOVkJBTVRDbXQxWW1WeWJtVjBaWE13Z2dFaU1BMEdDU3FHU0liM0RRRUJBUVVBQTRJQkR3QXdnZ0VLCkFvSUJBUUN5MEhpeHMyMERMa0g2VGlCdHRiU2N2UDZsV210cWk0Z1JDK1NwU2JDay9CaUpUM0k1elFHWml2MlYKWm9hSURtaExlK0NUbkdRVkk1bExWOGRSVG5Za05zK0REckhPT2FoQ0QvZy9sVkx5RmprUUhsRWYyYzdzV09ScQpiTGNOQ1BLOUUvNzNuV1NoWmduRXJlMVZra0MvdFBabDRrUkVsNUtFSEwvZk11aFlIdjJMQ0VxZ0ZzV3E4b2tPClFxZEpnUkgySUpRR2tPMXMyaVRXTTFNdGsxT29NVnlJZDhacko3anlDTEE4WWhjYUUrWGtRYVo5MGpxRW4wUnMKcDI3dkpQazIwNDBtRzRTZU1kRGpaYndCc0JKZW5nN0ZMSW1aRVIyRzdjNGlUSFZXVUVvSkpoUVJVUUhOT3lMLwp5YkIxNTU2T1pGTUdNUDdTc1VyNjlTOHVqVFh4QWdNQkFBR2pXVEJYTUE0R0ExVWREd0VCL3dRRUF3SUNwREFQCkJnTlZIUk1CQWY4RUJUQURBUUgvTUIwR0ExVWREZ1FXQkJRUFRMK0ZuV01wNm9yTVR2UjZVUHR4MUU5ZWtEQVYKQmdOVkhSRUVEakFNZ2dwcmRXSmxjbTVsZEdWek1BMEdDU3FHU0liM0RRRUJDd1VBQTRJQkFRQlNjK1pONXp5Vgo1bEpCeGlCTEs2VjV2alNPVmJjekpGeGVKd3VuVmZhR2VoQlZST0ptSkViWC9DdzIzMktzYWg5eU13UmZOMU5KCnQ5WUYyQm8vK2hMbjMvcEJnUVNWZEEvaVMxSFl0WndZRzVmZXB1SFlDejZ0bXR2a3ArZlFjTTN3a2ZXSU9ibWgKU2RmbTN4L1NoOFl0TzAzQWlsTHVWNnVySDMraE1oTlZDKzZEeFo5MHBObHl6Q2ZWWUcvNTJFdEg0bTNpS2NLVgpWclhUWUpybWxWUUV2dWpmUVlLYXg4aG0yaW8vTlJOaSs2R1k3VkVkMmZzdlc2ckV5RU04QnlvdXVoUElQeUdTCnFSZVdPWlFnQzJLZGxJVDkzbzBlemd1ZnUvUmQvT0ltL0w4WGV1cVZjOEFGbFJzN3VzQloyM0J2MnNWUW5mNGgKODNVUUc4RTJ0RVNOCi0tLS0tRU5EIENFUlRJRklDQVRFLS0tLS0K"
              }
            ],
            "cluster_id": null,
            "created_at": "2023-11-12 21:55:11.669 +0000 UTC",
            "enabled_cluster_log_types": [],
            "encryption_config": [],
            "endpoint": "https://AD951C202BD7289AF17294FF84E19A47.gr7.us-east-1.eks.amazonaws.com",
            "id": "demo-cluster",
            "identity": [
              {
                "oidc": [
                  {
                    "issuer": "https://oidc.eks.us-east-1.amazonaws.com/id/AD951C202BD7289AF17294FF84E19A47"
                  }
                ]
              }
            ],
            "kubernetes_network_config": [
              {
                "ip_family": "ipv4",
                "service_ipv4_cidr": "172.20.0.0/16",
                "service_ipv6_cidr": ""
              }
            ],
            "name": "demo-cluster",
            "outpost_config": [],
            "platform_version": "eks.4",
            "role_arn": "arn:aws:iam::175437784856:role/ed-eks-master",
            "status": "ACTIVE",
            "tags": {},
            "tags_all": {},
            "timeouts": null,
            "version": "1.28",
            "vpc_config": [
              {
                "cluster_security_group_id": "sg-0f35f950161727640",
                "endpoint_private_access": false,
                "endpoint_public_access": true,
                "public_access_cidrs": [
                  "0.0.0.0/0"
                ],
                "security_group_ids": [],
                "subnet_ids": [
                  "subnet-0400a1f8e436939e1",
                  "subnet-0e81e662cb030e16a"
                ],
                "vpc_id": "vpc-003d8848fc4743a2f"
              }
            ]
          },
          "sensitive_attributes": [],
          "private": "eyJlMmJmYjczMC1lY2FhLTExZTYtOGY4OC0zNDM2M2JjN2M0YzAiOnsiY3JlYXRlIjoxODAwMDAwMDAwMDAwLCJkZWxldGUiOjkwMDAwMDAwMDAwMCwidXBkYXRlIjozNjAwMDAwMDAwMDAwfX0=",
          "dependencies": [
            "module.main-modules.module.iam-module.aws_iam_role.master",
            "module.main-modules.module.iam-module.aws_iam_role_policy_attachment.AmazonEKSClusterPolicy",
            "module.main-modules.module.iam-module.aws_iam_role_policy_attachment.AmazonEKSServicePolicy",
            "module.main-modules.module.iam-module.aws_iam_role_policy_attachment.AmazonEKSVPCResourceController",
            "module.main-modules.module.network-module.aws_subnet.az-subnets",
            "module.main-modules.module.network-module.aws_vpc.myapp-vpc"
          ]
        }
      ]
    },
    {
      "module": "module.main-modules.module.eks",
      "mode": "managed",
      "type": "aws_eks_node_group",
      "name": "backend",
      "provider": "provider[\"registry.terraform.io/hashicorp/aws\"]",
      "instances": [
        {
          "schema_version": 0,
          "attributes": {
            "ami_type": "AL2_x86_64",
            "arn": "arn:aws:eks:us-east-1:175437784856:nodegroup/demo-cluster/dev/02c5e2c9-96dc-79f7-712c-317b3038ae51",
            "capacity_type": "ON_DEMAND",
            "cluster_name": "demo-cluster",
            "disk_size": 20,
            "force_update_version": null,
            "id": "demo-cluster:dev",
            "instance_types": [
              "t2.small"
            ],
            "labels": {
              "env": "dev"
            },
            "launch_template": [],
            "node_group_name": "dev",
            "node_group_name_prefix": "",
            "node_role_arn": "arn:aws:iam::175437784856:role/ed-eks-master",
            "release_version": "1.28.3-20231106",
            "remote_access": [
              {
                "ec2_ssh_key": "master-key",
                "source_security_group_ids": [
                  "sg-0abea1a33ba5dd01e"
                ]
              }
            ],
            "resources": [
              {
                "autoscaling_groups": [
                  {
                    "name": "eks-dev-02c5e2c9-96dc-79f7-712c-317b3038ae51"
                  }
                ],
                "remote_access_security_group_id": "sg-0f81bd785b8b04206"
              }
            ],
            "scaling_config": [
              {
                "desired_size": 2,
                "max_size": 3,
                "min_size": 1
              }
            ],
            "status": "ACTIVE",
            "subnet_ids": [
              "subnet-0400a1f8e436939e1",
              "subnet-0e81e662cb030e16a"
            ],
            "tags": {},
            "tags_all": {},
            "taint": [],
            "timeouts": null,
            "update_config": [
              {
                "max_unavailable": 1,
                "max_unavailable_percentage": 0
              }
            ],
            "version": "1.28"
          },
          "sensitive_attributes": [],
          "private": "eyJlMmJmYjczMC1lY2FhLTExZTYtOGY4OC0zNDM2M2JjN2M0YzAiOnsiY3JlYXRlIjozNjAwMDAwMDAwMDAwLCJkZWxldGUiOjM2MDAwMDAwMDAwMDAsInVwZGF0ZSI6MzYwMDAwMDAwMDAwMH19",
          "dependencies": [
            "module.main-modules.module.eks.aws_eks_cluster.eks",
            "module.main-modules.module.eks.aws_security_group.worker_node_sg",
            "module.main-modules.module.iam-module.aws_iam_role.master",
            "module.main-modules.module.iam-module.aws_iam_role.worker",
            "module.main-modules.module.iam-module.aws_iam_role_policy_attachment.AmazonEC2ContainerRegistryReadOnly",
            "module.main-modules.module.iam-module.aws_iam_role_policy_attachment.AmazonEKSClusterPolicy",
            "module.main-modules.module.iam-module.aws_iam_role_policy_attachment.AmazonEKSServicePolicy",
            "module.main-modules.module.iam-module.aws_iam_role_policy_attachment.AmazonEKSVPCResourceController",
            "module.main-modules.module.iam-module.aws_iam_role_policy_attachment.AmazonEKSWorkerNodePolicy",
            "module.main-modules.module.iam-module.aws_iam_role_policy_attachment.AmazonEKS_CNI_Policy",
            "module.main-modules.module.network-module.aws_subnet.az-subnets",
            "module.main-modules.module.network-module.aws_vpc.myapp-vpc"
          ]
        }
      ]
    },
    {
      "module": "module.main-modules.module.eks",
      "mode": "managed",
      "type": "aws_security_group",
      "name": "worker_node_sg",
      "provider": "provider[\"registry.terraform.io/hashicorp/aws\"]",
      "instances": [
        {
          "index_key": "sg1",
          "schema_version": 1,
          "attributes": {
            "arn": "arn:aws:ec2:us-east-1:175437784856:security-group/sg-0abea1a33ba5dd01e",
            "description": "Allow ssh inbound traffic",
            "egress": [
              {
                "cidr_blocks": [
                  "0.0.0.0/0"
                ],
                "description": "",
                "from_port": 0,
                "ipv6_cidr_blocks": [],
                "prefix_list_ids": [],
                "protocol": "-1",
                "security_groups": [],
                "self": false,
                "to_port": 0
              }
            ],
            "id": "sg-0abea1a33ba5dd01e",
            "ingress": [
              {
                "cidr_blocks": [
                  "0.0.0.0/0"
                ],
                "description": "",
                "from_port": 22,
                "ipv6_cidr_blocks": [],
                "prefix_list_ids": [],
                "protocol": "tcp",
                "security_groups": [],
                "self": false,
                "to_port": 22
              }
            ],
            "name": "eks-sg",
            "name_prefix": "",
            "owner_id": "175437784856",
            "revoke_rules_on_delete": false,
            "tags": {},
            "tags_all": {},
            "timeouts": null,
            "vpc_id": "vpc-003d8848fc4743a2f"
          },
          "sensitive_attributes": [],
          "private": "eyJlMmJmYjczMC1lY2FhLTExZTYtOGY4OC0zNDM2M2JjN2M0YzAiOnsiY3JlYXRlIjo2MDAwMDAwMDAwMDAsImRlbGV0ZSI6OTAwMDAwMDAwMDAwfSwic2NoZW1hX3ZlcnNpb24iOiIxIn0=",
          "dependencies": [
            "module.main-modules.module.network-module.aws_vpc.myapp-vpc"
          ]
        }
      ]
    },
    {
      "module": "module.main-modules.module.iam-module",
      "mode": "managed",
      "type": "aws_iam_role",
      "name": "master",
      "provider": "provider[\"registry.terraform.io/hashicorp/aws\"]",
      "instances": [
        {
          "schema_version": 0,
          "attributes": {
            "arn": "arn:aws:iam::175437784856:role/ed-eks-master",
            "assume_role_policy": "{\"Statement\":[{\"Action\":\"sts:AssumeRole\",\"Effect\":\"Allow\",\"Principal\":{\"Service\":[\"eks.amazonaws.com\",\"ec2.amazonaws.com\"]}}],\"Version\":\"2012-10-17\"}",
            "create_date": "2023-11-12T21:52:05Z",
            "description": "",
            "force_detach_policies": false,
            "id": "ed-eks-master",
            "inline_policy": [],
            "managed_policy_arns": [
              "arn:aws:iam::aws:policy/AmazonEKSClusterPolicy",
              "arn:aws:iam::aws:policy/AmazonEKSServicePolicy",
              "arn:aws:iam::aws:policy/AmazonEKSVPCResourceController"
            ],
            "max_session_duration": 3600,
            "name": "ed-eks-master",
            "name_prefix": "",
            "path": "/",
            "permissions_boundary": "",
            "tags": {},
            "tags_all": {},
            "unique_id": "AROASRWHIE4MFYS4URY4V"
          },
          "sensitive_attributes": [],
          "private": "bnVsbA=="
        }
      ]
    },
    {
      "module": "module.main-modules.module.iam-module",
      "mode": "managed",
      "type": "aws_iam_role",
      "name": "worker",
      "provider": "provider[\"registry.terraform.io/hashicorp/aws\"]",
      "instances": [
        {
          "schema_version": 0,
          "attributes": {
            "arn": "arn:aws:iam::175437784856:role/ed-eks-worker",
            "assume_role_policy": "{\"Statement\":[{\"Action\":\"sts:AssumeRole\",\"Effect\":\"Allow\",\"Principal\":{\"Service\":\"ec2.amazonaws.com\"}}],\"Version\":\"2012-10-17\"}",
            "create_date": "2023-11-12T21:52:05Z",
            "description": "",
            "force_detach_policies": false,
            "id": "ed-eks-worker",
            "inline_policy": [],
            "managed_policy_arns": [
              "arn:aws:iam::175437784856:policy/ed-eks-autoscaler-policy",
              "arn:aws:iam::aws:policy/AWSXRayDaemonWriteAccess",
              "arn:aws:iam::aws:policy/AmazonEC2ContainerRegistryReadOnly",
              "arn:aws:iam::aws:policy/AmazonEKSWorkerNodePolicy",
              "arn:aws:iam::aws:policy/AmazonEKS_CNI_Policy",
              "arn:aws:iam::aws:policy/AmazonS3ReadOnlyAccess",
              "arn:aws:iam::aws:policy/AmazonSSMManagedInstanceCore"
            ],
            "max_session_duration": 3600,
            "name": "ed-eks-worker",
            "name_prefix": "",
            "path": "/",
            "permissions_boundary": "",
            "tags": {},
            "tags_all": {},
            "unique_id": "AROASRWHIE4MNCFA5E7BE"
          },
          "sensitive_attributes": [],
          "private": "bnVsbA=="
        }
      ]
    },
    {
      "module": "module.main-modules.module.iam-module",
      "mode": "managed",
      "type": "aws_iam_role_policy_attachment",
      "name": "AmazonEC2ContainerRegistryReadOnly",
      "provider": "provider[\"registry.terraform.io/hashicorp/aws\"]",
      "instances": [
        {
          "schema_version": 0,
          "attributes": {
            "id": "ed-eks-worker-20231112215206511500000005",
            "policy_arn": "arn:aws:iam::aws:policy/AmazonEC2ContainerRegistryReadOnly",
            "role": "ed-eks-worker"
          },
          "sensitive_attributes": [],
          "private": "bnVsbA==",
          "dependencies": [
            "module.main-modules.module.iam-module.aws_iam_role.worker"
          ]
        }
      ]
    },
    {
      "module": "module.main-modules.module.iam-module",
      "mode": "managed",
      "type": "aws_iam_role_policy_attachment",
      "name": "AmazonEKSClusterPolicy",
      "provider": "provider[\"registry.terraform.io/hashicorp/aws\"]",
      "instances": [
        {
          "schema_version": 0,
          "attributes": {
            "id": "ed-eks-master-20231112215509228700000001",
            "policy_arn": "arn:aws:iam::aws:policy/AmazonEKSClusterPolicy",
            "role": "ed-eks-master"
          },
          "sensitive_attributes": [],
          "private": "bnVsbA==",
          "dependencies": [
            "module.main-modules.module.iam-module.aws_iam_role.master"
          ]
        }
      ]
    },
    {
      "module": "module.main-modules.module.iam-module",
      "mode": "managed",
      "type": "aws_iam_role_policy_attachment",
      "name": "AmazonEKSServicePolicy",
      "provider": "provider[\"registry.terraform.io/hashicorp/aws\"]",
      "instances": [
        {
          "schema_version": 0,
          "attributes": {
            "id": "ed-eks-master-20231112215509286900000003",
            "policy_arn": "arn:aws:iam::aws:policy/AmazonEKSServicePolicy",
            "role": "ed-eks-master"
          },
          "sensitive_attributes": [],
          "private": "bnVsbA==",
          "dependencies": [
            "module.main-modules.module.iam-module.aws_iam_role.master"
          ]
        }
      ]
    },
    {
      "module": "module.main-modules.module.iam-module",
      "mode": "managed",
      "type": "aws_iam_role_policy_attachment",
      "name": "AmazonEKSVPCResourceController",
      "provider": "provider[\"registry.terraform.io/hashicorp/aws\"]",
      "instances": [
        {
          "schema_version": 0,
          "attributes": {
            "id": "ed-eks-master-20231112215206075600000001",
            "policy_arn": "arn:aws:iam::aws:policy/AmazonEKSVPCResourceController",
            "role": "ed-eks-master"
          },
          "sensitive_attributes": [],
          "private": "bnVsbA==",
          "dependencies": [
            "module.main-modules.module.iam-module.aws_iam_role.master"
          ]
        }
      ]
    },
    {
      "module": "module.main-modules.module.iam-module",
      "mode": "managed",
      "type": "aws_iam_role_policy_attachment",
      "name": "AmazonEKSWorkerNodePolicy",
      "provider": "provider[\"registry.terraform.io/hashicorp/aws\"]",
      "instances": [
        {
          "schema_version": 0,
          "attributes": {
            "id": "ed-eks-worker-20231112215206547900000006",
            "policy_arn": "arn:aws:iam::aws:policy/AmazonEKSWorkerNodePolicy",
            "role": "ed-eks-worker"
          },
          "sensitive_attributes": [],
          "private": "bnVsbA==",
          "dependencies": [
            "module.main-modules.module.iam-module.aws_iam_role.worker"
          ]
        }
      ]
    },
    {
      "module": "module.main-modules.module.iam-module",
      "mode": "managed",
      "type": "aws_iam_role_policy_attachment",
      "name": "AmazonEKS_CNI_Policy",
      "provider": "provider[\"registry.terraform.io/hashicorp/aws\"]",
      "instances": [
        {
          "schema_version": 0,
          "attributes": {
            "id": "ed-eks-worker-20231112215206559200000007",
            "policy_arn": "arn:aws:iam::aws:policy/AmazonEKS_CNI_Policy",
            "role": "ed-eks-worker"
          },
          "sensitive_attributes": [],
          "private": "bnVsbA==",
          "dependencies": [
            "module.main-modules.module.iam-module.aws_iam_role.worker"
          ]
        }
      ]
    },
    {
      "module": "module.main-modules.module.network-module",
      "mode": "managed",
      "type": "aws_internet_gateway",
      "name": "myapp-igw",
      "provider": "provider[\"registry.terraform.io/hashicorp/aws\"]",
      "instances": [
        {
          "schema_version": 0,
          "attributes": {
            "arn": "arn:aws:ec2:us-east-1:175437784856:internet-gateway/igw-0edbb71aca84f524a",
            "id": "igw-0edbb71aca84f524a",
            "owner_id": "175437784856",
            "tags": {
              "Name": "prod-igw"
            },
            "tags_all": {
              "Name": "prod-igw"
            },
            "timeouts": null,
            "vpc_id": "vpc-003d8848fc4743a2f"
          },
          "sensitive_attributes": [],
          "private": "eyJlMmJmYjczMC1lY2FhLTExZTYtOGY4OC0zNDM2M2JjN2M0YzAiOnsiY3JlYXRlIjoxMjAwMDAwMDAwMDAwLCJkZWxldGUiOjEyMDAwMDAwMDAwMDAsInVwZGF0ZSI6MTIwMDAwMDAwMDAwMH19",
          "dependencies": [
            "module.main-modules.module.network-module.aws_vpc.myapp-vpc"
          ]
        }
      ]
    },
    {
      "module": "module.main-modules.module.network-module",
      "mode": "managed",
      "type": "aws_subnet",
      "name": "az-subnets",
      "provider": "provider[\"registry.terraform.io/hashicorp/aws\"]",
      "instances": [
        {
          "index_key": 0,
          "schema_version": 1,
          "attributes": {
            "arn": "arn:aws:ec2:us-east-1:175437784856:subnet/subnet-0e81e662cb030e16a",
            "assign_ipv6_address_on_creation": false,
            "availability_zone": "us-east-1a",
            "availability_zone_id": "use1-az4",
            "cidr_block": "10.0.0.0/24",
            "customer_owned_ipv4_pool": "",
            "enable_dns64": false,
            "enable_lni_at_device_index": 0,
            "enable_resource_name_dns_a_record_on_launch": false,
            "enable_resource_name_dns_aaaa_record_on_launch": false,
            "id": "subnet-0e81e662cb030e16a",
            "ipv6_cidr_block": "",
            "ipv6_cidr_block_association_id": "",
            "ipv6_native": false,
            "map_customer_owned_ip_on_launch": false,
            "map_public_ip_on_launch": true,
            "outpost_arn": "",
            "owner_id": "175437784856",
            "private_dns_hostname_type_on_launch": "ip-name",
            "tags": {
              "Name": "prod-subnet-0"
            },
            "tags_all": {
              "Name": "prod-subnet-0"
            },
            "timeouts": null,
            "vpc_id": "vpc-003d8848fc4743a2f"
          },
          "sensitive_attributes": [],
          "private": "eyJlMmJmYjczMC1lY2FhLTExZTYtOGY4OC0zNDM2M2JjN2M0YzAiOnsiY3JlYXRlIjo2MDAwMDAwMDAwMDAsImRlbGV0ZSI6MTIwMDAwMDAwMDAwMH0sInNjaGVtYV92ZXJzaW9uIjoiMSJ9",
          "dependencies": [
            "module.main-modules.module.network-module.aws_vpc.myapp-vpc"
          ]
        },
        {
          "index_key": 1,
          "schema_version": 1,
          "attributes": {
            "arn": "arn:aws:ec2:us-east-1:175437784856:subnet/subnet-0400a1f8e436939e1",
            "assign_ipv6_address_on_creation": false,
            "availability_zone": "us-east-1b",
            "availability_zone_id": "use1-az6",
            "cidr_block": "10.0.1.0/24",
            "customer_owned_ipv4_pool": "",
            "enable_dns64": false,
            "enable_lni_at_device_index": 0,
            "enable_resource_name_dns_a_record_on_launch": false,
            "enable_resource_name_dns_aaaa_record_on_launch": false,
            "id": "subnet-0400a1f8e436939e1",
            "ipv6_cidr_block": "",
            "ipv6_cidr_block_association_id": "",
            "ipv6_native": false,
            "map_customer_owned_ip_on_launch": false,
            "map_public_ip_on_launch": true,
            "outpost_arn": "",
            "owner_id": "175437784856",
            "private_dns_hostname_type_on_launch": "ip-name",
            "tags": {
              "Name": "prod-subnet-1"
            },
            "tags_all": {
              "Name": "prod-subnet-1"
            },
            "timeouts": null,
            "vpc_id": "vpc-003d8848fc4743a2f"
          },
          "sensitive_attributes": [],
          "private": "eyJlMmJmYjczMC1lY2FhLTExZTYtOGY4OC0zNDM2M2JjN2M0YzAiOnsiY3JlYXRlIjo2MDAwMDAwMDAwMDAsImRlbGV0ZSI6MTIwMDAwMDAwMDAwMH0sInNjaGVtYV92ZXJzaW9uIjoiMSJ9",
          "dependencies": [
            "module.main-modules.module.network-module.aws_vpc.myapp-vpc"
          ]
        }
      ]
    },
    {
      "module": "module.main-modules.module.network-module",
      "mode": "managed",
      "type": "aws_vpc",
      "name": "myapp-vpc",
      "provider": "provider[\"registry.terraform.io/hashicorp/aws\"]",
      "instances": [
        {
          "schema_version": 1,
          "attributes": {
            "arn": "arn:aws:ec2:us-east-1:175437784856:vpc/vpc-003d8848fc4743a2f",
            "assign_generated_ipv6_cidr_block": false,
            "cidr_block": "10.0.0.0/16",
            "default_network_acl_id": "acl-04753db484eb1d41a",
            "default_route_table_id": "rtb-04ff060288e41e224",
            "default_security_group_id": "sg-0c76ce07054978b23",
            "dhcp_options_id": "dopt-0ffe78e52047fa2ba",
            "enable_dns_hostnames": false,
            "enable_dns_support": true,
            "enable_network_address_usage_metrics": false,
            "id": "vpc-003d8848fc4743a2f",
            "instance_tenancy": "default",
            "ipv4_ipam_pool_id": null,
            "ipv4_netmask_length": null,
            "ipv6_association_id": "",
            "ipv6_cidr_block": "",
            "ipv6_cidr_block_network_border_group": "",
            "ipv6_ipam_pool_id": "",
            "ipv6_netmask_length": 0,
            "main_route_table_id": "rtb-04ff060288e41e224",
            "owner_id": "175437784856",
            "tags": {
              "Name": "prod-vpc"
            },
            "tags_all": {
              "Name": "prod-vpc"
            }
          },
          "sensitive_attributes": [],
          "private": "eyJzY2hlbWFfdmVyc2lvbiI6IjEifQ=="
        }
      ]
    }
  ],
  "check_results": null
}
