{
  "version": 4,
  "terraform_version": "1.6.4",
  "serial": 724,
  "lineage": "a42452b2-42ca-7965-a239-6243f06e6680",
  "outputs": {},
  "resources": [
    {
      "module": "module.main-modules.module.ec2",
      "mode": "data",
      "type": "aws_ami",
      "name": "latest-amazon-linux-image",
      "provider": "provider[\"registry.terraform.io/hashicorp/aws\"]",
      "instances": [
        {
          "schema_version": 0,
          "attributes": {
            "architecture": "x86_64",
            "arn": "arn:aws:ec2:us-east-1::image/ami-0588935a949f9ff17",
            "block_device_mappings": [
              {
                "device_name": "/dev/xvda",
                "ebs": {
                  "delete_on_termination": "true",
                  "encrypted": "false",
                  "iops": "0",
                  "snapshot_id": "snap-0c8dd082f09ab0460",
                  "throughput": "0",
                  "volume_size": "8",
                  "volume_type": "gp2"
                },
                "no_device": "",
                "virtual_name": ""
              }
            ],
            "boot_mode": "",
            "creation_date": "2023-11-17T00:57:04.000Z",
            "deprecation_time": "2025-07-01T00:00:00.000Z",
            "description": "Amazon Linux 2 AMI 2.0.20231116.0 x86_64 HVM gp2",
            "ena_support": true,
            "executable_users": null,
            "filter": [
              {
                "name": "name",
                "values": [
                  "amzn2-ami-hvm-*-x86_64-gp2"
                ]
              },
              {
                "name": "virtualization-type",
                "values": [
                  "hvm"
                ]
              }
            ],
            "hypervisor": "xen",
            "id": "ami-0588935a949f9ff17",
            "image_id": "ami-0588935a949f9ff17",
            "image_location": "amazon/amzn2-ami-hvm-2.0.20231116.0-x86_64-gp2",
            "image_owner_alias": "amazon",
            "image_type": "machine",
            "imds_support": "",
            "include_deprecated": false,
            "kernel_id": "",
            "most_recent": true,
            "name": "amzn2-ami-hvm-2.0.20231116.0-x86_64-gp2",
            "name_regex": null,
            "owner_id": "137112412989",
            "owners": [
              "amazon"
            ],
            "platform": "",
            "platform_details": "Linux/UNIX",
            "product_codes": [],
            "public": true,
            "ramdisk_id": "",
            "root_device_name": "/dev/xvda",
            "root_device_type": "ebs",
            "root_snapshot_id": "snap-0c8dd082f09ab0460",
            "sriov_net_support": "simple",
            "state": "available",
            "state_reason": {
              "code": "UNSET",
              "message": "UNSET"
            },
            "tags": {},
            "timeouts": null,
            "tpm_support": "",
            "usage_operation": "RunInstances",
            "virtualization_type": "hvm"
          },
          "sensitive_attributes": []
        }
      ]
    },
    {
      "module": "module.main-modules.module.ec2",
      "mode": "data",
      "type": "aws_ami",
      "name": "latest_ubuntu",
      "provider": "provider[\"registry.terraform.io/hashicorp/aws\"]",
      "instances": [
        {
          "schema_version": 0,
          "attributes": {
            "architecture": "x86_64",
            "arn": "arn:aws:ec2:us-east-1::image/ami-0a5f04cdf7758e9f0",
            "block_device_mappings": [
              {
                "device_name": "/dev/sda1",
                "ebs": {
                  "delete_on_termination": "true",
                  "encrypted": "false",
                  "iops": "0",
                  "snapshot_id": "snap-02edb5445dde0b1d0",
                  "throughput": "0",
                  "volume_size": "8",
                  "volume_type": "gp2"
                },
                "no_device": "",
                "virtual_name": ""
              },
              {
                "device_name": "/dev/sdb",
                "ebs": {},
                "no_device": "",
                "virtual_name": "ephemeral0"
              },
              {
                "device_name": "/dev/sdc",
                "ebs": {},
                "no_device": "",
                "virtual_name": "ephemeral1"
              }
            ],
            "boot_mode": "legacy-bios",
            "creation_date": "2023-11-21T02:52:12.000Z",
            "deprecation_time": "2025-11-21T02:52:12.000Z",
            "description": "Canonical, Ubuntu, 22.04 LTS, amd64 jammy image build on 2023-11-21",
            "ena_support": true,
            "executable_users": null,
            "filter": [
              {
                "name": "name",
                "values": [
                  "ubuntu/images/hvm-ssd/ubuntu-jammy-22.04-amd64-server-*"
                ]
              },
              {
                "name": "virtualization-type",
                "values": [
                  "hvm"
                ]
              }
            ],
            "hypervisor": "xen",
            "id": "ami-0a5f04cdf7758e9f0",
            "image_id": "ami-0a5f04cdf7758e9f0",
            "image_location": "amazon/ubuntu/images/hvm-ssd/ubuntu-jammy-22.04-amd64-server-20231121",
            "image_owner_alias": "amazon",
            "image_type": "machine",
            "imds_support": "",
            "include_deprecated": false,
            "kernel_id": "",
            "most_recent": true,
            "name": "ubuntu/images/hvm-ssd/ubuntu-jammy-22.04-amd64-server-20231121",
            "name_regex": null,
            "owner_id": "099720109477",
            "owners": [
              "099720109477"
            ],
            "platform": "",
            "platform_details": "Linux/UNIX",
            "product_codes": [],
            "public": true,
            "ramdisk_id": "",
            "root_device_name": "/dev/sda1",
            "root_device_type": "ebs",
            "root_snapshot_id": "snap-02edb5445dde0b1d0",
            "sriov_net_support": "simple",
            "state": "available",
            "state_reason": {
              "code": "UNSET",
              "message": "UNSET"
            },
            "tags": {},
            "timeouts": null,
            "tpm_support": "",
            "usage_operation": "RunInstances",
            "virtualization_type": "hvm"
          },
          "sensitive_attributes": []
        }
      ]
    },
    {
      "module": "module.main-modules.module.ec2",
      "mode": "managed",
      "type": "aws_instance",
      "name": "ansible-ec2-instance",
      "provider": "provider[\"registry.terraform.io/hashicorp/aws\"]",
      "instances": [
        {
          "schema_version": 1,
          "attributes": {
            "ami": "ami-0588935a949f9ff17",
            "arn": "arn:aws:ec2:us-east-1:175437784856:instance/i-008e19c53d5336e51",
            "associate_public_ip_address": true,
            "availability_zone": "us-east-1a",
            "capacity_reservation_specification": [
              {
                "capacity_reservation_preference": "open",
                "capacity_reservation_target": []
              }
            ],
            "cpu_core_count": 1,
            "cpu_options": [
              {
                "amd_sev_snp": "",
                "core_count": 1,
                "threads_per_core": 1
              }
            ],
            "cpu_threads_per_core": 1,
            "credit_specification": [
              {
                "cpu_credits": "standard"
              }
            ],
            "disable_api_stop": false,
            "disable_api_termination": false,
            "ebs_block_device": [],
            "ebs_optimized": false,
            "enclave_options": [
              {
                "enabled": false
              }
            ],
            "ephemeral_block_device": [],
            "get_password_data": false,
            "hibernation": false,
            "host_id": "",
            "host_resource_group_arn": null,
            "iam_instance_profile": "",
            "id": "i-008e19c53d5336e51",
            "instance_initiated_shutdown_behavior": "stop",
            "instance_lifecycle": "",
            "instance_market_options": [],
            "instance_state": "running",
            "instance_type": "t2.micro",
            "ipv6_address_count": 0,
            "ipv6_addresses": [],
            "key_name": "master-key",
            "launch_template": [],
            "maintenance_options": [
              {
                "auto_recovery": "default"
              }
            ],
            "metadata_options": [
              {
                "http_endpoint": "enabled",
                "http_protocol_ipv6": "disabled",
                "http_put_response_hop_limit": 1,
                "http_tokens": "optional",
                "instance_metadata_tags": "disabled"
              }
            ],
            "monitoring": false,
            "network_interface": [],
            "outpost_arn": "",
            "password_data": "",
            "placement_group": "",
            "placement_partition_number": 0,
            "primary_network_interface_id": "eni-02b575487ae146875",
            "private_dns": "ip-10-0-0-186.ec2.internal",
            "private_dns_name_options": [
              {
                "enable_resource_name_dns_a_record": false,
                "enable_resource_name_dns_aaaa_record": false,
                "hostname_type": "ip-name"
              }
            ],
            "private_ip": "10.0.0.186",
            "public_dns": "",
            "public_ip": "34.201.138.192",
            "root_block_device": [
              {
                "delete_on_termination": true,
                "device_name": "/dev/xvda",
                "encrypted": false,
                "iops": 100,
                "kms_key_id": "",
                "tags": {},
                "throughput": 0,
                "volume_id": "vol-0023f6675153d2d38",
                "volume_size": 8,
                "volume_type": "gp2"
              }
            ],
            "secondary_private_ips": [],
            "security_groups": [],
            "source_dest_check": true,
            "spot_instance_request_id": "",
            "subnet_id": "subnet-0618c20ad1c932d27",
            "tags": {
              "Environment": "app-dev",
              "Name": "dev_ansible_server",
              "User": "ec2-user"
            },
            "tags_all": {
              "Environment": "app-dev",
              "Name": "dev_ansible_server",
              "User": "ec2-user"
            },
            "tenancy": "default",
            "timeouts": null,
            "user_data": null,
            "user_data_base64": null,
            "user_data_replace_on_change": false,
            "volume_tags": null,
            "vpc_security_group_ids": [
              "sg-07eeb389238f20bd4",
              "sg-0bd443d8a9a0bfaf9"
            ]
          },
          "sensitive_attributes": [],
          "private": "eyJlMmJmYjczMC1lY2FhLTExZTYtOGY4OC0zNDM2M2JjN2M0YzAiOnsiY3JlYXRlIjo2MDAwMDAwMDAwMDAsImRlbGV0ZSI6MTIwMDAwMDAwMDAwMCwidXBkYXRlIjo2MDAwMDAwMDAwMDB9LCJzY2hlbWFfdmVyc2lvbiI6IjEifQ==",
          "dependencies": [
            "module.main-modules.module.ec2.aws_instance.bootstrap-ec2-instance",
            "module.main-modules.module.ec2.aws_instance.jenkins-ec2-instance",
            "module.main-modules.module.ec2.aws_security_group.instances_sgs",
            "module.main-modules.module.ec2.data.aws_ami.latest-amazon-linux-image",
            "module.main-modules.module.ec2.data.aws_ami.latest_ubuntu",
            "module.main-modules.module.eks.aws_eks_cluster.eks",
            "module.main-modules.module.iam-module.aws_iam_role.master",
            "module.main-modules.module.iam-module.aws_iam_role_policy_attachment.AmazonEC2ContainerRegistryFullAccessMaster",
            "module.main-modules.module.iam-module.aws_iam_role_policy_attachment.AmazonEKSClusterPolicy",
            "module.main-modules.module.iam-module.aws_iam_role_policy_attachment.AmazonEKSServicePolicy",
            "module.main-modules.module.iam-module.aws_iam_role_policy_attachment.AmazonEKSVPCResourceController",
            "module.main-modules.module.keypairs-module.tls_private_key.ssh-pk",
            "module.main-modules.module.network-module.aws_subnet.az-subnets",
            "module.main-modules.module.network-module.aws_vpc.myapp-vpc",
            "module.main-modules.module.s3-module.aws_s3_bucket.helm-bucket",
            "module.main-modules.module.s3-module.random_id.rnd"
          ]
        }
      ]
    },
    {
      "module": "module.main-modules.module.ec2",
      "mode": "managed",
      "type": "aws_instance",
      "name": "bootstrap-ec2-instance",
      "provider": "provider[\"registry.terraform.io/hashicorp/aws\"]",
      "instances": [
        {
          "schema_version": 1,
          "attributes": {
            "ami": "ami-0588935a949f9ff17",
            "arn": "arn:aws:ec2:us-east-1:175437784856:instance/i-0395392cf2a998895",
            "associate_public_ip_address": true,
            "availability_zone": "us-east-1a",
            "capacity_reservation_specification": [
              {
                "capacity_reservation_preference": "open",
                "capacity_reservation_target": []
              }
            ],
            "cpu_core_count": 1,
            "cpu_options": [
              {
                "amd_sev_snp": "",
                "core_count": 1,
                "threads_per_core": 1
              }
            ],
            "cpu_threads_per_core": 1,
            "credit_specification": [
              {
                "cpu_credits": "standard"
              }
            ],
            "disable_api_stop": false,
            "disable_api_termination": false,
            "ebs_block_device": [],
            "ebs_optimized": false,
            "enclave_options": [
              {
                "enabled": false
              }
            ],
            "ephemeral_block_device": [],
            "get_password_data": false,
            "hibernation": false,
            "host_id": "",
            "host_resource_group_arn": null,
            "iam_instance_profile": "",
            "id": "i-0395392cf2a998895",
            "instance_initiated_shutdown_behavior": "stop",
            "instance_lifecycle": "",
            "instance_market_options": [],
            "instance_state": "running",
            "instance_type": "t2.micro",
            "ipv6_address_count": 0,
            "ipv6_addresses": [],
            "key_name": "master-key",
            "launch_template": [],
            "maintenance_options": [
              {
                "auto_recovery": "default"
              }
            ],
            "metadata_options": [
              {
                "http_endpoint": "enabled",
                "http_protocol_ipv6": "disabled",
                "http_put_response_hop_limit": 1,
                "http_tokens": "optional",
                "instance_metadata_tags": "disabled"
              }
            ],
            "monitoring": false,
            "network_interface": [],
            "outpost_arn": "",
            "password_data": "",
            "placement_group": "",
            "placement_partition_number": 0,
            "primary_network_interface_id": "eni-0065c06bc3b12e7b5",
            "private_dns": "ip-10-0-0-104.ec2.internal",
            "private_dns_name_options": [
              {
                "enable_resource_name_dns_a_record": false,
                "enable_resource_name_dns_aaaa_record": false,
                "hostname_type": "ip-name"
              }
            ],
            "private_ip": "10.0.0.104",
            "public_dns": "",
            "public_ip": "54.163.55.26",
            "root_block_device": [
              {
                "delete_on_termination": true,
                "device_name": "/dev/xvda",
                "encrypted": false,
                "iops": 100,
                "kms_key_id": "",
                "tags": {},
                "throughput": 0,
                "volume_id": "vol-0196b7a18a2b9f575",
                "volume_size": 8,
                "volume_type": "gp2"
              }
            ],
            "secondary_private_ips": [],
            "security_groups": [],
            "source_dest_check": true,
            "spot_instance_request_id": "",
            "subnet_id": "subnet-0618c20ad1c932d27",
            "tags": {
              "Environment": "app-dev",
              "Name": "dev_bootstrap_server",
              "User": "ec2-user"
            },
            "tags_all": {
              "Environment": "app-dev",
              "Name": "dev_bootstrap_server",
              "User": "ec2-user"
            },
            "tenancy": "default",
            "timeouts": null,
            "user_data": null,
            "user_data_base64": null,
            "user_data_replace_on_change": false,
            "volume_tags": null,
            "vpc_security_group_ids": [
              "sg-07eeb389238f20bd4"
            ]
          },
          "sensitive_attributes": [],
          "private": "eyJlMmJmYjczMC1lY2FhLTExZTYtOGY4OC0zNDM2M2JjN2M0YzAiOnsiY3JlYXRlIjo2MDAwMDAwMDAwMDAsImRlbGV0ZSI6MTIwMDAwMDAwMDAwMCwidXBkYXRlIjo2MDAwMDAwMDAwMDB9LCJzY2hlbWFfdmVyc2lvbiI6IjEifQ==",
          "dependencies": [
            "module.main-modules.module.ec2.aws_security_group.instances_sgs",
            "module.main-modules.module.ec2.data.aws_ami.latest-amazon-linux-image",
            "module.main-modules.module.keypairs-module.tls_private_key.ssh-pk",
            "module.main-modules.module.network-module.aws_subnet.az-subnets",
            "module.main-modules.module.network-module.aws_vpc.myapp-vpc"
          ]
        }
      ]
    },
    {
      "module": "module.main-modules.module.ec2",
      "mode": "managed",
      "type": "aws_instance",
      "name": "jenkins-ec2-instance",
      "provider": "provider[\"registry.terraform.io/hashicorp/aws\"]",
      "instances": [
        {
          "schema_version": 1,
          "attributes": {
            "ami": "ami-0a5f04cdf7758e9f0",
            "arn": "arn:aws:ec2:us-east-1:175437784856:instance/i-0def6512244bb3d9f",
            "associate_public_ip_address": true,
            "availability_zone": "us-east-1a",
            "capacity_reservation_specification": [
              {
                "capacity_reservation_preference": "open",
                "capacity_reservation_target": []
              }
            ],
            "cpu_core_count": 1,
            "cpu_options": [
              {
                "amd_sev_snp": "",
                "core_count": 1,
                "threads_per_core": 1
              }
            ],
            "cpu_threads_per_core": 1,
            "credit_specification": [
              {
                "cpu_credits": "standard"
              }
            ],
            "disable_api_stop": false,
            "disable_api_termination": false,
            "ebs_block_device": [],
            "ebs_optimized": false,
            "enclave_options": [
              {
                "enabled": false
              }
            ],
            "ephemeral_block_device": [],
            "get_password_data": false,
            "hibernation": false,
            "host_id": "",
            "host_resource_group_arn": null,
            "iam_instance_profile": "",
            "id": "i-0def6512244bb3d9f",
            "instance_initiated_shutdown_behavior": "stop",
            "instance_lifecycle": "",
            "instance_market_options": [],
            "instance_state": "running",
            "instance_type": "t2.micro",
            "ipv6_address_count": 0,
            "ipv6_addresses": [],
            "key_name": "master-key",
            "launch_template": [],
            "maintenance_options": [
              {
                "auto_recovery": "default"
              }
            ],
            "metadata_options": [
              {
                "http_endpoint": "enabled",
                "http_protocol_ipv6": "disabled",
                "http_put_response_hop_limit": 1,
                "http_tokens": "optional",
                "instance_metadata_tags": "disabled"
              }
            ],
            "monitoring": false,
            "network_interface": [],
            "outpost_arn": "",
            "password_data": "",
            "placement_group": "",
            "placement_partition_number": 0,
            "primary_network_interface_id": "eni-033e8005aaeb6f54f",
            "private_dns": "ip-10-0-0-188.ec2.internal",
            "private_dns_name_options": [
              {
                "enable_resource_name_dns_a_record": false,
                "enable_resource_name_dns_aaaa_record": false,
                "hostname_type": "ip-name"
              }
            ],
            "private_ip": "10.0.0.188",
            "public_dns": "",
            "public_ip": "54.221.151.240",
            "root_block_device": [
              {
                "delete_on_termination": true,
                "device_name": "/dev/sda1",
                "encrypted": false,
                "iops": 100,
                "kms_key_id": "",
                "tags": {},
                "throughput": 0,
                "volume_id": "vol-07f48a344f85ae21e",
                "volume_size": 8,
                "volume_type": "gp2"
              }
            ],
            "secondary_private_ips": [],
            "security_groups": [],
            "source_dest_check": true,
            "spot_instance_request_id": "",
            "subnet_id": "subnet-0618c20ad1c932d27",
            "tags": {
              "Environment": "app-dev",
              "Name": "dev_jenkins_server",
              "User": "ubuntu"
            },
            "tags_all": {
              "Environment": "app-dev",
              "Name": "dev_jenkins_server",
              "User": "ubuntu"
            },
            "tenancy": "default",
            "timeouts": null,
            "user_data": null,
            "user_data_base64": null,
            "user_data_replace_on_change": false,
            "volume_tags": null,
            "vpc_security_group_ids": [
              "sg-07eeb389238f20bd4",
              "sg-0bd443d8a9a0bfaf9"
            ]
          },
          "sensitive_attributes": [],
          "private": "eyJlMmJmYjczMC1lY2FhLTExZTYtOGY4OC0zNDM2M2JjN2M0YzAiOnsiY3JlYXRlIjo2MDAwMDAwMDAwMDAsImRlbGV0ZSI6MTIwMDAwMDAwMDAwMCwidXBkYXRlIjo2MDAwMDAwMDAwMDB9LCJzY2hlbWFfdmVyc2lvbiI6IjEifQ==",
          "dependencies": [
            "module.main-modules.module.ec2.aws_security_group.instances_sgs",
            "module.main-modules.module.ec2.data.aws_ami.latest_ubuntu",
            "module.main-modules.module.network-module.aws_subnet.az-subnets",
            "module.main-modules.module.network-module.aws_vpc.myapp-vpc"
          ]
        }
      ]
    },
    {
      "module": "module.main-modules.module.ec2",
      "mode": "managed",
      "type": "aws_security_group",
      "name": "instances_sgs",
      "provider": "provider[\"registry.terraform.io/hashicorp/aws\"]",
      "instances": [
        {
          "index_key": "sg1",
          "schema_version": 1,
          "attributes": {
            "arn": "arn:aws:ec2:us-east-1:175437784856:security-group/sg-07eeb389238f20bd4",
            "description": "Allow ssh inbound traffic",
            "egress": [
              {
                "cidr_blocks": [
                  "0.0.0.0/0"
                ],
                "description": "",
                "from_port": 0,
                "ipv6_cidr_blocks": [],
                "prefix_list_ids": [],
                "protocol": "-1",
                "security_groups": [],
                "self": false,
                "to_port": 0
              }
            ],
            "id": "sg-07eeb389238f20bd4",
            "ingress": [
              {
                "cidr_blocks": [
                  "0.0.0.0/0"
                ],
                "description": "",
                "from_port": 22,
                "ipv6_cidr_blocks": [],
                "prefix_list_ids": [],
                "protocol": "tcp",
                "security_groups": [],
                "self": false,
                "to_port": 22
              }
            ],
            "name": "Instance SSH SG",
            "name_prefix": "",
            "owner_id": "175437784856",
            "revoke_rules_on_delete": false,
            "tags": {
              "Name": "dev-instances-sg"
            },
            "tags_all": {
              "Name": "dev-instances-sg"
            },
            "timeouts": null,
            "vpc_id": "vpc-09ad25e1bf2abbbd4"
          },
          "sensitive_attributes": [],
          "private": "eyJlMmJmYjczMC1lY2FhLTExZTYtOGY4OC0zNDM2M2JjN2M0YzAiOnsiY3JlYXRlIjo2MDAwMDAwMDAwMDAsImRlbGV0ZSI6OTAwMDAwMDAwMDAwfSwic2NoZW1hX3ZlcnNpb24iOiIxIn0=",
          "dependencies": [
            "module.main-modules.module.network-module.aws_vpc.myapp-vpc"
          ]
        },
        {
          "index_key": "sg2",
          "schema_version": 1,
          "attributes": {
            "arn": "arn:aws:ec2:us-east-1:175437784856:security-group/sg-0bd443d8a9a0bfaf9",
            "description": "Allow HTTP(8080) inbound traffic",
            "egress": [
              {
                "cidr_blocks": [
                  "0.0.0.0/0"
                ],
                "description": "",
                "from_port": 0,
                "ipv6_cidr_blocks": [],
                "prefix_list_ids": [],
                "protocol": "-1",
                "security_groups": [],
                "self": false,
                "to_port": 0
              }
            ],
            "id": "sg-0bd443d8a9a0bfaf9",
            "ingress": [
              {
                "cidr_blocks": [
                  "0.0.0.0/0"
                ],
                "description": "",
                "from_port": 8080,
                "ipv6_cidr_blocks": [],
                "prefix_list_ids": [],
                "protocol": "tcp",
                "security_groups": [],
                "self": false,
                "to_port": 8080
              }
            ],
            "name": "Instance HTTP(8080) SG",
            "name_prefix": "",
            "owner_id": "175437784856",
            "revoke_rules_on_delete": false,
            "tags": {
              "Name": "dev-instances-sg"
            },
            "tags_all": {
              "Name": "dev-instances-sg"
            },
            "timeouts": null,
            "vpc_id": "vpc-09ad25e1bf2abbbd4"
          },
          "sensitive_attributes": [],
          "private": "eyJlMmJmYjczMC1lY2FhLTExZTYtOGY4OC0zNDM2M2JjN2M0YzAiOnsiY3JlYXRlIjo2MDAwMDAwMDAwMDAsImRlbGV0ZSI6OTAwMDAwMDAwMDAwfSwic2NoZW1hX3ZlcnNpb24iOiIxIn0=",
          "dependencies": [
            "module.main-modules.module.network-module.aws_vpc.myapp-vpc"
          ]
        }
      ]
    },
    {
      "module": "module.main-modules.module.eks",
      "mode": "managed",
      "type": "aws_eks_cluster",
      "name": "eks",
      "provider": "provider[\"registry.terraform.io/hashicorp/aws\"]",
      "instances": [
        {
          "schema_version": 0,
          "attributes": {
            "arn": "arn:aws:eks:us-east-1:175437784856:cluster/demo-cluster",
            "certificate_authority": [
              {
                "data": "LS0tLS1CRUdJTiBDRVJUSUZJQ0FURS0tLS0tCk1JSURCVENDQWUyZ0F3SUJBZ0lJQjE5WVgzZUMvVGt3RFFZSktvWklodmNOQVFFTEJRQXdGVEVUTUJFR0ExVUUKQXhNS2EzVmlaWEp1WlhSbGN6QWVGdzB5TXpFeE1qWXhNVEF5TkRoYUZ3MHpNekV4TWpNeE1UQTNORGhhTUJVeApFekFSQmdOVkJBTVRDbXQxWW1WeWJtVjBaWE13Z2dFaU1BMEdDU3FHU0liM0RRRUJBUVVBQTRJQkR3QXdnZ0VLCkFvSUJBUUNZWjU0aDNZSkFveERVQXhkU1dNS2RYN2Ewdk4vTGNDaEEvVWgyK2g2L2NrWkRSN1NUWUFqT2VoRGEKYUdVNjFhZVphT0tyMllKNm5nL1ErbUJ5RWNqTVVDQTUwRXdkR0xVS3dJTnltY1FZUWpQY3k1ODJOcE9GdEpOMAo3cUltNDJPKzB2S1lqdUE1ekpPYzR2Rmt5TVBudjkyaGg5ajlUMVRjVnBhZHhDd29FcDNvd1RMZXg1Rjk3bXRxClpXSm1vdjJrZGNxNHZTU2VxUHZjcUFkU2hUZzRJY3pNb2draWRUNkFaSzVUb1hUWk1tRWE2YlFGR2xMWVpHOHkKME9VQmx0NnYwOGlnSCtmSFdGVW1aQkhTcTBKZkNHUVEzU1ZBY2UrdkZkUkp1QWhSRXZ1eEkxa21ReXk3M3dleQpxWmRraUc0MlpJRnNhVXl1SkJiNktXSTFOQ0VYQWdNQkFBR2pXVEJYTUE0R0ExVWREd0VCL3dRRUF3SUNwREFQCkJnTlZIUk1CQWY4RUJUQURBUUgvTUIwR0ExVWREZ1FXQkJTVDMzdUhDcG5icGJGaFg5R2hOZDdNeklJckJEQVYKQmdOVkhSRUVEakFNZ2dwcmRXSmxjbTVsZEdWek1BMEdDU3FHU0liM0RRRUJDd1VBQTRJQkFRQjNFKzlzWWxsMgpQMmVudTBLSzhIbEZYcFd3aktsdmllV2hwcC9rYWpxd01KcnBHN2VFdmk3eDd2Z2xISjJWQk03WTFTZS8ydHlOCmp5QitiV2pBcTF3dkQwWkJVYTlPRSs2Ty8wdGhLcHZTTHVIVmpHcDNaVWxrNFltL3o2RHhyVUYvMklYUXpHYkkKWW9GbUc5ajdmWDhLQmhabVY1NDJMUnhxaTQ2SHFWdXViclpEdWRzZ05JdTlKSU1NQUhQV294WDJLWGVWd2lhSApBbmpLNG4wMndlcEZqR1l0M1BlTHhzYllMSDZ0YWNJZHlHdGwraEZOdUhDZWRNRDhBRzZGWEdLT1o1cExnWjE3CnBUS3FydGdFdzcydXRpUCtDSUw5VW9VOWh1TnVFTldTbUpkRUJSSlo4VCthamNpbFFUVVlOMTRVVFppK1dGUk8KNm4rbEcwcUNZTEp3Ci0tLS0tRU5EIENFUlRJRklDQVRFLS0tLS0K"
              }
            ],
            "cluster_id": null,
            "created_at": "2023-11-26 11:03:04.643 +0000 UTC",
            "enabled_cluster_log_types": [],
            "encryption_config": [],
            "endpoint": "https://EECDE51F4D62D34A18971F1BB019C01C.gr7.us-east-1.eks.amazonaws.com",
            "id": "demo-cluster",
            "identity": [
              {
                "oidc": [
                  {
                    "issuer": "https://oidc.eks.us-east-1.amazonaws.com/id/EECDE51F4D62D34A18971F1BB019C01C"
                  }
                ]
              }
            ],
            "kubernetes_network_config": [
              {
                "ip_family": "ipv4",
                "service_ipv4_cidr": "172.20.0.0/16",
                "service_ipv6_cidr": ""
              }
            ],
            "name": "demo-cluster",
            "outpost_config": [],
            "platform_version": "eks.4",
            "role_arn": "arn:aws:iam::175437784856:role/ed-eks-master",
            "status": "ACTIVE",
            "tags": {},
            "tags_all": {},
            "timeouts": null,
            "version": "1.28",
            "vpc_config": [
              {
                "cluster_security_group_id": "sg-08c7f254bd83adb67",
                "endpoint_private_access": false,
                "endpoint_public_access": true,
                "public_access_cidrs": [
                  "0.0.0.0/0"
                ],
                "security_group_ids": [],
                "subnet_ids": [
                  "subnet-01c12f6a2966f9737",
                  "subnet-0618c20ad1c932d27"
                ],
                "vpc_id": "vpc-09ad25e1bf2abbbd4"
              }
            ]
          },
          "sensitive_attributes": [],
          "private": "eyJlMmJmYjczMC1lY2FhLTExZTYtOGY4OC0zNDM2M2JjN2M0YzAiOnsiY3JlYXRlIjoxODAwMDAwMDAwMDAwLCJkZWxldGUiOjkwMDAwMDAwMDAwMCwidXBkYXRlIjozNjAwMDAwMDAwMDAwfX0=",
          "dependencies": [
            "module.main-modules.module.iam-module.aws_iam_role.master",
            "module.main-modules.module.iam-module.aws_iam_role_policy_attachment.AmazonEC2ContainerRegistryFullAccessMaster",
            "module.main-modules.module.iam-module.aws_iam_role_policy_attachment.AmazonEKSClusterPolicy",
            "module.main-modules.module.iam-module.aws_iam_role_policy_attachment.AmazonEKSServicePolicy",
            "module.main-modules.module.iam-module.aws_iam_role_policy_attachment.AmazonEKSVPCResourceController",
            "module.main-modules.module.network-module.aws_subnet.az-subnets",
            "module.main-modules.module.network-module.aws_vpc.myapp-vpc"
          ]
        }
      ]
    },
    {
      "module": "module.main-modules.module.eks",
      "mode": "managed",
      "type": "aws_eks_node_group",
      "name": "backend",
      "provider": "provider[\"registry.terraform.io/hashicorp/aws\"]",
      "instances": [
        {
          "schema_version": 0,
          "attributes": {
            "ami_type": "AL2_x86_64",
            "arn": "arn:aws:eks:us-east-1:175437784856:nodegroup/demo-cluster/dev/16c605a9-d674-89c1-912e-83ca948c2af3",
            "capacity_type": "ON_DEMAND",
            "cluster_name": "demo-cluster",
            "disk_size": 20,
            "force_update_version": null,
            "id": "demo-cluster:dev",
            "instance_types": [
              "t2.small"
            ],
            "labels": {
              "env": "dev",
              "name": "backend-worker"
            },
            "launch_template": [],
            "node_group_name": "dev",
            "node_group_name_prefix": "",
            "node_role_arn": "arn:aws:iam::175437784856:role/ed-eks-master",
            "release_version": "1.28.3-20231116",
            "remote_access": [
              {
                "ec2_ssh_key": "master-key",
                "source_security_group_ids": [
                  "sg-039d0ffe27916ebbe"
                ]
              }
            ],
            "resources": [
              {
                "autoscaling_groups": [
                  {
                    "name": "eks-dev-16c605a9-d674-89c1-912e-83ca948c2af3"
                  }
                ],
                "remote_access_security_group_id": "sg-0ab18af4abbd622bf"
              }
            ],
            "scaling_config": [
              {
                "desired_size": 2,
                "max_size": 3,
                "min_size": 1
              }
            ],
            "status": "ACTIVE",
            "subnet_ids": [
              "subnet-01c12f6a2966f9737",
              "subnet-0618c20ad1c932d27"
            ],
            "tags": {
              "Name": "dev-backend-worker"
            },
            "tags_all": {
              "Name": "dev-backend-worker"
            },
            "taint": [],
            "timeouts": null,
            "update_config": [
              {
                "max_unavailable": 1,
                "max_unavailable_percentage": 0
              }
            ],
            "version": "1.28"
          },
          "sensitive_attributes": [],
          "private": "eyJlMmJmYjczMC1lY2FhLTExZTYtOGY4OC0zNDM2M2JjN2M0YzAiOnsiY3JlYXRlIjozNjAwMDAwMDAwMDAwLCJkZWxldGUiOjM2MDAwMDAwMDAwMDAsInVwZGF0ZSI6MzYwMDAwMDAwMDAwMH19",
          "dependencies": [
            "module.main-modules.module.eks.aws_eks_cluster.eks",
            "module.main-modules.module.eks.aws_security_group.worker_node_sg",
            "module.main-modules.module.iam-module.aws_iam_role.master",
            "module.main-modules.module.iam-module.aws_iam_role.worker",
            "module.main-modules.module.iam-module.aws_iam_role_policy_attachment.AmazonEC2ContainerRegistryFullAccessMaster",
            "module.main-modules.module.iam-module.aws_iam_role_policy_attachment.AmazonEC2ContainerRegistryFullAccessWorker",
            "module.main-modules.module.iam-module.aws_iam_role_policy_attachment.AmazonEKSClusterPolicy",
            "module.main-modules.module.iam-module.aws_iam_role_policy_attachment.AmazonEKSServicePolicy",
            "module.main-modules.module.iam-module.aws_iam_role_policy_attachment.AmazonEKSVPCResourceController",
            "module.main-modules.module.iam-module.aws_iam_role_policy_attachment.AmazonEKSWorkerNodePolicy",
            "module.main-modules.module.iam-module.aws_iam_role_policy_attachment.AmazonEKS_CNI_Policy",
            "module.main-modules.module.network-module.aws_subnet.az-subnets",
            "module.main-modules.module.network-module.aws_vpc.myapp-vpc"
          ]
        }
      ]
    },
    {
      "module": "module.main-modules.module.eks",
      "mode": "managed",
      "type": "aws_security_group",
      "name": "worker_node_sg",
      "provider": "provider[\"registry.terraform.io/hashicorp/aws\"]",
      "instances": [
        {
          "index_key": "sg1",
          "schema_version": 1,
          "attributes": {
            "arn": "arn:aws:ec2:us-east-1:175437784856:security-group/sg-039d0ffe27916ebbe",
            "description": "Allow ssh inbound traffic",
            "egress": [
              {
                "cidr_blocks": [
                  "0.0.0.0/0"
                ],
                "description": "",
                "from_port": 0,
                "ipv6_cidr_blocks": [],
                "prefix_list_ids": [],
                "protocol": "-1",
                "security_groups": [],
                "self": false,
                "to_port": 0
              }
            ],
            "id": "sg-039d0ffe27916ebbe",
            "ingress": [
              {
                "cidr_blocks": [
                  "0.0.0.0/0"
                ],
                "description": "",
                "from_port": 22,
                "ipv6_cidr_blocks": [],
                "prefix_list_ids": [],
                "protocol": "tcp",
                "security_groups": [],
                "self": false,
                "to_port": 22
              }
            ],
            "name": "eks-sg",
            "name_prefix": "",
            "owner_id": "175437784856",
            "revoke_rules_on_delete": false,
            "tags": {},
            "tags_all": {},
            "timeouts": null,
            "vpc_id": "vpc-09ad25e1bf2abbbd4"
          },
          "sensitive_attributes": [],
          "private": "eyJlMmJmYjczMC1lY2FhLTExZTYtOGY4OC0zNDM2M2JjN2M0YzAiOnsiY3JlYXRlIjo2MDAwMDAwMDAwMDAsImRlbGV0ZSI6OTAwMDAwMDAwMDAwfSwic2NoZW1hX3ZlcnNpb24iOiIxIn0=",
          "dependencies": [
            "module.main-modules.module.network-module.aws_vpc.myapp-vpc"
          ]
        }
      ]
    },
    {
      "module": "module.main-modules.module.iam-module",
      "mode": "data",
      "type": "aws_caller_identity",
      "name": "current",
      "provider": "provider[\"registry.terraform.io/hashicorp/aws\"]",
      "instances": [
        {
          "schema_version": 0,
          "attributes": {
            "account_id": "175437784856",
            "arn": "arn:aws:iam::175437784856:user/admin",
            "id": "175437784856",
            "user_id": "AIDASRWHIE4MNF5I57MEF"
          },
          "sensitive_attributes": []
        }
      ]
    },
    {
      "module": "module.main-modules.module.iam-module",
      "mode": "data",
      "type": "aws_eks_cluster",
      "name": "example",
      "provider": "provider[\"registry.terraform.io/hashicorp/aws\"]",
      "instances": [
        {
          "schema_version": 0,
          "attributes": {
            "arn": "arn:aws:eks:us-east-1:175437784856:cluster/demo-cluster",
            "certificate_authority": [
              {
                "data": "LS0tLS1CRUdJTiBDRVJUSUZJQ0FURS0tLS0tCk1JSURCVENDQWUyZ0F3SUJBZ0lJQjE5WVgzZUMvVGt3RFFZSktvWklodmNOQVFFTEJRQXdGVEVUTUJFR0ExVUUKQXhNS2EzVmlaWEp1WlhSbGN6QWVGdzB5TXpFeE1qWXhNVEF5TkRoYUZ3MHpNekV4TWpNeE1UQTNORGhhTUJVeApFekFSQmdOVkJBTVRDbXQxWW1WeWJtVjBaWE13Z2dFaU1BMEdDU3FHU0liM0RRRUJBUVVBQTRJQkR3QXdnZ0VLCkFvSUJBUUNZWjU0aDNZSkFveERVQXhkU1dNS2RYN2Ewdk4vTGNDaEEvVWgyK2g2L2NrWkRSN1NUWUFqT2VoRGEKYUdVNjFhZVphT0tyMllKNm5nL1ErbUJ5RWNqTVVDQTUwRXdkR0xVS3dJTnltY1FZUWpQY3k1ODJOcE9GdEpOMAo3cUltNDJPKzB2S1lqdUE1ekpPYzR2Rmt5TVBudjkyaGg5ajlUMVRjVnBhZHhDd29FcDNvd1RMZXg1Rjk3bXRxClpXSm1vdjJrZGNxNHZTU2VxUHZjcUFkU2hUZzRJY3pNb2draWRUNkFaSzVUb1hUWk1tRWE2YlFGR2xMWVpHOHkKME9VQmx0NnYwOGlnSCtmSFdGVW1aQkhTcTBKZkNHUVEzU1ZBY2UrdkZkUkp1QWhSRXZ1eEkxa21ReXk3M3dleQpxWmRraUc0MlpJRnNhVXl1SkJiNktXSTFOQ0VYQWdNQkFBR2pXVEJYTUE0R0ExVWREd0VCL3dRRUF3SUNwREFQCkJnTlZIUk1CQWY4RUJUQURBUUgvTUIwR0ExVWREZ1FXQkJTVDMzdUhDcG5icGJGaFg5R2hOZDdNeklJckJEQVYKQmdOVkhSRUVEakFNZ2dwcmRXSmxjbTVsZEdWek1BMEdDU3FHU0liM0RRRUJDd1VBQTRJQkFRQjNFKzlzWWxsMgpQMmVudTBLSzhIbEZYcFd3aktsdmllV2hwcC9rYWpxd01KcnBHN2VFdmk3eDd2Z2xISjJWQk03WTFTZS8ydHlOCmp5QitiV2pBcTF3dkQwWkJVYTlPRSs2Ty8wdGhLcHZTTHVIVmpHcDNaVWxrNFltL3o2RHhyVUYvMklYUXpHYkkKWW9GbUc5ajdmWDhLQmhabVY1NDJMUnhxaTQ2SHFWdXViclpEdWRzZ05JdTlKSU1NQUhQV294WDJLWGVWd2lhSApBbmpLNG4wMndlcEZqR1l0M1BlTHhzYllMSDZ0YWNJZHlHdGwraEZOdUhDZWRNRDhBRzZGWEdLT1o1cExnWjE3CnBUS3FydGdFdzcydXRpUCtDSUw5VW9VOWh1TnVFTldTbUpkRUJSSlo4VCthamNpbFFUVVlOMTRVVFppK1dGUk8KNm4rbEcwcUNZTEp3Ci0tLS0tRU5EIENFUlRJRklDQVRFLS0tLS0K"
              }
            ],
            "cluster_id": null,
            "created_at": "2023-11-26 11:03:04.643 +0000 UTC",
            "enabled_cluster_log_types": [],
            "endpoint": "https://EECDE51F4D62D34A18971F1BB019C01C.gr7.us-east-1.eks.amazonaws.com",
            "id": "demo-cluster",
            "identity": [
              {
                "oidc": [
                  {
                    "issuer": "https://oidc.eks.us-east-1.amazonaws.com/id/EECDE51F4D62D34A18971F1BB019C01C"
                  }
                ]
              }
            ],
            "kubernetes_network_config": [
              {
                "ip_family": "ipv4",
                "service_ipv4_cidr": "172.20.0.0/16",
                "service_ipv6_cidr": ""
              }
            ],
            "name": "demo-cluster",
            "outpost_config": [],
            "platform_version": "eks.4",
            "role_arn": "arn:aws:iam::175437784856:role/ed-eks-master",
            "status": "ACTIVE",
            "tags": {},
            "version": "1.28",
            "vpc_config": [
              {
                "cluster_security_group_id": "sg-08c7f254bd83adb67",
                "endpoint_private_access": false,
                "endpoint_public_access": true,
                "public_access_cidrs": [
                  "0.0.0.0/0"
                ],
                "security_group_ids": [],
                "subnet_ids": [
                  "subnet-01c12f6a2966f9737",
                  "subnet-0618c20ad1c932d27"
                ],
                "vpc_id": "vpc-09ad25e1bf2abbbd4"
              }
            ]
          },
          "sensitive_attributes": []
        }
      ]
    },
    {
      "module": "module.main-modules.module.iam-module",
      "mode": "data",
      "type": "tls_certificate",
      "name": "cluster",
      "provider": "provider[\"registry.terraform.io/hashicorp/tls\"]",
      "instances": [
        {
          "schema_version": 0,
          "attributes": {
            "certificates": [
              {
                "cert_pem": "-----BEGIN CERTIFICATE-----\nMIIEdTCCA12gAwIBAgIJAKcOSkw0grd/MA0GCSqGSIb3DQEBCwUAMGgxCzAJBgNV\nBAYTAlVTMSUwIwYDVQQKExxTdGFyZmllbGQgVGVjaG5vbG9naWVzLCBJbmMuMTIw\nMAYDVQQLEylTdGFyZmllbGQgQ2xhc3MgMiBDZXJ0aWZpY2F0aW9uIEF1dGhvcml0\neTAeFw0wOTA5MDIwMDAwMDBaFw0zNDA2MjgxNzM5MTZaMIGYMQswCQYDVQQGEwJV\nUzEQMA4GA1UECBMHQXJpem9uYTETMBEGA1UEBxMKU2NvdHRzZGFsZTElMCMGA1UE\nChMcU3RhcmZpZWxkIFRlY2hub2xvZ2llcywgSW5jLjE7MDkGA1UEAxMyU3RhcmZp\nZWxkIFNlcnZpY2VzIFJvb3QgQ2VydGlmaWNhdGUgQXV0aG9yaXR5IC0gRzIwggEi\nMA0GCSqGSIb3DQEBAQUAA4IBDwAwggEKAoIBAQDVDDrEKvlO4vW+GZdfjohTsR8/\ny8+fIBNtKTrID30892t2OGPZNmCom15cAICyL1l/9of5JUOG52kbUpqQ4XHj2C0N\nTm/2yEnZtvMaVq4rtnQU68/7JuMauh2WLmo7WJSJR1b/JaCTcFOD2oR0FMNnngRo\nOt+OQFodSk7PQ5E751bWAHDLUu57fa4657wx+UX2wmDPE1kCK4DMNEffud6QZW0C\nzyyRpqbn3oUYSXxmTqM6bam17jQuug0DuDPfR+uxa40l2ZvOgdFFRjKWcIfeAg5J\nQ4W2bHO7ZOphQazJ1FTfhy/HIrImzJ9ZVGif/L4qL8RVHHVAYBeFAlU5i38FAgMB\nAAGjgfAwge0wDwYDVR0TAQH/BAUwAwEB/zAOBgNVHQ8BAf8EBAMCAYYwHQYDVR0O\nBBYEFJxfAN+qAdcwKziIorhtSpzyEZGDMB8GA1UdIwQYMBaAFL9ft9HO3R+G9FtV\nrNzXEMIOqYjnME8GCCsGAQUFBwEBBEMwQTAcBggrBgEFBQcwAYYQaHR0cDovL28u\nc3MyLnVzLzAhBggrBgEFBQcwAoYVaHR0cDovL3guc3MyLnVzL3guY2VyMCYGA1Ud\nHwQfMB0wG6AZoBeGFWh0dHA6Ly9zLnNzMi51cy9yLmNybDARBgNVHSAECjAIMAYG\nBFUdIAAwDQYJKoZIhvcNAQELBQADggEBACMd44pXyn3pF3lM8R5V/cxTbj5HD9/G\nVfKyBDbtgB9TxF00KGu+x1X8Z+rLP3+QsjPNG1gQggL4+C/1E2DUBc7xgQjB3ad1\nl08YuW3e95ORCLp+QCztweq7dp4zBncdDQh/U90bZKuCJ/Fp1U1ervShw3WnWEQt\n8jxwmKy6abaVd38PMV4s/KCHOkdp8Hlf9BRUpJVeEXgSYCfOn8J3/yNTd126/+pZ\n59vPr5KW7ySaNRB6nJHGDn2Z9j8Z3/VyVOEVqQdZe4O/Ui5GjLIAZHYcSNPYeehu\nVsyuLAOQ1xk4meTKCRlb/weWsKh/NEnfVqn3sF/tM+2MR7cwA130A4w=\n-----END CERTIFICATE-----\n",
                "is_ca": true,
                "issuer": "OU=Starfield Class 2 Certification Authority,O=Starfield Technologies\\, Inc.,C=US",
                "not_after": "2034-06-28T17:39:16Z",
                "not_before": "2009-09-02T00:00:00Z",
                "public_key_algorithm": "RSA",
                "serial_number": "12037640545166866303",
                "sha1_fingerprint": "9e99a48a9960b14926bb7f3b02e22da2b0ab7280",
                "signature_algorithm": "SHA256-RSA",
                "subject": "CN=Starfield Services Root Certificate Authority - G2,O=Starfield Technologies\\, Inc.,L=Scottsdale,ST=Arizona,C=US",
                "version": 3
              },
              {
                "cert_pem": "-----BEGIN CERTIFICATE-----\nMIIEkjCCA3qgAwIBAgITBn+USionzfP6wq4rAfkI7rnExjANBgkqhkiG9w0BAQsF\nADCBmDELMAkGA1UEBhMCVVMxEDAOBgNVBAgTB0FyaXpvbmExEzARBgNVBAcTClNj\nb3R0c2RhbGUxJTAjBgNVBAoTHFN0YXJmaWVsZCBUZWNobm9sb2dpZXMsIEluYy4x\nOzA5BgNVBAMTMlN0YXJmaWVsZCBTZXJ2aWNlcyBSb290IENlcnRpZmljYXRlIEF1\ndGhvcml0eSAtIEcyMB4XDTE1MDUyNTEyMDAwMFoXDTM3MTIzMTAxMDAwMFowOTEL\nMAkGA1UEBhMCVVMxDzANBgNVBAoTBkFtYXpvbjEZMBcGA1UEAxMQQW1hem9uIFJv\nb3QgQ0EgMTCCASIwDQYJKoZIhvcNAQEBBQADggEPADCCAQoCggEBALJ4gHHKeNXj\nca9HgFB0fW7Y14h29Jlo91ghYPl0hAEvrAIthtOgQ3pOsqTQNroBvo3bSMgHFzZM\n9O6II8c+6zf1tRn4SWiw3te5djgdYZ6k/oI2peVKVuRF4fn9tBb6dNqcmzU5L/qw\nIFAGbHrQgLKm+a/sRxmPUDgH3KKHOVj4utWp+UhnMJbulHheb4mjUcAwhmahRWa6\nVOujw5H5SNz/0egwLX0tdHA114gk957EWW67c4cX8jJGKLhD+rcdqsq08p8kDi1L\n93FcXmn/6pUCyziKrlA4b9v7LWIbxcceVOF34GfID5yHI9Y/QCB/IIDEgEw+OyQm\njgSubJrIqg0CAwEAAaOCATEwggEtMA8GA1UdEwEB/wQFMAMBAf8wDgYDVR0PAQH/\nBAQDAgGGMB0GA1UdDgQWBBSEGMyFNOy8DJSULghZnMeyEE4KCDAfBgNVHSMEGDAW\ngBScXwDfqgHXMCs4iKK4bUqc8hGRgzB4BggrBgEFBQcBAQRsMGowLgYIKwYBBQUH\nMAGGImh0dHA6Ly9vY3NwLnJvb3RnMi5hbWF6b250cnVzdC5jb20wOAYIKwYBBQUH\nMAKGLGh0dHA6Ly9jcnQucm9vdGcyLmFtYXpvbnRydXN0LmNvbS9yb290ZzIuY2Vy\nMD0GA1UdHwQ2MDQwMqAwoC6GLGh0dHA6Ly9jcmwucm9vdGcyLmFtYXpvbnRydXN0\nLmNvbS9yb290ZzIuY3JsMBEGA1UdIAQKMAgwBgYEVR0gADANBgkqhkiG9w0BAQsF\nAAOCAQEAYjdCXLwQtT6LLOkMm2xF4gcAevnFWAu5CIw+7bMlPLVvUOTNNWqnkzSW\nMiGpSESrnO09tKpzbeR/FoCJbM8oAxiDR3mjEH4wW6w7sGDgd9QIpuEdfF7Au/ma\neyKdpwAJfqxGF4PcnCZXmTA5YpaP7dreqsXMGz7KQ2hsVxa81Q4gLv7/wmpdLqBK\nbRRYh5TmOTFffHPLkIhqhBGWJ6bt2YFGpn6jcgAKUj6DiAdjd4lpFw85hdKrCEVN\n0FE6/V1dN2RMfjCyVSRCnTawXZwXgWHxyvkQAiSr6w10kY17RSlQOYiypok1JR4U\nakcjMS9cmvqtmg5iUaQqqcT5NJ0hGA==\n-----END CERTIFICATE-----\n",
                "is_ca": true,
                "issuer": "CN=Starfield Services Root Certificate Authority - G2,O=Starfield Technologies\\, Inc.,L=Scottsdale,ST=Arizona,C=US",
                "not_after": "2037-12-31T01:00:00Z",
                "not_before": "2015-05-25T12:00:00Z",
                "public_key_algorithm": "RSA",
                "serial_number": "144918191876577076464031512351042010504348870",
                "sha1_fingerprint": "06b25927c42a721631c1efd9431e648fa62e1e39",
                "signature_algorithm": "SHA256-RSA",
                "subject": "CN=Amazon Root CA 1,O=Amazon,C=US",
                "version": 3
              },
              {
                "cert_pem": "-----BEGIN CERTIFICATE-----\nMIIEXjCCA0agAwIBAgITB3MSSkvL1E7HtTvq8ZSELToPoTANBgkqhkiG9w0BAQsF\nADA5MQswCQYDVQQGEwJVUzEPMA0GA1UEChMGQW1hem9uMRkwFwYDVQQDExBBbWF6\nb24gUm9vdCBDQSAxMB4XDTIyMDgyMzIyMjUzMFoXDTMwMDgyMzIyMjUzMFowPDEL\nMAkGA1UEBhMCVVMxDzANBgNVBAoTBkFtYXpvbjEcMBoGA1UEAxMTQW1hem9uIFJT\nQSAyMDQ4IE0wMjCCASIwDQYJKoZIhvcNAQEBBQADggEPADCCAQoCggEBALtDGMZa\nqHneKei1by6+pUPPLljTB143Si6VpEWPc6mSkFhZb/6qrkZyoHlQLbDYnI2D7hD0\nsdzEqfnuAjIsuXQLG3A8TvX6V3oFNBFVe8NlLJHvBseKY88saLwufxkZVwk74g4n\nWlNMXzla9Y5F3wwRHwMVH443xGz6UtGSZSqQ94eFx5X7Tlqt8whi8qCaKdZ5rNak\n+r9nUThOeClqFd4oXych//Rc7Y0eX1KNWHYSI1Nk31mYgiK3JvH063g+K9tHA63Z\neTgKgndlh+WI+zv7i44HepRZjA1FYwYZ9Vv/9UkC5Yz8/yU65fgjaE+wVHM4e/Yy\nC2osrPWE7gJ+dXMCAwEAAaOCAVowggFWMBIGA1UdEwEB/wQIMAYBAf8CAQAwDgYD\nVR0PAQH/BAQDAgGGMB0GA1UdJQQWMBQGCCsGAQUFBwMBBggrBgEFBQcDAjAdBgNV\nHQ4EFgQUwDFSzVpQw4J8dHHOy+mc+XrrguIwHwYDVR0jBBgwFoAUhBjMhTTsvAyU\nlC4IWZzHshBOCggwewYIKwYBBQUHAQEEbzBtMC8GCCsGAQUFBzABhiNodHRwOi8v\nb2NzcC5yb290Y2ExLmFtYXpvbnRydXN0LmNvbTA6BggrBgEFBQcwAoYuaHR0cDov\nL2NydC5yb290Y2ExLmFtYXpvbnRydXN0LmNvbS9yb290Y2ExLmNlcjA/BgNVHR8E\nODA2MDSgMqAwhi5odHRwOi8vY3JsLnJvb3RjYTEuYW1hem9udHJ1c3QuY29tL3Jv\nb3RjYTEuY3JsMBMGA1UdIAQMMAowCAYGZ4EMAQIBMA0GCSqGSIb3DQEBCwUAA4IB\nAQAtTi6Fs0Azfi+iwm7jrz+CSxHH+uHl7Law3MQSXVtR8RV53PtR6r/6gNpqlzdo\nZq4FKbADi1v9Bun8RY8D51uedRfjsbeodizeBB8nXmeyD33Ep7VATj4ozcd31YFV\nfgRhvTSxNrrTlNpWkUk0m3BMPv8sg381HhA6uEYokE5q9uws/3YkKqRiEz3TsaWm\nJqIRZhMbgAfp7O7FUwFIb7UIspogZSKxPIWJpxiPo3TcBambbVtQOcNRWz5qCQdD\nslI2yayq0n2TXoHyNCLEH8rpsJRVILFsg0jc7BaFrMnF462+ajSehgj12IidNeRN\n4zl+EoNaWdpnWndvSpAEkq2P\n-----END CERTIFICATE-----\n",
                "is_ca": true,
                "issuer": "CN=Amazon Root CA 1,O=Amazon,C=US",
                "not_after": "2030-08-23T22:25:30Z",
                "not_before": "2022-08-23T22:25:30Z",
                "public_key_algorithm": "RSA",
                "serial_number": "166129353110899469622597955040406457904926625",
                "sha1_fingerprint": "414a2060b738c635cc7fc243e052615592830c53",
                "signature_algorithm": "SHA256-RSA",
                "subject": "CN=Amazon RSA 2048 M02,O=Amazon,C=US",
                "version": 3
              },
              {
                "cert_pem": "-----BEGIN CERTIFICATE-----\nMIIF7DCCBNSgAwIBAgIQByOkjeOvl//8xMrhlZkruzANBgkqhkiG9w0BAQsFADA8\nMQswCQYDVQQGEwJVUzEPMA0GA1UEChMGQW1hem9uMRwwGgYDVQQDExNBbWF6b24g\nUlNBIDIwNDggTTAyMB4XDTIzMDUxMzAwMDAwMFoXDTI0MDYxMDIzNTk1OVowKzEp\nMCcGA1UEAxMgb2lkYy5la3MudXMtZWFzdC0xLmFtYXpvbmF3cy5jb20wggEiMA0G\nCSqGSIb3DQEBAQUAA4IBDwAwggEKAoIBAQClT+mO1HZk/Gp/3sS6BO8QDhG0yK53\nE11wkdlUn9HEomcqZ2VVhbEG4ahOZY5MLUqIQViMswUueYFov57zyGnPSnH0IrMu\nmL3/dqxEwP96VPm5ZgbjCfartRfJcuYmmMCoWxocMdTq09ECEjawt47i4FmOLJmH\n+UUnisQgHMvPHtCrfL1WYAgdN3ls4meIFkS1CVHLmoCG9MuponJu3+uqw9UHxPZz\nvGLezHUUSzLE0+b+1Wd6DAPJBZmCa+PBweaRfrlqhhgW+QHcCK7XxlfwMxvzwmdv\nicOBHF7SJM/o3opUvrUf/XJCtCDHuv0GQNxyCcpJImQJ4Ae0MtEihY/rAgMBAAGj\nggL5MIIC9TAfBgNVHSMEGDAWgBTAMVLNWlDDgnx0cc7L6Zz5euuC4jAdBgNVHQ4E\nFgQUeamiamg4o8YroTJziJnlxHJnDdEwKwYDVR0RBCQwIoIgb2lkYy5la3MudXMt\nZWFzdC0xLmFtYXpvbmF3cy5jb20wDgYDVR0PAQH/BAQDAgWgMB0GA1UdJQQWMBQG\nCCsGAQUFBwMBBggrBgEFBQcDAjA7BgNVHR8ENDAyMDCgLqAshipodHRwOi8vY3Js\nLnIybTAyLmFtYXpvbnRydXN0LmNvbS9yMm0wMi5jcmwwEwYDVR0gBAwwCjAIBgZn\ngQwBAgEwdQYIKwYBBQUHAQEEaTBnMC0GCCsGAQUFBzABhiFodHRwOi8vb2NzcC5y\nMm0wMi5hbWF6b250cnVzdC5jb20wNgYIKwYBBQUHMAKGKmh0dHA6Ly9jcnQucjJt\nMDIuYW1hem9udHJ1c3QuY29tL3IybTAyLmNlcjAMBgNVHRMBAf8EAjAAMIIBfgYK\nKwYBBAHWeQIEAgSCAW4EggFqAWgAdgDuzdBk1dsazsVct520zROiModGfLzs3sNR\nSFlGcR+1mwAAAYgTgMKgAAAEAwBHMEUCIHtTzRueHJdgA2Wq32YkXNXRJ1ZRD2uC\nQCn025Jin2hCAiEAlV/lCQaMq1JoBRlULDV7n9f/VS8+xyJSVgMFRFwFtzsAdgBI\nsONr2qZHNA/lagL6nTDrHFIBy1bdLIHZu7+rOdiEcwAAAYgTgMLXAAAEAwBHMEUC\nIAKsJE1jj4gpyaa2VgkbHFszMoco2rABil1iy2YvVzmTAiEAsuzpO1atz7WIx1CM\nMU9iMqq58yDpLhjQFktRuWamDlsAdgDatr9rP7W2Ip+bwrtca+hwkXFsu1GEhTS9\npD0wSNf7qwAAAYgTgMKjAAAEAwBHMEUCIHuwITeM92ncsbOvXgXPQjLHDLgReknJ\nTUoo4uIlPetJAiEApQ3W+NHlj6/RhckoAxGn4zE1alq+Y3Bk3JUFAvDrR78wDQYJ\nKoZIhvcNAQELBQADggEBAFNUUzuzuuDQMUvefHzllQPg/zbGNeDRZeOomSl1FrxS\nFJ0CA2vznfoTXAJLS2/aWlQT9mR3h6WlxI5XSUaLrzcZi94F+l6Ixn8DJUhfgf+O\nZUxtmBX91AEQ1ccU+Odj2ILrWdSs28J82ODoPlkJ6OqIYo+kEXrUwy8SM2N9iFJw\nHgZNOwzPQ2Ox/ozlRh6/6OUgYZ84j343BoDnNbTQijLBe6HL4pVw4nPKWrUQnTot\nxMymAcBknnb4X4TcmEoJ0CrB1H6FKfe8yASCLjwSC72Os9ADyADMZqTUSOH1V8Vh\nR3Zv4DlLItu8BHaE59teueLM9AW1PBFMci5JiYrgLEM=\n-----END CERTIFICATE-----\n",
                "is_ca": false,
                "issuer": "CN=Amazon RSA 2048 M02,O=Amazon,C=US",
                "not_after": "2024-06-10T23:59:59Z",
                "not_before": "2023-05-13T00:00:00Z",
                "public_key_algorithm": "RSA",
                "serial_number": "9489663917354420509896793514074254267",
                "sha1_fingerprint": "aaa68bb211d468db8a8a19561ccba2e4043dcc80",
                "signature_algorithm": "SHA256-RSA",
                "subject": "CN=oidc.eks.us-east-1.amazonaws.com",
                "version": 3
              }
            ],
            "content": null,
            "id": "5933588ce34e24e9fb40c3565fb0b5993639df67",
            "url": "https://oidc.eks.us-east-1.amazonaws.com/id/EECDE51F4D62D34A18971F1BB019C01C",
            "verify_chain": true
          },
          "sensitive_attributes": []
        }
      ]
    },
    {
      "module": "module.main-modules.module.iam-module",
      "mode": "managed",
      "type": "aws_iam_instance_profile",
      "name": "ec2-role-profile",
      "provider": "provider[\"registry.terraform.io/hashicorp/aws\"]",
      "instances": [
        {
          "schema_version": 0,
          "attributes": {
            "arn": "arn:aws:iam::175437784856:instance-profile/EC2IAMInstanceProfile",
            "create_date": "2023-11-26T11:02:40Z",
            "id": "EC2IAMInstanceProfile",
            "name": "EC2IAMInstanceProfile",
            "name_prefix": "",
            "path": "/",
            "role": "EC2RoleWithPermissions",
            "tags": {},
            "tags_all": {},
            "unique_id": "AIPASRWHIE4MKAOMSTAKR"
          },
          "sensitive_attributes": [],
          "private": "bnVsbA==",
          "dependencies": [
            "module.main-modules.module.iam-module.aws_iam_role.ec2_role"
          ]
        }
      ]
    },
    {
      "module": "module.main-modules.module.iam-module",
      "mode": "managed",
      "type": "aws_iam_instance_profile",
      "name": "worker",
      "provider": "provider[\"registry.terraform.io/hashicorp/aws\"]",
      "instances": [
        {
          "schema_version": 0,
          "attributes": {
            "arn": "arn:aws:iam::175437784856:instance-profile/ed-eks-worker-new-profile",
            "create_date": "2023-11-26T11:02:39Z",
            "id": "ed-eks-worker-new-profile",
            "name": "ed-eks-worker-new-profile",
            "name_prefix": "",
            "path": "/",
            "role": "ed-eks-worker",
            "tags": {},
            "tags_all": {},
            "unique_id": "AIPASRWHIE4MGUADX6UYW"
          },
          "sensitive_attributes": [],
          "private": "bnVsbA==",
          "dependencies": [
            "module.main-modules.module.iam-module.aws_iam_role.worker"
          ]
        }
      ]
    },
    {
      "module": "module.main-modules.module.iam-module",
      "mode": "managed",
      "type": "aws_iam_openid_connect_provider",
      "name": "openid-cluster",
      "provider": "provider[\"registry.terraform.io/hashicorp/aws\"]",
      "instances": [
        {
          "schema_version": 0,
          "attributes": {
            "arn": "arn:aws:iam::175437784856:oidc-provider/oidc.eks.us-east-1.amazonaws.com/id/EECDE51F4D62D34A18971F1BB019C01C",
            "client_id_list": [
              "sts.amazonaws.com"
            ],
            "id": "arn:aws:iam::175437784856:oidc-provider/oidc.eks.us-east-1.amazonaws.com/id/EECDE51F4D62D34A18971F1BB019C01C",
            "tags": {},
            "tags_all": {},
            "thumbprint_list": [
              "9e99a48a9960b14926bb7f3b02e22da2b0ab7280"
            ],
            "url": "oidc.eks.us-east-1.amazonaws.com/id/EECDE51F4D62D34A18971F1BB019C01C"
          },
          "sensitive_attributes": [],
          "private": "bnVsbA==",
          "dependencies": [
            "module.main-modules.module.ec2.aws_instance.ansible-ec2-instance",
            "module.main-modules.module.ec2.aws_instance.bootstrap-ec2-instance",
            "module.main-modules.module.ec2.aws_instance.jenkins-ec2-instance",
            "module.main-modules.module.ec2.aws_security_group.instances_sgs",
            "module.main-modules.module.ec2.data.aws_ami.latest-amazon-linux-image",
            "module.main-modules.module.ec2.data.aws_ami.latest_ubuntu",
            "module.main-modules.module.eks.aws_eks_cluster.eks",
            "module.main-modules.module.iam-module.aws_iam_role.master",
            "module.main-modules.module.iam-module.aws_iam_role_policy_attachment.AmazonEC2ContainerRegistryFullAccessMaster",
            "module.main-modules.module.iam-module.aws_iam_role_policy_attachment.AmazonEKSClusterPolicy",
            "module.main-modules.module.iam-module.aws_iam_role_policy_attachment.AmazonEKSServicePolicy",
            "module.main-modules.module.iam-module.aws_iam_role_policy_attachment.AmazonEKSVPCResourceController",
            "module.main-modules.module.iam-module.data.aws_eks_cluster.example",
            "module.main-modules.module.iam-module.data.tls_certificate.cluster",
            "module.main-modules.module.keypairs-module.tls_private_key.ssh-pk",
            "module.main-modules.module.network-module.aws_subnet.az-subnets",
            "module.main-modules.module.network-module.aws_vpc.myapp-vpc",
            "module.main-modules.module.s3-module.aws_s3_bucket.helm-bucket",
            "module.main-modules.module.s3-module.random_id.rnd"
          ]
        }
      ]
    },
    {
      "module": "module.main-modules.module.iam-module",
      "mode": "managed",
      "type": "aws_iam_policy",
      "name": "autoscaler",
      "provider": "provider[\"registry.terraform.io/hashicorp/aws\"]",
      "instances": [
        {
          "schema_version": 0,
          "attributes": {
            "arn": "arn:aws:iam::175437784856:policy/ed-eks-autoscaler-policy",
            "description": "",
            "id": "arn:aws:iam::175437784856:policy/ed-eks-autoscaler-policy",
            "name": "ed-eks-autoscaler-policy",
            "name_prefix": "",
            "path": "/",
            "policy": "{\"Statement\":[{\"Action\":[\"autoscaling:DescribeAutoScalingGroups\",\"autoscaling:DescribeAutoScalingInstances\",\"autoscaling:DescribeTags\",\"autoscaling:DescribeLaunchConfigurations\",\"autoscaling:SetDesiredCapacity\",\"autoscaling:TerminateInstanceInAutoScalingGroup\",\"ec2:DescribeLaunchTemplateVersions\"],\"Effect\":\"Allow\",\"Resource\":\"*\"}],\"Version\":\"2012-10-17\"}",
            "policy_id": "ANPASRWHIE4MNP7B7LBZY",
            "tags": {},
            "tags_all": {}
          },
          "sensitive_attributes": [],
          "private": "bnVsbA=="
        }
      ]
    },
    {
      "module": "module.main-modules.module.iam-module",
      "mode": "managed",
      "type": "aws_iam_policy",
      "name": "loadbalancer-controller-policy",
      "provider": "provider[\"registry.terraform.io/hashicorp/aws\"]",
      "instances": [
        {
          "schema_version": 0,
          "attributes": {
            "arn": "arn:aws:iam::175437784856:policy/loadbalancer-controller-policy",
            "description": "",
            "id": "arn:aws:iam::175437784856:policy/loadbalancer-controller-policy",
            "name": "loadbalancer-controller-policy",
            "name_prefix": "",
            "path": "/",
            "policy": "{\"Statement\":[{\"Action\":[\"iam:CreateServiceLinkedRole\"],\"Condition\":{\"StringEquals\":{\"iam:AWSServiceName\":\"elasticloadbalancing.amazonaws.com\"}},\"Effect\":\"Allow\",\"Resource\":\"*\"},{\"Action\":[\"ec2:DescribeAccountAttributes\",\"ec2:DescribeAddresses\",\"ec2:DescribeAvailabilityZones\",\"ec2:DescribeInternetGateways\",\"ec2:DescribeVpcs\",\"ec2:DescribeVpcPeeringConnections\",\"ec2:DescribeSubnets\",\"ec2:DescribeSecurityGroups\",\"ec2:DescribeInstances\",\"ec2:DescribeNetworkInterfaces\",\"ec2:DescribeTags\",\"ec2:GetCoipPoolUsage\",\"ec2:DescribeCoipPools\",\"elasticloadbalancing:DescribeLoadBalancers\",\"elasticloadbalancing:DescribeLoadBalancerAttributes\",\"elasticloadbalancing:DescribeListeners\",\"elasticloadbalancing:DescribeListenerCertificates\",\"elasticloadbalancing:DescribeSSLPolicies\",\"elasticloadbalancing:DescribeRules\",\"elasticloadbalancing:DescribeTargetGroups\",\"elasticloadbalancing:DescribeTargetGroupAttributes\",\"elasticloadbalancing:DescribeTargetHealth\",\"elasticloadbalancing:DescribeTags\"],\"Effect\":\"Allow\",\"Resource\":\"*\"},{\"Action\":[\"cognito-idp:DescribeUserPoolClient\",\"acm:ListCertificates\",\"acm:DescribeCertificate\",\"iam:ListServerCertificates\",\"iam:GetServerCertificate\",\"waf-regional:GetWebACL\",\"waf-regional:GetWebACLForResource\",\"waf-regional:AssociateWebACL\",\"waf-regional:DisassociateWebACL\",\"wafv2:GetWebACL\",\"wafv2:GetWebACLForResource\",\"wafv2:AssociateWebACL\",\"wafv2:DisassociateWebACL\",\"shield:GetSubscriptionState\",\"shield:DescribeProtection\",\"shield:CreateProtection\",\"shield:DeleteProtection\"],\"Effect\":\"Allow\",\"Resource\":\"*\"},{\"Action\":[\"ec2:AuthorizeSecurityGroupIngress\",\"ec2:RevokeSecurityGroupIngress\"],\"Effect\":\"Allow\",\"Resource\":\"*\"},{\"Action\":[\"ec2:CreateSecurityGroup\"],\"Effect\":\"Allow\",\"Resource\":\"*\"},{\"Action\":[\"ec2:CreateTags\"],\"Condition\":{\"Null\":{\"aws:RequestTag/elbv2.k8s.aws/cluster\":\"false\"},\"StringEquals\":{\"ec2:CreateAction\":\"CreateSecurityGroup\"}},\"Effect\":\"Allow\",\"Resource\":\"arn:aws:ec2:*:*:security-group/*\"},{\"Action\":[\"ec2:CreateTags\",\"ec2:DeleteTags\"],\"Condition\":{\"Null\":{\"aws:RequestTag/elbv2.k8s.aws/cluster\":\"true\",\"aws:ResourceTag/elbv2.k8s.aws/cluster\":\"false\"}},\"Effect\":\"Allow\",\"Resource\":\"arn:aws:ec2:*:*:security-group/*\"},{\"Action\":[\"ec2:AuthorizeSecurityGroupIngress\",\"ec2:RevokeSecurityGroupIngress\",\"ec2:DeleteSecurityGroup\"],\"Condition\":{\"Null\":{\"aws:ResourceTag/elbv2.k8s.aws/cluster\":\"false\"}},\"Effect\":\"Allow\",\"Resource\":\"*\"},{\"Action\":[\"elasticloadbalancing:CreateLoadBalancer\",\"elasticloadbalancing:CreateTargetGroup\"],\"Condition\":{\"Null\":{\"aws:RequestTag/elbv2.k8s.aws/cluster\":\"false\"}},\"Effect\":\"Allow\",\"Resource\":\"*\"},{\"Action\":[\"elasticloadbalancing:CreateListener\",\"elasticloadbalancing:DeleteListener\",\"elasticloadbalancing:CreateRule\",\"elasticloadbalancing:DeleteRule\"],\"Effect\":\"Allow\",\"Resource\":\"*\"},{\"Action\":[\"elasticloadbalancing:AddTags\",\"elasticloadbalancing:RemoveTags\"],\"Condition\":{\"Null\":{\"aws:RequestTag/elbv2.k8s.aws/cluster\":\"true\",\"aws:ResourceTag/elbv2.k8s.aws/cluster\":\"false\"}},\"Effect\":\"Allow\",\"Resource\":[\"arn:aws:elasticloadbalancing:*:*:targetgroup/*/*\",\"arn:aws:elasticloadbalancing:*:*:loadbalancer/net/*/*\",\"arn:aws:elasticloadbalancing:*:*:loadbalancer/app/*/*\"]},{\"Action\":[\"elasticloadbalancing:AddTags\",\"elasticloadbalancing:RemoveTags\"],\"Effect\":\"Allow\",\"Resource\":[\"arn:aws:elasticloadbalancing:*:*:listener/net/*/*/*\",\"arn:aws:elasticloadbalancing:*:*:listener/app/*/*/*\",\"arn:aws:elasticloadbalancing:*:*:listener-rule/net/*/*/*\",\"arn:aws:elasticloadbalancing:*:*:listener-rule/app/*/*/*\"]},{\"Action\":[\"elasticloadbalancing:ModifyLoadBalancerAttributes\",\"elasticloadbalancing:SetIpAddressType\",\"elasticloadbalancing:SetSecurityGroups\",\"elasticloadbalancing:SetSubnets\",\"elasticloadbalancing:DeleteLoadBalancer\",\"elasticloadbalancing:ModifyTargetGroup\",\"elasticloadbalancing:ModifyTargetGroupAttributes\",\"elasticloadbalancing:DeleteTargetGroup\"],\"Condition\":{\"Null\":{\"aws:ResourceTag/elbv2.k8s.aws/cluster\":\"false\"}},\"Effect\":\"Allow\",\"Resource\":\"*\"},{\"Action\":[\"elasticloadbalancing:RegisterTargets\",\"elasticloadbalancing:DeregisterTargets\"],\"Effect\":\"Allow\",\"Resource\":\"arn:aws:elasticloadbalancing:*:*:targetgroup/*/*\"},{\"Action\":[\"elasticloadbalancing:SetWebAcl\",\"elasticloadbalancing:ModifyListener\",\"elasticloadbalancing:AddListenerCertificates\",\"elasticloadbalancing:RemoveListenerCertificates\",\"elasticloadbalancing:ModifyRule\"],\"Effect\":\"Allow\",\"Resource\":\"*\"}],\"Version\":\"2012-10-17\"}",
            "policy_id": "ANPASRWHIE4MDJCRPE3QL",
            "tags": {},
            "tags_all": {}
          },
          "sensitive_attributes": [],
          "private": "bnVsbA==",
          "dependencies": [
            "module.main-modules.module.ec2.aws_instance.ansible-ec2-instance",
            "module.main-modules.module.ec2.aws_instance.bootstrap-ec2-instance",
            "module.main-modules.module.ec2.aws_instance.jenkins-ec2-instance",
            "module.main-modules.module.ec2.aws_security_group.instances_sgs",
            "module.main-modules.module.ec2.data.aws_ami.latest-amazon-linux-image",
            "module.main-modules.module.ec2.data.aws_ami.latest_ubuntu",
            "module.main-modules.module.eks.aws_eks_cluster.eks",
            "module.main-modules.module.iam-module.aws_iam_role.master",
            "module.main-modules.module.iam-module.aws_iam_role_policy_attachment.AmazonEC2ContainerRegistryFullAccessMaster",
            "module.main-modules.module.iam-module.aws_iam_role_policy_attachment.AmazonEKSClusterPolicy",
            "module.main-modules.module.iam-module.aws_iam_role_policy_attachment.AmazonEKSServicePolicy",
            "module.main-modules.module.iam-module.aws_iam_role_policy_attachment.AmazonEKSVPCResourceController",
            "module.main-modules.module.keypairs-module.tls_private_key.ssh-pk",
            "module.main-modules.module.network-module.aws_subnet.az-subnets",
            "module.main-modules.module.network-module.aws_vpc.myapp-vpc",
            "module.main-modules.module.s3-module.aws_s3_bucket.helm-bucket",
            "module.main-modules.module.s3-module.random_id.rnd"
          ]
        }
      ]
    },
    {
      "module": "module.main-modules.module.iam-module",
      "mode": "managed",
      "type": "aws_iam_role",
      "name": "ec2_role",
      "provider": "provider[\"registry.terraform.io/hashicorp/aws\"]",
      "instances": [
        {
          "schema_version": 0,
          "attributes": {
            "arn": "arn:aws:iam::175437784856:role/EC2RoleWithPermissions",
            "assume_role_policy": "{\"Statement\":[{\"Action\":\"sts:AssumeRole\",\"Effect\":\"Allow\",\"Principal\":{\"Service\":\"ec2.amazonaws.com\"}}],\"Version\":\"2012-10-17\"}",
            "create_date": "2023-11-26T11:02:37Z",
            "description": "",
            "force_detach_policies": false,
            "id": "EC2RoleWithPermissions",
            "inline_policy": [],
            "managed_policy_arns": [
              "arn:aws:iam::aws:policy/AWSCloudFormationFullAccess",
              "arn:aws:iam::aws:policy/AdministratorAccess",
              "arn:aws:iam::aws:policy/AmazonEC2FullAccess",
              "arn:aws:iam::aws:policy/IAMFullAccess"
            ],
            "max_session_duration": 3600,
            "name": "EC2RoleWithPermissions",
            "name_prefix": "",
            "path": "/",
            "permissions_boundary": "",
            "tags": {},
            "tags_all": {},
            "unique_id": "AROASRWHIE4ML5LOZ4FSM"
          },
          "sensitive_attributes": [],
          "private": "bnVsbA=="
        }
      ]
    },
    {
      "module": "module.main-modules.module.iam-module",
      "mode": "managed",
      "type": "aws_iam_role",
      "name": "loadbalancer-controller-role",
      "provider": "provider[\"registry.terraform.io/hashicorp/aws\"]",
      "instances": [
        {
          "schema_version": 0,
          "attributes": {
            "arn": "arn:aws:iam::175437784856:role/loadbalancer-controller-role",
            "assume_role_policy": "{\"Statement\":[{\"Action\":\"sts:AssumeRoleWithWebIdentity\",\"Condition\":{\"StringEquals\":{\"oidc.eks.us-east-1.amazonaws.com/id/EECDE51F4D62D34A18971F1BB019C01C:aud\":\"sts.amazonaws.com\",\"oidc.eks.us-east-1.amazonaws.com/id/EECDE51F4D62D34A18971F1BB019C01C:sub\":\"system:serviceaccount:kube-system:aws-load-balancer-controller\"}},\"Effect\":\"Allow\",\"Principal\":{\"Federated\":\"arn:aws:iam::175437784856:oidc-provider/oidc.eks.us-east-1.amazonaws.com/id/EECDE51F4D62D34A18971F1BB019C01C\"}}],\"Version\":\"2012-10-17\"}",
            "create_date": "2023-11-26T11:16:35Z",
            "description": "",
            "force_detach_policies": false,
            "id": "loadbalancer-controller-role",
            "inline_policy": [],
            "managed_policy_arns": [
              "arn:aws:iam::175437784856:policy/loadbalancer-controller-policy",
              "arn:aws:iam::aws:policy/ElasticLoadBalancingFullAccess"
            ],
            "max_session_duration": 3600,
            "name": "loadbalancer-controller-role",
            "name_prefix": "",
            "path": "/",
            "permissions_boundary": "",
            "tags": {},
            "tags_all": {},
            "unique_id": "AROASRWHIE4MPBJT7UEAK"
          },
          "sensitive_attributes": [],
          "private": "bnVsbA==",
          "dependencies": [
            "module.main-modules.module.ec2.aws_instance.ansible-ec2-instance",
            "module.main-modules.module.ec2.aws_instance.bootstrap-ec2-instance",
            "module.main-modules.module.ec2.aws_instance.jenkins-ec2-instance",
            "module.main-modules.module.ec2.aws_security_group.instances_sgs",
            "module.main-modules.module.ec2.data.aws_ami.latest-amazon-linux-image",
            "module.main-modules.module.ec2.data.aws_ami.latest_ubuntu",
            "module.main-modules.module.eks.aws_eks_cluster.eks",
            "module.main-modules.module.iam-module.aws_iam_openid_connect_provider.openid-cluster",
            "module.main-modules.module.iam-module.aws_iam_role.master",
            "module.main-modules.module.iam-module.aws_iam_role_policy_attachment.AmazonEC2ContainerRegistryFullAccessMaster",
            "module.main-modules.module.iam-module.aws_iam_role_policy_attachment.AmazonEKSClusterPolicy",
            "module.main-modules.module.iam-module.aws_iam_role_policy_attachment.AmazonEKSServicePolicy",
            "module.main-modules.module.iam-module.aws_iam_role_policy_attachment.AmazonEKSVPCResourceController",
            "module.main-modules.module.iam-module.data.aws_caller_identity.current",
            "module.main-modules.module.iam-module.data.aws_eks_cluster.example",
            "module.main-modules.module.iam-module.data.tls_certificate.cluster",
            "module.main-modules.module.keypairs-module.tls_private_key.ssh-pk",
            "module.main-modules.module.network-module.aws_subnet.az-subnets",
            "module.main-modules.module.network-module.aws_vpc.myapp-vpc",
            "module.main-modules.module.s3-module.aws_s3_bucket.helm-bucket",
            "module.main-modules.module.s3-module.random_id.rnd"
          ]
        }
      ]
    },
    {
      "module": "module.main-modules.module.iam-module",
      "mode": "managed",
      "type": "aws_iam_role",
      "name": "master",
      "provider": "provider[\"registry.terraform.io/hashicorp/aws\"]",
      "instances": [
        {
          "schema_version": 0,
          "attributes": {
            "arn": "arn:aws:iam::175437784856:role/ed-eks-master",
            "assume_role_policy": "{\"Statement\":[{\"Action\":\"sts:AssumeRole\",\"Effect\":\"Allow\",\"Principal\":{\"Service\":[\"eks.amazonaws.com\",\"ec2.amazonaws.com\"]}}],\"Version\":\"2012-10-17\"}",
            "create_date": "2023-11-26T11:02:37Z",
            "description": "",
            "force_detach_policies": false,
            "id": "ed-eks-master",
            "inline_policy": [],
            "managed_policy_arns": [
              "arn:aws:iam::aws:policy/AmazonEC2ContainerRegistryFullAccess",
              "arn:aws:iam::aws:policy/AmazonEKSClusterPolicy",
              "arn:aws:iam::aws:policy/AmazonEKSServicePolicy",
              "arn:aws:iam::aws:policy/AmazonEKSVPCResourceController"
            ],
            "max_session_duration": 3600,
            "name": "ed-eks-master",
            "name_prefix": "",
            "path": "/",
            "permissions_boundary": "",
            "tags": {},
            "tags_all": {},
            "unique_id": "AROASRWHIE4MMHYUMTJQ4"
          },
          "sensitive_attributes": [],
          "private": "bnVsbA=="
        }
      ]
    },
    {
      "module": "module.main-modules.module.iam-module",
      "mode": "managed",
      "type": "aws_iam_role",
      "name": "worker",
      "provider": "provider[\"registry.terraform.io/hashicorp/aws\"]",
      "instances": [
        {
          "schema_version": 0,
          "attributes": {
            "arn": "arn:aws:iam::175437784856:role/ed-eks-worker",
            "assume_role_policy": "{\"Statement\":[{\"Action\":\"sts:AssumeRole\",\"Effect\":\"Allow\",\"Principal\":{\"Service\":\"ec2.amazonaws.com\"}}],\"Version\":\"2012-10-17\"}",
            "create_date": "2023-11-26T11:02:37Z",
            "description": "",
            "force_detach_policies": false,
            "id": "ed-eks-worker",
            "inline_policy": [],
            "managed_policy_arns": [
              "arn:aws:iam::175437784856:policy/ed-eks-autoscaler-policy",
              "arn:aws:iam::aws:policy/AWSXRayDaemonWriteAccess",
              "arn:aws:iam::aws:policy/AmazonEC2ContainerRegistryFullAccess",
              "arn:aws:iam::aws:policy/AmazonEKSWorkerNodePolicy",
              "arn:aws:iam::aws:policy/AmazonEKS_CNI_Policy",
              "arn:aws:iam::aws:policy/AmazonS3ReadOnlyAccess",
              "arn:aws:iam::aws:policy/AmazonSSMManagedInstanceCore"
            ],
            "max_session_duration": 3600,
            "name": "ed-eks-worker",
            "name_prefix": "",
            "path": "/",
            "permissions_boundary": "",
            "tags": {},
            "tags_all": {},
            "unique_id": "AROASRWHIE4MPQKWM6P6B"
          },
          "sensitive_attributes": [],
          "private": "bnVsbA=="
        }
      ]
    },
    {
      "module": "module.main-modules.module.iam-module",
      "mode": "managed",
      "type": "aws_iam_role_policy_attachment",
      "name": "AmazonEC2ContainerRegistryFullAccessMaster",
      "provider": "provider[\"registry.terraform.io/hashicorp/aws\"]",
      "instances": [
        {
          "schema_version": 0,
          "attributes": {
            "id": "ed-eks-master-20231126110238569000000001",
            "policy_arn": "arn:aws:iam::aws:policy/AmazonEC2ContainerRegistryFullAccess",
            "role": "ed-eks-master"
          },
          "sensitive_attributes": [],
          "private": "bnVsbA==",
          "dependencies": [
            "module.main-modules.module.iam-module.aws_iam_role.master"
          ]
        }
      ]
    },
    {
      "module": "module.main-modules.module.iam-module",
      "mode": "managed",
      "type": "aws_iam_role_policy_attachment",
      "name": "AmazonEC2ContainerRegistryFullAccessWorker",
      "provider": "provider[\"registry.terraform.io/hashicorp/aws\"]",
      "instances": [
        {
          "schema_version": 0,
          "attributes": {
            "id": "ed-eks-worker-2023112611024014310000000b",
            "policy_arn": "arn:aws:iam::aws:policy/AmazonEC2ContainerRegistryFullAccess",
            "role": "ed-eks-worker"
          },
          "sensitive_attributes": [],
          "private": "bnVsbA==",
          "dependencies": [
            "module.main-modules.module.iam-module.aws_iam_role.worker"
          ]
        }
      ]
    },
    {
      "module": "module.main-modules.module.iam-module",
      "mode": "managed",
      "type": "aws_iam_role_policy_attachment",
      "name": "AmazonEKSClusterPolicy",
      "provider": "provider[\"registry.terraform.io/hashicorp/aws\"]",
      "instances": [
        {
          "schema_version": 0,
          "attributes": {
            "id": "ed-eks-master-20231126110238778000000002",
            "policy_arn": "arn:aws:iam::aws:policy/AmazonEKSClusterPolicy",
            "role": "ed-eks-master"
          },
          "sensitive_attributes": [],
          "private": "bnVsbA==",
          "dependencies": [
            "module.main-modules.module.iam-module.aws_iam_role.master"
          ]
        }
      ]
    },
    {
      "module": "module.main-modules.module.iam-module",
      "mode": "managed",
      "type": "aws_iam_role_policy_attachment",
      "name": "AmazonEKSServicePolicy",
      "provider": "provider[\"registry.terraform.io/hashicorp/aws\"]",
      "instances": [
        {
          "schema_version": 0,
          "attributes": {
            "id": "ed-eks-master-20231126110238844700000004",
            "policy_arn": "arn:aws:iam::aws:policy/AmazonEKSServicePolicy",
            "role": "ed-eks-master"
          },
          "sensitive_attributes": [],
          "private": "bnVsbA==",
          "dependencies": [
            "module.main-modules.module.iam-module.aws_iam_role.master"
          ]
        }
      ]
    },
    {
      "module": "module.main-modules.module.iam-module",
      "mode": "managed",
      "type": "aws_iam_role_policy_attachment",
      "name": "AmazonEKSVPCResourceController",
      "provider": "provider[\"registry.terraform.io/hashicorp/aws\"]",
      "instances": [
        {
          "schema_version": 0,
          "attributes": {
            "id": "ed-eks-master-20231126110238792000000003",
            "policy_arn": "arn:aws:iam::aws:policy/AmazonEKSVPCResourceController",
            "role": "ed-eks-master"
          },
          "sensitive_attributes": [],
          "private": "bnVsbA==",
          "dependencies": [
            "module.main-modules.module.iam-module.aws_iam_role.master"
          ]
        }
      ]
    },
    {
      "module": "module.main-modules.module.iam-module",
      "mode": "managed",
      "type": "aws_iam_role_policy_attachment",
      "name": "AmazonEKSWorkerNodePolicy",
      "provider": "provider[\"registry.terraform.io/hashicorp/aws\"]",
      "instances": [
        {
          "schema_version": 0,
          "attributes": {
            "id": "ed-eks-worker-20231126110239605200000008",
            "policy_arn": "arn:aws:iam::aws:policy/AmazonEKSWorkerNodePolicy",
            "role": "ed-eks-worker"
          },
          "sensitive_attributes": [],
          "private": "bnVsbA==",
          "dependencies": [
            "module.main-modules.module.iam-module.aws_iam_role.worker"
          ]
        }
      ]
    },
    {
      "module": "module.main-modules.module.iam-module",
      "mode": "managed",
      "type": "aws_iam_role_policy_attachment",
      "name": "AmazonEKS_CNI_Policy",
      "provider": "provider[\"registry.terraform.io/hashicorp/aws\"]",
      "instances": [
        {
          "schema_version": 0,
          "attributes": {
            "id": "ed-eks-worker-2023112611024002810000000a",
            "policy_arn": "arn:aws:iam::aws:policy/AmazonEKS_CNI_Policy",
            "role": "ed-eks-worker"
          },
          "sensitive_attributes": [],
          "private": "bnVsbA==",
          "dependencies": [
            "module.main-modules.module.iam-module.aws_iam_role.worker"
          ]
        }
      ]
    },
    {
      "module": "module.main-modules.module.iam-module",
      "mode": "managed",
      "type": "aws_iam_role_policy_attachment",
      "name": "AmazonSSMManagedInstanceCore",
      "provider": "provider[\"registry.terraform.io/hashicorp/aws\"]",
      "instances": [
        {
          "schema_version": 0,
          "attributes": {
            "id": "ed-eks-worker-20231126110239001100000006",
            "policy_arn": "arn:aws:iam::aws:policy/AmazonSSMManagedInstanceCore",
            "role": "ed-eks-worker"
          },
          "sensitive_attributes": [],
          "private": "bnVsbA==",
          "dependencies": [
            "module.main-modules.module.iam-module.aws_iam_role.worker"
          ]
        }
      ]
    },
    {
      "module": "module.main-modules.module.iam-module",
      "mode": "managed",
      "type": "aws_iam_role_policy_attachment",
      "name": "administrator_role_policy",
      "provider": "provider[\"registry.terraform.io/hashicorp/aws\"]",
      "instances": [
        {
          "schema_version": 0,
          "attributes": {
            "id": "EC2RoleWithPermissions-20231126110240005600000009",
            "policy_arn": "arn:aws:iam::aws:policy/AdministratorAccess",
            "role": "EC2RoleWithPermissions"
          },
          "sensitive_attributes": [],
          "private": "bnVsbA==",
          "dependencies": [
            "module.main-modules.module.iam-module.aws_iam_role.ec2_role"
          ]
        }
      ]
    },
    {
      "module": "module.main-modules.module.iam-module",
      "mode": "managed",
      "type": "aws_iam_role_policy_attachment",
      "name": "autoscaler",
      "provider": "provider[\"registry.terraform.io/hashicorp/aws\"]",
      "instances": [
        {
          "schema_version": 0,
          "attributes": {
            "id": "ed-eks-worker-20231126110238995600000005",
            "policy_arn": "arn:aws:iam::175437784856:policy/ed-eks-autoscaler-policy",
            "role": "ed-eks-worker"
          },
          "sensitive_attributes": [],
          "private": "bnVsbA==",
          "dependencies": [
            "module.main-modules.module.iam-module.aws_iam_policy.autoscaler",
            "module.main-modules.module.iam-module.aws_iam_role.worker"
          ]
        }
      ]
    },
    {
      "module": "module.main-modules.module.iam-module",
      "mode": "managed",
      "type": "aws_iam_role_policy_attachment",
      "name": "cloudformation_role_policy",
      "provider": "provider[\"registry.terraform.io/hashicorp/aws\"]",
      "instances": [
        {
          "schema_version": 0,
          "attributes": {
            "id": "EC2RoleWithPermissions-2023112611024035620000000e",
            "policy_arn": "arn:aws:iam::aws:policy/AWSCloudFormationFullAccess",
            "role": "EC2RoleWithPermissions"
          },
          "sensitive_attributes": [],
          "private": "bnVsbA==",
          "dependencies": [
            "module.main-modules.module.iam-module.aws_iam_role.ec2_role"
          ]
        }
      ]
    },
    {
      "module": "module.main-modules.module.iam-module",
      "mode": "managed",
      "type": "aws_iam_role_policy_attachment",
      "name": "ec2_role_policy",
      "provider": "provider[\"registry.terraform.io/hashicorp/aws\"]",
      "instances": [
        {
          "schema_version": 0,
          "attributes": {
            "id": "EC2RoleWithPermissions-2023112611024058890000000f",
            "policy_arn": "arn:aws:iam::aws:policy/AmazonEC2FullAccess",
            "role": "EC2RoleWithPermissions"
          },
          "sensitive_attributes": [],
          "private": "bnVsbA==",
          "dependencies": [
            "module.main-modules.module.iam-module.aws_iam_role.ec2_role"
          ]
        }
      ]
    },
    {
      "module": "module.main-modules.module.iam-module",
      "mode": "managed",
      "type": "aws_iam_role_policy_attachment",
      "name": "elastic-load-balancing-full-access",
      "provider": "provider[\"registry.terraform.io/hashicorp/aws\"]",
      "instances": [
        {
          "schema_version": 0,
          "attributes": {
            "id": "loadbalancer-controller-role-20231126111636259600000015",
            "policy_arn": "arn:aws:iam::aws:policy/ElasticLoadBalancingFullAccess",
            "role": "loadbalancer-controller-role"
          },
          "sensitive_attributes": [],
          "private": "bnVsbA==",
          "dependencies": [
            "module.main-modules.module.ec2.aws_instance.ansible-ec2-instance",
            "module.main-modules.module.ec2.aws_instance.bootstrap-ec2-instance",
            "module.main-modules.module.ec2.aws_instance.jenkins-ec2-instance",
            "module.main-modules.module.ec2.aws_security_group.instances_sgs",
            "module.main-modules.module.ec2.data.aws_ami.latest-amazon-linux-image",
            "module.main-modules.module.ec2.data.aws_ami.latest_ubuntu",
            "module.main-modules.module.eks.aws_eks_cluster.eks",
            "module.main-modules.module.iam-module.aws_iam_openid_connect_provider.openid-cluster",
            "module.main-modules.module.iam-module.aws_iam_role.loadbalancer-controller-role",
            "module.main-modules.module.iam-module.aws_iam_role.master",
            "module.main-modules.module.iam-module.aws_iam_role_policy_attachment.AmazonEC2ContainerRegistryFullAccessMaster",
            "module.main-modules.module.iam-module.aws_iam_role_policy_attachment.AmazonEKSClusterPolicy",
            "module.main-modules.module.iam-module.aws_iam_role_policy_attachment.AmazonEKSServicePolicy",
            "module.main-modules.module.iam-module.aws_iam_role_policy_attachment.AmazonEKSVPCResourceController",
            "module.main-modules.module.iam-module.data.aws_caller_identity.current",
            "module.main-modules.module.iam-module.data.aws_eks_cluster.example",
            "module.main-modules.module.iam-module.data.tls_certificate.cluster",
            "module.main-modules.module.keypairs-module.tls_private_key.ssh-pk",
            "module.main-modules.module.network-module.aws_subnet.az-subnets",
            "module.main-modules.module.network-module.aws_vpc.myapp-vpc",
            "module.main-modules.module.s3-module.aws_s3_bucket.helm-bucket",
            "module.main-modules.module.s3-module.random_id.rnd"
          ]
        }
      ]
    },
    {
      "module": "module.main-modules.module.iam-module",
      "mode": "managed",
      "type": "aws_iam_role_policy_attachment",
      "name": "iam_role_policy",
      "provider": "provider[\"registry.terraform.io/hashicorp/aws\"]",
      "instances": [
        {
          "schema_version": 0,
          "attributes": {
            "id": "EC2RoleWithPermissions-2023112611024016180000000c",
            "policy_arn": "arn:aws:iam::aws:policy/IAMFullAccess",
            "role": "EC2RoleWithPermissions"
          },
          "sensitive_attributes": [],
          "private": "bnVsbA==",
          "dependencies": [
            "module.main-modules.module.iam-module.aws_iam_role.ec2_role"
          ]
        }
      ]
    },
    {
      "module": "module.main-modules.module.iam-module",
      "mode": "managed",
      "type": "aws_iam_role_policy_attachment",
      "name": "loadbalancer-policy-attachment",
      "provider": "provider[\"registry.terraform.io/hashicorp/aws\"]",
      "instances": [
        {
          "schema_version": 0,
          "attributes": {
            "id": "loadbalancer-controller-role-20231126111636453900000016",
            "policy_arn": "arn:aws:iam::175437784856:policy/loadbalancer-controller-policy",
            "role": "loadbalancer-controller-role"
          },
          "sensitive_attributes": [],
          "private": "bnVsbA==",
          "dependencies": [
            "module.main-modules.module.ec2.aws_instance.ansible-ec2-instance",
            "module.main-modules.module.ec2.aws_instance.bootstrap-ec2-instance",
            "module.main-modules.module.ec2.aws_instance.jenkins-ec2-instance",
            "module.main-modules.module.ec2.aws_security_group.instances_sgs",
            "module.main-modules.module.ec2.data.aws_ami.latest-amazon-linux-image",
            "module.main-modules.module.ec2.data.aws_ami.latest_ubuntu",
            "module.main-modules.module.eks.aws_eks_cluster.eks",
            "module.main-modules.module.iam-module.aws_iam_openid_connect_provider.openid-cluster",
            "module.main-modules.module.iam-module.aws_iam_policy.loadbalancer-controller-policy",
            "module.main-modules.module.iam-module.aws_iam_role.loadbalancer-controller-role",
            "module.main-modules.module.iam-module.aws_iam_role.master",
            "module.main-modules.module.iam-module.aws_iam_role_policy_attachment.AmazonEC2ContainerRegistryFullAccessMaster",
            "module.main-modules.module.iam-module.aws_iam_role_policy_attachment.AmazonEKSClusterPolicy",
            "module.main-modules.module.iam-module.aws_iam_role_policy_attachment.AmazonEKSServicePolicy",
            "module.main-modules.module.iam-module.aws_iam_role_policy_attachment.AmazonEKSVPCResourceController",
            "module.main-modules.module.iam-module.data.aws_caller_identity.current",
            "module.main-modules.module.iam-module.data.aws_eks_cluster.example",
            "module.main-modules.module.iam-module.data.tls_certificate.cluster",
            "module.main-modules.module.keypairs-module.tls_private_key.ssh-pk",
            "module.main-modules.module.network-module.aws_subnet.az-subnets",
            "module.main-modules.module.network-module.aws_vpc.myapp-vpc",
            "module.main-modules.module.s3-module.aws_s3_bucket.helm-bucket",
            "module.main-modules.module.s3-module.random_id.rnd"
          ]
        }
      ]
    },
    {
      "module": "module.main-modules.module.iam-module",
      "mode": "managed",
      "type": "aws_iam_role_policy_attachment",
      "name": "s3",
      "provider": "provider[\"registry.terraform.io/hashicorp/aws\"]",
      "instances": [
        {
          "schema_version": 0,
          "attributes": {
            "id": "ed-eks-worker-20231126110239305400000007",
            "policy_arn": "arn:aws:iam::aws:policy/AmazonS3ReadOnlyAccess",
            "role": "ed-eks-worker"
          },
          "sensitive_attributes": [],
          "private": "bnVsbA==",
          "dependencies": [
            "module.main-modules.module.iam-module.aws_iam_role.worker"
          ]
        }
      ]
    },
    {
      "module": "module.main-modules.module.iam-module",
      "mode": "managed",
      "type": "aws_iam_role_policy_attachment",
      "name": "x-ray",
      "provider": "provider[\"registry.terraform.io/hashicorp/aws\"]",
      "instances": [
        {
          "schema_version": 0,
          "attributes": {
            "id": "ed-eks-worker-2023112611024016430000000d",
            "policy_arn": "arn:aws:iam::aws:policy/AWSXRayDaemonWriteAccess",
            "role": "ed-eks-worker"
          },
          "sensitive_attributes": [],
          "private": "bnVsbA==",
          "dependencies": [
            "module.main-modules.module.iam-module.aws_iam_role.worker"
          ]
        }
      ]
    },
    {
      "module": "module.main-modules.module.keypairs-module",
      "mode": "managed",
      "type": "aws_key_pair",
      "name": "ssh-keys",
      "provider": "provider[\"registry.terraform.io/hashicorp/aws\"]",
      "instances": [
        {
          "index_key": 0,
          "schema_version": 1,
          "attributes": {
            "arn": "arn:aws:ec2:us-east-1:175437784856:key-pair/master-key",
            "fingerprint": "53:35:4c:b5:9a:d5:4c:24:a4:d8:9d:cb:dd:5f:8d:3b",
            "id": "master-key",
            "key_name": "master-key",
            "key_name_prefix": "",
            "key_pair_id": "key-072776c5be9e94173",
            "key_type": "rsa",
            "public_key": "ssh-rsa AAAAB3NzaC1yc2EAAAADAQABAAACAQDeR62cBc0io2+22EX3e6A68Uf83J5n+ORUabH6UwIajTDFpVHytw0nhOzsL9DRTYektoDQo8FVr8Yvah9zXLpJh7YkmJjg4E3SzCPc6+G5wqA3Jvlj3dLFwMpUKnUToqYd0SZhrgwqKAhthkH3BqMnvRsa60/A/Ajhtjs+t7czeTKFskazdIolcx6pUPc1rlnn/6tQrB09in6Qdrt5S/GMGUtWRdzv3ESg4jx+lohRRw94SLfO59p/sdhA+Gjgsi1ZEy6NSyqEsokOYBM1NqVfVEwAHME2irVmMk8w0YsXvbbR1u2gsgQnt40yuTKYL6L2IeVPvxcWU+AHxvy9e8n995kV228y3dK1a5f0KbeYzFvA6H/PjBk5arM5GX8l5G99v6FrJqP0yUb5Xg8F2eFIx7w2GVfwhdNFEJJ8sWZMC70i+tu3aLDhpbF2KtXzOLPK1m3iWrG2vextLfP3fZPiYRe5UFMiT/XnNlR33ZVB9wtxoed7qni3llG48GXeh7OZ9BdBfqCybFyCi7Z0wGor6PoX6gG6YkQmW5Zgjx7RBCMidquuSVheDi244CSlSz5FSY9q+oKIaREX6PPoHqtxZfjSWkpTI3kuGZwReDJI7bt0kQilqFn+F8TeUf17F0sfrOmxjKEjY8zgDgj/U7FZmxKaS/DsW0XRPyt+8bLB9w==",
            "tags": {},
            "tags_all": {}
          },
          "sensitive_attributes": [],
          "private": "eyJzY2hlbWFfdmVyc2lvbiI6IjEifQ==",
          "dependencies": [
            "module.main-modules.module.keypairs-module.tls_private_key.ssh-pk"
          ]
        }
      ]
    },
    {
      "module": "module.main-modules.module.keypairs-module",
      "mode": "managed",
      "type": "local_file",
      "name": "ssh_key",
      "provider": "provider[\"registry.terraform.io/hashicorp/local\"]",
      "instances": [
        {
          "index_key": 0,
          "schema_version": 0,
          "attributes": {
            "content": "-----BEGIN RSA PRIVATE KEY-----\nMIIJKgIBAAKCAgEA3ketnAXNIqNvtthF93ugOvFH/NyeZ/jkVGmx+lMCGo0wxaVR\n8rcNJ4Ts7C/Q0U2HpLaA0KPBVa/GL2ofc1y6SYe2JJiY4OBN0swj3OvhucKgNyb5\nY93SxcDKVCp1E6KmHdEmYa4MKigIbYZB9wajJ70bGutPwPwI4bY7Pre3M3kyhbJG\ns3SKJXMeqVD3Na5Z5/+rUKwdPYp+kHa7eUvxjBlLVkXc79xEoOI8fpaIUUcPeEi3\nzufaf7HYQPho4LItWRMujUsqhLKJDmATNTalX1RMABzBNoq1ZjJPMNGLF7220dbt\noLIEJ7eNMrkymC+i9iHlT78XFlPgB8b8vXvJ/feZFdtvMt3StWuX9Cm3mMxbwOh/\nz4wZOWqzORl/JeRvfb+hayaj9MlG+V4PBdnhSMe8NhlX8IXTRRCSfLFmTAu9Ivrb\nt2iw4aWxdirV8zizytZt4lqxtr3sbS3z932T4mEXuVBTIk/15zZUd92VQfcLcaHn\ne6p4t5ZRuPBl3oezmfQXQX6gsmxcgou2dMBqK+j6F+oBumJEJluWYI8e0QQjInar\nrklYXg4tuOAkpUs+RUmPavqCiGkRF+jz6B6rcWX40lpKUyN5LhmcEXgySO27dJEI\npahZ/hfE3lH9exdLH6zpsYyhI2PM4A4I/1OxWZsSmkvw7FtF0T8rfvGywfcCAwEA\nAQKCAgEAtMXQkIo7ScdnjGmZhWs6ZZVi+WenQGGvuGL5Rt8JX/ShzKvl2KI8hX5a\nfL9qcT4/aZqvan8zNe+tG1SQXW71ZeWEIYElHAXv5Nb2962ytzNsv03oFusJhqCD\nLC4XZy+pL6iwMVKuO/6w0/oTXcY9HI10JNFo3EddJcvhpOEekjMn/ol9bGcEDu7v\n6b2aP0MbhU1t0z8WzLz8r5qQX1Z/DHRpy7EnvL8D5V/42O6t0IQdNbLWIeR309Ac\nUsJz8QGXVdD+1BRkcOUOB+3k0SsvFTdmU9UO4b+vRXz24HoaR+WXcFL+kOkV7gMe\nRzlMx24+dzQb3V5IdXUjRs/zLlslauxtYiFsBu12wGmxI/Qh2eVBZue5CEN0+nBE\n+dPkX2+TN9ay6/qlQEPeREy8+yp9gUNHNsJ174BtjTS+Uj/8+hw+cl1hnt87KAfP\nDyZDrTtTPULRl7KJVh7zi0fibbVCM9tgYXetNaFEuzadUB7c+T09DAQ5BIntth+k\nmSXXhUntEdESFSBt+YAOCkdSOeTmNXd3lbJKEKk9206gHBvTW917plPoI+UahUfF\nsub7ddK+m2AsSsqni4ziU+O/fzUMfZ3c330ZXeHepeTqfr3bEkpEqLq+3Vu6v/XR\nrPIkGG0f8ua/uaz3WmXSaFCkrobV8somYHAD1RLlCBHQAnL2EDECggEBAN6zkXwc\nbBOVbqgncuvVfiR56rQJb4cNwiz5anbS5JvU/qwMSd4f+YeLjp5wy8ghY9BSaEY7\n7Kp8YBTphN4IKVHZ4upSVg60koI5ZdGbQmKd6pc/fHwbSQ3o/FdL8DJEDJKXEuyV\naeI4mrfPiRQ6/uEkGWcskoY9CJJfo9IZWyrpwCf48mXmX39M6r5DTAVBSCybW4HV\nqBPOXeH8S+ghAeBWRJZZvZn4rMTuhGXkpDuPWG71xDsbM3rfNHd2PJI1ee62SxWT\nI180A3KLm4LsOnsY7Y7MU3tYaJ/jJgTiS56g5Mi+S7gR7uGLeKyigRJ55d6x+XzT\nvlPISdgjt6thrS8CggEBAP+D+l7wNyQ9wd/I37PsyTu3EbloUQWojmQNcCn/wBmS\nwuzlEIqxAsmVwotQ2+0s9Zr8MAoyk0tqHkItLszkXgABX1B4fcvPIoIlqYb3E0Qa\nUiC5vOpRDKiuRDTDxep/EXfG2kqjCuZ33ifqv/50gq1vYGhkmHHuen8n6C2y/cRh\nPZwWhHTcOXgwgciO0HRXqkcqLgPbHZoVEL6sUvfKpyP0z2Rq0jaLk5eNQvhR4JxP\nm3Y2Xed72/Px3AleG/Umg/lL409pqi6USzvre8D1kzuBVoizPEaRVkuYGqP9N1on\nZz6W6vHWwoQk33A1U/JWg/cL4mcqBxPWreUrNuEkVbkCggEAANDHh5zTCH9TmGoM\nkbCGdbu8kEw4jFYQj/mZ2jWLgMaW6CpjWtzjHQv1yb7AAEufAfRLTXaKt1UdRPZV\n9joxbItPuWvzxLoEj1WGee4HoDTT1xn0ar/u1I413lv41TZKlX7YIuWpLZrndiTc\na6aLqGdpcGdJYhR3I5IWF37gRpf0jDDtMlJVpzGw6mF0tdA3Y3JuM1uE8g2famRy\nIrd8OkYWmjZZ62Ztu4rkETt1HoK34DAmN9ExrxGCL63PKvnnKGiifcG8L20RVioM\nt74FuM2ukQdOhvUb7Pn3+ayaeko8jD+mJ1ZpeYn5NyihMGAh517fewWLfOMO4iu/\nUHFbIQKCAQEA8M8sdq9D+Lbvcf35vrOpj8rgPHHw8jlCQU9c52guXquvY94aceuT\nafLnj68cJnIZ4wBMMkAqC4gujkXQ9q8/XBfvAYMdY6iKqEfgdt+C28tGnasPPXI3\nUP40L9pWO8OX7d+OOYthqYVM7SfT3Hdn9RajsJ8mATI1ZoNw0SkA+0R98Q5TtWMc\nEob8uczG7u7z/u/kwCOQyXeS+XClHP1z+nItx0DZbyiqZ8ltVWStIAPyyz0/0Pst\nd8H4kyeLh8bN2HTJ/Tzjc9S09vre/iMzqIAj0t/BLeypfMMUUHtD4IaESjunn1a8\nqheqMTFBNYKOCpW7wWidlPfdmb7ZkORSmQKCAQEAuvtu0LVyamlLU45nGJ5fvb+j\n9YjadZL8xqfx/Q//aNzZpHjvmV36Dh+I/b91NaJWlq9qQEL3s+9Vy1v6w2rCgS6u\nUMaphX+cTfRxVQT2xpIpuZpAjA6IUbMxqhWcLOOjQpyKnTG1RceEIp4Kn4v8oulJ\nlmvs1jYGg6i8UqfTJ9yg8BY/F4N66IN8TG2cGYfsb0zY9yLcdMFmoSRCvjJxRgGD\nvuT40V1SStMne044d3+o15phj4o3mO2I48XBZajeAcmKHXec8GfwGCuy3Ad29kw5\ntbAlKoBxcsn5xK7FmPPiOi2uOSijpQbujW4fxkiw/IXx0I8LSYepd1hskDaJsw==\n-----END RSA PRIVATE KEY-----\n",
            "content_base64": null,
            "content_base64sha256": "GAoNg4j2npMq5KShcQIrSrJwbvqI7gQ9IGZevJ9QBS4=",
            "content_base64sha512": "ec1Ua+u1RHFh6zeOMFGcwuVd4biGCUrL2FffrVVNnKQUe5sQQCYMlAWyqEjc8HCsRcD7rcksF9j3WnDTtXH6kg==",
            "content_md5": "f529e4e61fdba7ccc314f99bca741ea8",
            "content_sha1": "43c124a98dac32ca2e849416dfdeac014d7fb929",
            "content_sha256": "180a0d8388f69e932ae4a4a171022b4ab2706efa88ee043d20665ebc9f50052e",
            "content_sha512": "79cd546bebb5447161eb378e30519cc2e55de1b886094acbd857dfad554d9ca4147b9b1040260c9405b2a848dcf070ac45c0fbadc92c17d8f75a70d3b571fa92",
            "directory_permission": "0777",
            "file_permission": "0777",
            "filename": "master-key.pem",
            "id": "43c124a98dac32ca2e849416dfdeac014d7fb929",
            "sensitive_content": null,
            "source": null
          },
          "sensitive_attributes": [
            [
              {
                "type": "get_attr",
                "value": "content"
              }
            ]
          ],
          "dependencies": [
            "module.main-modules.module.keypairs-module.aws_key_pair.ssh-keys",
            "module.main-modules.module.keypairs-module.tls_private_key.ssh-pk"
          ]
        }
      ]
    },
    {
      "module": "module.main-modules.module.keypairs-module",
      "mode": "managed",
      "type": "tls_private_key",
      "name": "ssh-pk",
      "provider": "provider[\"registry.terraform.io/hashicorp/tls\"]",
      "instances": [
        {
          "index_key": 0,
          "schema_version": 1,
          "attributes": {
            "algorithm": "RSA",
            "ecdsa_curve": "P224",
            "id": "0967c45891c0a013fccffb213511d94f013a7d04",
            "private_key_openssh": "-----BEGIN OPENSSH PRIVATE KEY-----\nb3BlbnNzaC1rZXktdjEAAAAABG5vbmUAAAAEbm9uZQAAAAAAAAABAAACFwAAAAdz\nc2gtcnNhAAAAAwEAAQAAAgEA3ketnAXNIqNvtthF93ugOvFH/NyeZ/jkVGmx+lMC\nGo0wxaVR8rcNJ4Ts7C/Q0U2HpLaA0KPBVa/GL2ofc1y6SYe2JJiY4OBN0swj3Ovh\nucKgNyb5Y93SxcDKVCp1E6KmHdEmYa4MKigIbYZB9wajJ70bGutPwPwI4bY7Pre3\nM3kyhbJGs3SKJXMeqVD3Na5Z5/+rUKwdPYp+kHa7eUvxjBlLVkXc79xEoOI8fpaI\nUUcPeEi3zufaf7HYQPho4LItWRMujUsqhLKJDmATNTalX1RMABzBNoq1ZjJPMNGL\nF7220dbtoLIEJ7eNMrkymC+i9iHlT78XFlPgB8b8vXvJ/feZFdtvMt3StWuX9Cm3\nmMxbwOh/z4wZOWqzORl/JeRvfb+hayaj9MlG+V4PBdnhSMe8NhlX8IXTRRCSfLFm\nTAu9Ivrbt2iw4aWxdirV8zizytZt4lqxtr3sbS3z932T4mEXuVBTIk/15zZUd92V\nQfcLcaHne6p4t5ZRuPBl3oezmfQXQX6gsmxcgou2dMBqK+j6F+oBumJEJluWYI8e\n0QQjInarrklYXg4tuOAkpUs+RUmPavqCiGkRF+jz6B6rcWX40lpKUyN5LhmcEXgy\nSO27dJEIpahZ/hfE3lH9exdLH6zpsYyhI2PM4A4I/1OxWZsSmkvw7FtF0T8rfvGy\nwfcAAAc4p7sNLae7DS0AAAAHc3NoLXJzYQAAAgEA3ketnAXNIqNvtthF93ugOvFH\n/NyeZ/jkVGmx+lMCGo0wxaVR8rcNJ4Ts7C/Q0U2HpLaA0KPBVa/GL2ofc1y6SYe2\nJJiY4OBN0swj3OvhucKgNyb5Y93SxcDKVCp1E6KmHdEmYa4MKigIbYZB9wajJ70b\nGutPwPwI4bY7Pre3M3kyhbJGs3SKJXMeqVD3Na5Z5/+rUKwdPYp+kHa7eUvxjBlL\nVkXc79xEoOI8fpaIUUcPeEi3zufaf7HYQPho4LItWRMujUsqhLKJDmATNTalX1RM\nABzBNoq1ZjJPMNGLF7220dbtoLIEJ7eNMrkymC+i9iHlT78XFlPgB8b8vXvJ/feZ\nFdtvMt3StWuX9Cm3mMxbwOh/z4wZOWqzORl/JeRvfb+hayaj9MlG+V4PBdnhSMe8\nNhlX8IXTRRCSfLFmTAu9Ivrbt2iw4aWxdirV8zizytZt4lqxtr3sbS3z932T4mEX\nuVBTIk/15zZUd92VQfcLcaHne6p4t5ZRuPBl3oezmfQXQX6gsmxcgou2dMBqK+j6\nF+oBumJEJluWYI8e0QQjInarrklYXg4tuOAkpUs+RUmPavqCiGkRF+jz6B6rcWX4\n0lpKUyN5LhmcEXgySO27dJEIpahZ/hfE3lH9exdLH6zpsYyhI2PM4A4I/1OxWZsS\nmkvw7FtF0T8rfvGywfcAAAADAQABAAACAQC0xdCQijtJx2eMaZmFazpllWL5Z6dA\nYa+4YvlG3wlf9KHMq+XYojyFflp8v2pxPj9pmq9qfzM1760bVJBdbvVl5YQhgSUc\nBe/k1vb3rbK3M2y/TegW6wmGoIMsLhdnL6kvqLAxUq47/rDT+hNdxj0cjXQk0Wjc\nR10ly+Gk4R6SMyf+iX1sZwQO7u/pvZo/QxuFTW3TPxbMvPyvmpBfVn8MdGnLsSe8\nvwPlX/jY7q3QhB01stYh5HfT0BxSwnPxAZdV0P7UFGRw5Q4H7eTRKy8VN2ZT1Q7h\nv69FfPbgehpH5ZdwUv6Q6RXuAx5HOUzHbj53NBvdXkh1dSNGz/MuWyVq7G1iIWwG\n7XbAabEj9CHZ5UFm57kIQ3T6cET50+Rfb5M31rLr+qVAQ95ETLz7Kn2BQ0c2wnXv\ngG2NNL5SP/z6HD5yXWGe3zsoB88PJkOtO1M9QtGXsolWHvOLR+JttUIz22Bhd601\noUS7Np1QHtz5PT0MBDkEie22H6SZJdeFSe0R0RIVIG35gA4KR1I55OY1d3eVskoQ\nqT3bTqAcG9Nb3XumU+gj5RqFR8Wy5vt10r6bYCxKyqeLjOJT479/NQx9ndzffRld\n4d6l5Op+vdsSSkSour7dW7q/9dGs8iQYbR/y5r+5rPdaZdJoUKSuhtXyyiZgcAPV\nEuUIEdACcvYQMQAAAQEAuvtu0LVyamlLU45nGJ5fvb+j9YjadZL8xqfx/Q//aNzZ\npHjvmV36Dh+I/b91NaJWlq9qQEL3s+9Vy1v6w2rCgS6uUMaphX+cTfRxVQT2xpIp\nuZpAjA6IUbMxqhWcLOOjQpyKnTG1RceEIp4Kn4v8oulJlmvs1jYGg6i8UqfTJ9yg\n8BY/F4N66IN8TG2cGYfsb0zY9yLcdMFmoSRCvjJxRgGDvuT40V1SStMne044d3+o\n15phj4o3mO2I48XBZajeAcmKHXec8GfwGCuy3Ad29kw5tbAlKoBxcsn5xK7FmPPi\nOi2uOSijpQbujW4fxkiw/IXx0I8LSYepd1hskDaJswAAAQEA3rORfBxsE5VuqCdy\n69V+JHnqtAlvhw3CLPlqdtLkm9T+rAxJ3h/5h4uOnnDLyCFj0FJoRjvsqnxgFOmE\n3ggpUdni6lJWDrSSgjll0ZtCYp3qlz98fBtJDej8V0vwMkQMkpcS7JVp4jiat8+J\nFDr+4SQZZyyShj0Ikl+j0hlbKunAJ/jyZeZff0zqvkNMBUFILJtbgdWoE85d4fxL\n6CEB4FZEllm9mfisxO6EZeSkO49YbvXEOxszet80d3Y8kjV57rZLFZMjXzQDcoub\nguw6exjtjsxTe1hon+MmBOJLnqDkyL5LuBHu4Yt4rKKBEnnl3rH5fNO+U8hJ2CO3\nq2GtLwAAAQEA/4P6XvA3JD3B38jfs+zJO7cRuWhRBaiOZA1wKf/AGZLC7OUQirEC\nyZXCi1Db7Sz1mvwwCjKTS2oeQi0uzOReAAFfUHh9y88igiWphvcTRBpSILm86lEM\nqK5ENMPF6n8Rd8baSqMK5nfeJ+q//nSCrW9gaGSYce56fyfoLbL9xGE9nBaEdNw5\neDCByI7QdFeqRyouA9sdmhUQvqxS98qnI/TPZGrSNouTl41C+FHgnE+bdjZd53vb\n8/HcCV4b9SaD+UvjT2mqLpRLO+t7wPWTO4FWiLM8RpFWS5gao/03WidnPpbq8dbC\nhCTfcDVT8laD9wviZyoHE9at5Ss24SRVuQAAAAAB\n-----END OPENSSH PRIVATE KEY-----\n",
            "private_key_pem": "-----BEGIN RSA PRIVATE KEY-----\nMIIJKgIBAAKCAgEA3ketnAXNIqNvtthF93ugOvFH/NyeZ/jkVGmx+lMCGo0wxaVR\n8rcNJ4Ts7C/Q0U2HpLaA0KPBVa/GL2ofc1y6SYe2JJiY4OBN0swj3OvhucKgNyb5\nY93SxcDKVCp1E6KmHdEmYa4MKigIbYZB9wajJ70bGutPwPwI4bY7Pre3M3kyhbJG\ns3SKJXMeqVD3Na5Z5/+rUKwdPYp+kHa7eUvxjBlLVkXc79xEoOI8fpaIUUcPeEi3\nzufaf7HYQPho4LItWRMujUsqhLKJDmATNTalX1RMABzBNoq1ZjJPMNGLF7220dbt\noLIEJ7eNMrkymC+i9iHlT78XFlPgB8b8vXvJ/feZFdtvMt3StWuX9Cm3mMxbwOh/\nz4wZOWqzORl/JeRvfb+hayaj9MlG+V4PBdnhSMe8NhlX8IXTRRCSfLFmTAu9Ivrb\nt2iw4aWxdirV8zizytZt4lqxtr3sbS3z932T4mEXuVBTIk/15zZUd92VQfcLcaHn\ne6p4t5ZRuPBl3oezmfQXQX6gsmxcgou2dMBqK+j6F+oBumJEJluWYI8e0QQjInar\nrklYXg4tuOAkpUs+RUmPavqCiGkRF+jz6B6rcWX40lpKUyN5LhmcEXgySO27dJEI\npahZ/hfE3lH9exdLH6zpsYyhI2PM4A4I/1OxWZsSmkvw7FtF0T8rfvGywfcCAwEA\nAQKCAgEAtMXQkIo7ScdnjGmZhWs6ZZVi+WenQGGvuGL5Rt8JX/ShzKvl2KI8hX5a\nfL9qcT4/aZqvan8zNe+tG1SQXW71ZeWEIYElHAXv5Nb2962ytzNsv03oFusJhqCD\nLC4XZy+pL6iwMVKuO/6w0/oTXcY9HI10JNFo3EddJcvhpOEekjMn/ol9bGcEDu7v\n6b2aP0MbhU1t0z8WzLz8r5qQX1Z/DHRpy7EnvL8D5V/42O6t0IQdNbLWIeR309Ac\nUsJz8QGXVdD+1BRkcOUOB+3k0SsvFTdmU9UO4b+vRXz24HoaR+WXcFL+kOkV7gMe\nRzlMx24+dzQb3V5IdXUjRs/zLlslauxtYiFsBu12wGmxI/Qh2eVBZue5CEN0+nBE\n+dPkX2+TN9ay6/qlQEPeREy8+yp9gUNHNsJ174BtjTS+Uj/8+hw+cl1hnt87KAfP\nDyZDrTtTPULRl7KJVh7zi0fibbVCM9tgYXetNaFEuzadUB7c+T09DAQ5BIntth+k\nmSXXhUntEdESFSBt+YAOCkdSOeTmNXd3lbJKEKk9206gHBvTW917plPoI+UahUfF\nsub7ddK+m2AsSsqni4ziU+O/fzUMfZ3c330ZXeHepeTqfr3bEkpEqLq+3Vu6v/XR\nrPIkGG0f8ua/uaz3WmXSaFCkrobV8somYHAD1RLlCBHQAnL2EDECggEBAN6zkXwc\nbBOVbqgncuvVfiR56rQJb4cNwiz5anbS5JvU/qwMSd4f+YeLjp5wy8ghY9BSaEY7\n7Kp8YBTphN4IKVHZ4upSVg60koI5ZdGbQmKd6pc/fHwbSQ3o/FdL8DJEDJKXEuyV\naeI4mrfPiRQ6/uEkGWcskoY9CJJfo9IZWyrpwCf48mXmX39M6r5DTAVBSCybW4HV\nqBPOXeH8S+ghAeBWRJZZvZn4rMTuhGXkpDuPWG71xDsbM3rfNHd2PJI1ee62SxWT\nI180A3KLm4LsOnsY7Y7MU3tYaJ/jJgTiS56g5Mi+S7gR7uGLeKyigRJ55d6x+XzT\nvlPISdgjt6thrS8CggEBAP+D+l7wNyQ9wd/I37PsyTu3EbloUQWojmQNcCn/wBmS\nwuzlEIqxAsmVwotQ2+0s9Zr8MAoyk0tqHkItLszkXgABX1B4fcvPIoIlqYb3E0Qa\nUiC5vOpRDKiuRDTDxep/EXfG2kqjCuZ33ifqv/50gq1vYGhkmHHuen8n6C2y/cRh\nPZwWhHTcOXgwgciO0HRXqkcqLgPbHZoVEL6sUvfKpyP0z2Rq0jaLk5eNQvhR4JxP\nm3Y2Xed72/Px3AleG/Umg/lL409pqi6USzvre8D1kzuBVoizPEaRVkuYGqP9N1on\nZz6W6vHWwoQk33A1U/JWg/cL4mcqBxPWreUrNuEkVbkCggEAANDHh5zTCH9TmGoM\nkbCGdbu8kEw4jFYQj/mZ2jWLgMaW6CpjWtzjHQv1yb7AAEufAfRLTXaKt1UdRPZV\n9joxbItPuWvzxLoEj1WGee4HoDTT1xn0ar/u1I413lv41TZKlX7YIuWpLZrndiTc\na6aLqGdpcGdJYhR3I5IWF37gRpf0jDDtMlJVpzGw6mF0tdA3Y3JuM1uE8g2famRy\nIrd8OkYWmjZZ62Ztu4rkETt1HoK34DAmN9ExrxGCL63PKvnnKGiifcG8L20RVioM\nt74FuM2ukQdOhvUb7Pn3+ayaeko8jD+mJ1ZpeYn5NyihMGAh517fewWLfOMO4iu/\nUHFbIQKCAQEA8M8sdq9D+Lbvcf35vrOpj8rgPHHw8jlCQU9c52guXquvY94aceuT\nafLnj68cJnIZ4wBMMkAqC4gujkXQ9q8/XBfvAYMdY6iKqEfgdt+C28tGnasPPXI3\nUP40L9pWO8OX7d+OOYthqYVM7SfT3Hdn9RajsJ8mATI1ZoNw0SkA+0R98Q5TtWMc\nEob8uczG7u7z/u/kwCOQyXeS+XClHP1z+nItx0DZbyiqZ8ltVWStIAPyyz0/0Pst\nd8H4kyeLh8bN2HTJ/Tzjc9S09vre/iMzqIAj0t/BLeypfMMUUHtD4IaESjunn1a8\nqheqMTFBNYKOCpW7wWidlPfdmb7ZkORSmQKCAQEAuvtu0LVyamlLU45nGJ5fvb+j\n9YjadZL8xqfx/Q//aNzZpHjvmV36Dh+I/b91NaJWlq9qQEL3s+9Vy1v6w2rCgS6u\nUMaphX+cTfRxVQT2xpIpuZpAjA6IUbMxqhWcLOOjQpyKnTG1RceEIp4Kn4v8oulJ\nlmvs1jYGg6i8UqfTJ9yg8BY/F4N66IN8TG2cGYfsb0zY9yLcdMFmoSRCvjJxRgGD\nvuT40V1SStMne044d3+o15phj4o3mO2I48XBZajeAcmKHXec8GfwGCuy3Ad29kw5\ntbAlKoBxcsn5xK7FmPPiOi2uOSijpQbujW4fxkiw/IXx0I8LSYepd1hskDaJsw==\n-----END RSA PRIVATE KEY-----\n",
            "private_key_pem_pkcs8": "-----BEGIN PRIVATE KEY-----\nMIIJRAIBADANBgkqhkiG9w0BAQEFAASCCS4wggkqAgEAAoICAQDeR62cBc0io2+2\n2EX3e6A68Uf83J5n+ORUabH6UwIajTDFpVHytw0nhOzsL9DRTYektoDQo8FVr8Yv\nah9zXLpJh7YkmJjg4E3SzCPc6+G5wqA3Jvlj3dLFwMpUKnUToqYd0SZhrgwqKAht\nhkH3BqMnvRsa60/A/Ajhtjs+t7czeTKFskazdIolcx6pUPc1rlnn/6tQrB09in6Q\ndrt5S/GMGUtWRdzv3ESg4jx+lohRRw94SLfO59p/sdhA+Gjgsi1ZEy6NSyqEsokO\nYBM1NqVfVEwAHME2irVmMk8w0YsXvbbR1u2gsgQnt40yuTKYL6L2IeVPvxcWU+AH\nxvy9e8n995kV228y3dK1a5f0KbeYzFvA6H/PjBk5arM5GX8l5G99v6FrJqP0yUb5\nXg8F2eFIx7w2GVfwhdNFEJJ8sWZMC70i+tu3aLDhpbF2KtXzOLPK1m3iWrG2vext\nLfP3fZPiYRe5UFMiT/XnNlR33ZVB9wtxoed7qni3llG48GXeh7OZ9BdBfqCybFyC\ni7Z0wGor6PoX6gG6YkQmW5Zgjx7RBCMidquuSVheDi244CSlSz5FSY9q+oKIaREX\n6PPoHqtxZfjSWkpTI3kuGZwReDJI7bt0kQilqFn+F8TeUf17F0sfrOmxjKEjY8zg\nDgj/U7FZmxKaS/DsW0XRPyt+8bLB9wIDAQABAoICAQC0xdCQijtJx2eMaZmFazpl\nlWL5Z6dAYa+4YvlG3wlf9KHMq+XYojyFflp8v2pxPj9pmq9qfzM1760bVJBdbvVl\n5YQhgSUcBe/k1vb3rbK3M2y/TegW6wmGoIMsLhdnL6kvqLAxUq47/rDT+hNdxj0c\njXQk0WjcR10ly+Gk4R6SMyf+iX1sZwQO7u/pvZo/QxuFTW3TPxbMvPyvmpBfVn8M\ndGnLsSe8vwPlX/jY7q3QhB01stYh5HfT0BxSwnPxAZdV0P7UFGRw5Q4H7eTRKy8V\nN2ZT1Q7hv69FfPbgehpH5ZdwUv6Q6RXuAx5HOUzHbj53NBvdXkh1dSNGz/MuWyVq\n7G1iIWwG7XbAabEj9CHZ5UFm57kIQ3T6cET50+Rfb5M31rLr+qVAQ95ETLz7Kn2B\nQ0c2wnXvgG2NNL5SP/z6HD5yXWGe3zsoB88PJkOtO1M9QtGXsolWHvOLR+JttUIz\n22Bhd601oUS7Np1QHtz5PT0MBDkEie22H6SZJdeFSe0R0RIVIG35gA4KR1I55OY1\nd3eVskoQqT3bTqAcG9Nb3XumU+gj5RqFR8Wy5vt10r6bYCxKyqeLjOJT479/NQx9\nndzffRld4d6l5Op+vdsSSkSour7dW7q/9dGs8iQYbR/y5r+5rPdaZdJoUKSuhtXy\nyiZgcAPVEuUIEdACcvYQMQKCAQEA3rORfBxsE5VuqCdy69V+JHnqtAlvhw3CLPlq\ndtLkm9T+rAxJ3h/5h4uOnnDLyCFj0FJoRjvsqnxgFOmE3ggpUdni6lJWDrSSgjll\n0ZtCYp3qlz98fBtJDej8V0vwMkQMkpcS7JVp4jiat8+JFDr+4SQZZyyShj0Ikl+j\n0hlbKunAJ/jyZeZff0zqvkNMBUFILJtbgdWoE85d4fxL6CEB4FZEllm9mfisxO6E\nZeSkO49YbvXEOxszet80d3Y8kjV57rZLFZMjXzQDcoubguw6exjtjsxTe1hon+Mm\nBOJLnqDkyL5LuBHu4Yt4rKKBEnnl3rH5fNO+U8hJ2CO3q2GtLwKCAQEA/4P6XvA3\nJD3B38jfs+zJO7cRuWhRBaiOZA1wKf/AGZLC7OUQirECyZXCi1Db7Sz1mvwwCjKT\nS2oeQi0uzOReAAFfUHh9y88igiWphvcTRBpSILm86lEMqK5ENMPF6n8Rd8baSqMK\n5nfeJ+q//nSCrW9gaGSYce56fyfoLbL9xGE9nBaEdNw5eDCByI7QdFeqRyouA9sd\nmhUQvqxS98qnI/TPZGrSNouTl41C+FHgnE+bdjZd53vb8/HcCV4b9SaD+UvjT2mq\nLpRLO+t7wPWTO4FWiLM8RpFWS5gao/03WidnPpbq8dbChCTfcDVT8laD9wviZyoH\nE9at5Ss24SRVuQKCAQAA0MeHnNMIf1OYagyRsIZ1u7yQTDiMVhCP+ZnaNYuAxpbo\nKmNa3OMdC/XJvsAAS58B9EtNdoq3VR1E9lX2OjFsi0+5a/PEugSPVYZ57gegNNPX\nGfRqv+7UjjXeW/jVNkqVftgi5aktmud2JNxrpouoZ2lwZ0liFHcjkhYXfuBGl/SM\nMO0yUlWnMbDqYXS10Ddjcm4zW4TyDZ9qZHIit3w6RhaaNlnrZm27iuQRO3Uegrfg\nMCY30TGvEYIvrc8q+ecoaKJ9wbwvbRFWKgy3vgW4za6RB06G9Rvs+ff5rJp6SjyM\nP6YnVml5ifk3KKEwYCHnXt97BYt84w7iK79QcVshAoIBAQDwzyx2r0P4tu9x/fm+\ns6mPyuA8cfDyOUJBT1znaC5eq69j3hpx65Np8uePrxwmchnjAEwyQCoLiC6ORdD2\nrz9cF+8Bgx1jqIqoR+B234Lby0adqw89cjdQ/jQv2lY7w5ft3445i2GphUztJ9Pc\nd2f1FqOwnyYBMjVmg3DRKQD7RH3xDlO1YxwShvy5zMbu7vP+7+TAI5DJd5L5cKUc\n/XP6ci3HQNlvKKpnyW1VZK0gA/LLPT/Q+y13wfiTJ4uHxs3YdMn9PONz1LT2+t7+\nIzOogCPS38Et7Kl8wxRQe0PghoRKO6efVryqF6oxMUE1go4KlbvBaJ2U992ZvtmQ\n5FKZAoIBAQC6+27QtXJqaUtTjmcYnl+9v6P1iNp1kvzGp/H9D/9o3NmkeO+ZXfoO\nH4j9v3U1olaWr2pAQvez71XLW/rDasKBLq5QxqmFf5xN9HFVBPbGkim5mkCMDohR\nszGqFZws46NCnIqdMbVFx4Qingqfi/yi6UmWa+zWNgaDqLxSp9Mn3KDwFj8Xg3ro\ng3xMbZwZh+xvTNj3Itx0wWahJEK+MnFGAYO+5PjRXVJK0yd7Tjh3f6jXmmGPijeY\n7YjjxcFlqN4ByYodd5zwZ/AYK7LcB3b2TDm1sCUqgHFyyfnErsWY8+I6La45KKOl\nBu6Nbh/GSLD8hfHQjwtJh6l3WGyQNomz\n-----END PRIVATE KEY-----\n",
            "public_key_fingerprint_md5": "b0:b4:8b:b4:84:11:11:96:1d:94:0c:13:0e:ef:94:aa",
            "public_key_fingerprint_sha256": "SHA256:kazJ+zg5AA49ZJPNbQVQtO89PqRb2kizfFMCbk0e3Yw",
            "public_key_openssh": "ssh-rsa AAAAB3NzaC1yc2EAAAADAQABAAACAQDeR62cBc0io2+22EX3e6A68Uf83J5n+ORUabH6UwIajTDFpVHytw0nhOzsL9DRTYektoDQo8FVr8Yvah9zXLpJh7YkmJjg4E3SzCPc6+G5wqA3Jvlj3dLFwMpUKnUToqYd0SZhrgwqKAhthkH3BqMnvRsa60/A/Ajhtjs+t7czeTKFskazdIolcx6pUPc1rlnn/6tQrB09in6Qdrt5S/GMGUtWRdzv3ESg4jx+lohRRw94SLfO59p/sdhA+Gjgsi1ZEy6NSyqEsokOYBM1NqVfVEwAHME2irVmMk8w0YsXvbbR1u2gsgQnt40yuTKYL6L2IeVPvxcWU+AHxvy9e8n995kV228y3dK1a5f0KbeYzFvA6H/PjBk5arM5GX8l5G99v6FrJqP0yUb5Xg8F2eFIx7w2GVfwhdNFEJJ8sWZMC70i+tu3aLDhpbF2KtXzOLPK1m3iWrG2vextLfP3fZPiYRe5UFMiT/XnNlR33ZVB9wtxoed7qni3llG48GXeh7OZ9BdBfqCybFyCi7Z0wGor6PoX6gG6YkQmW5Zgjx7RBCMidquuSVheDi244CSlSz5FSY9q+oKIaREX6PPoHqtxZfjSWkpTI3kuGZwReDJI7bt0kQilqFn+F8TeUf17F0sfrOmxjKEjY8zgDgj/U7FZmxKaS/DsW0XRPyt+8bLB9w==\n",
            "public_key_pem": "-----BEGIN PUBLIC KEY-----\nMIICIjANBgkqhkiG9w0BAQEFAAOCAg8AMIICCgKCAgEA3ketnAXNIqNvtthF93ug\nOvFH/NyeZ/jkVGmx+lMCGo0wxaVR8rcNJ4Ts7C/Q0U2HpLaA0KPBVa/GL2ofc1y6\nSYe2JJiY4OBN0swj3OvhucKgNyb5Y93SxcDKVCp1E6KmHdEmYa4MKigIbYZB9waj\nJ70bGutPwPwI4bY7Pre3M3kyhbJGs3SKJXMeqVD3Na5Z5/+rUKwdPYp+kHa7eUvx\njBlLVkXc79xEoOI8fpaIUUcPeEi3zufaf7HYQPho4LItWRMujUsqhLKJDmATNTal\nX1RMABzBNoq1ZjJPMNGLF7220dbtoLIEJ7eNMrkymC+i9iHlT78XFlPgB8b8vXvJ\n/feZFdtvMt3StWuX9Cm3mMxbwOh/z4wZOWqzORl/JeRvfb+hayaj9MlG+V4PBdnh\nSMe8NhlX8IXTRRCSfLFmTAu9Ivrbt2iw4aWxdirV8zizytZt4lqxtr3sbS3z932T\n4mEXuVBTIk/15zZUd92VQfcLcaHne6p4t5ZRuPBl3oezmfQXQX6gsmxcgou2dMBq\nK+j6F+oBumJEJluWYI8e0QQjInarrklYXg4tuOAkpUs+RUmPavqCiGkRF+jz6B6r\ncWX40lpKUyN5LhmcEXgySO27dJEIpahZ/hfE3lH9exdLH6zpsYyhI2PM4A4I/1Ox\nWZsSmkvw7FtF0T8rfvGywfcCAwEAAQ==\n-----END PUBLIC KEY-----\n",
            "rsa_bits": 4096
          },
          "sensitive_attributes": []
        }
      ]
    },
    {
      "module": "module.main-modules.module.network-module",
      "mode": "managed",
      "type": "aws_default_route_table",
      "name": "myapp-main-rtb",
      "provider": "provider[\"registry.terraform.io/hashicorp/aws\"]",
      "instances": [
        {
          "schema_version": 0,
          "attributes": {
            "arn": "arn:aws:ec2:us-east-1:175437784856:route-table/rtb-020f0ca3e1fcc67a0",
            "default_route_table_id": "rtb-020f0ca3e1fcc67a0",
            "id": "rtb-020f0ca3e1fcc67a0",
            "owner_id": "175437784856",
            "propagating_vgws": [],
            "route": [
              {
                "cidr_block": "0.0.0.0/0",
                "core_network_arn": "",
                "destination_prefix_list_id": "",
                "egress_only_gateway_id": "",
                "gateway_id": "igw-05dbf39af2fe5b726",
                "instance_id": "",
                "ipv6_cidr_block": "",
                "nat_gateway_id": "",
                "network_interface_id": "",
                "transit_gateway_id": "",
                "vpc_endpoint_id": "",
                "vpc_peering_connection_id": ""
              }
            ],
            "tags": {
              "Name": "prod-rtb"
            },
            "tags_all": {
              "Name": "prod-rtb"
            },
            "timeouts": null,
            "vpc_id": "vpc-09ad25e1bf2abbbd4"
          },
          "sensitive_attributes": [],
          "private": "eyJlMmJmYjczMC1lY2FhLTExZTYtOGY4OC0zNDM2M2JjN2M0YzAiOnsiY3JlYXRlIjoxMjAwMDAwMDAwMDAsInVwZGF0ZSI6MTIwMDAwMDAwMDAwfX0=",
          "dependencies": [
            "module.main-modules.module.network-module.aws_internet_gateway.myapp-igw",
            "module.main-modules.module.network-module.aws_vpc.myapp-vpc"
          ]
        }
      ]
    },
    {
      "module": "module.main-modules.module.network-module",
      "mode": "managed",
      "type": "aws_internet_gateway",
      "name": "myapp-igw",
      "provider": "provider[\"registry.terraform.io/hashicorp/aws\"]",
      "instances": [
        {
          "schema_version": 0,
          "attributes": {
            "arn": "arn:aws:ec2:us-east-1:175437784856:internet-gateway/igw-05dbf39af2fe5b726",
            "id": "igw-05dbf39af2fe5b726",
            "owner_id": "175437784856",
            "tags": {
              "Name": "prod-igw"
            },
            "tags_all": {
              "Name": "prod-igw"
            },
            "timeouts": null,
            "vpc_id": "vpc-09ad25e1bf2abbbd4"
          },
          "sensitive_attributes": [],
          "private": "eyJlMmJmYjczMC1lY2FhLTExZTYtOGY4OC0zNDM2M2JjN2M0YzAiOnsiY3JlYXRlIjoxMjAwMDAwMDAwMDAwLCJkZWxldGUiOjEyMDAwMDAwMDAwMDAsInVwZGF0ZSI6MTIwMDAwMDAwMDAwMH19",
          "dependencies": [
            "module.main-modules.module.network-module.aws_vpc.myapp-vpc"
          ]
        }
      ]
    },
    {
      "module": "module.main-modules.module.network-module",
      "mode": "managed",
      "type": "aws_route_table_association",
      "name": "myapp-rtb-az-subnets",
      "provider": "provider[\"registry.terraform.io/hashicorp/aws\"]",
      "instances": [
        {
          "index_key": 0,
          "schema_version": 0,
          "attributes": {
            "gateway_id": "",
            "id": "rtbassoc-054692b6a73c7ea33",
            "route_table_id": "rtb-020f0ca3e1fcc67a0",
            "subnet_id": "subnet-0618c20ad1c932d27",
            "timeouts": null
          },
          "sensitive_attributes": [],
          "private": "eyJlMmJmYjczMC1lY2FhLTExZTYtOGY4OC0zNDM2M2JjN2M0YzAiOnsiY3JlYXRlIjozMDAwMDAwMDAwMDAsImRlbGV0ZSI6MzAwMDAwMDAwMDAwLCJ1cGRhdGUiOjEyMDAwMDAwMDAwMH19",
          "dependencies": [
            "module.main-modules.module.network-module.aws_subnet.az-subnets",
            "module.main-modules.module.network-module.aws_vpc.myapp-vpc"
          ]
        },
        {
          "index_key": 1,
          "schema_version": 0,
          "attributes": {
            "gateway_id": "",
            "id": "rtbassoc-029fdc0498b1458ed",
            "route_table_id": "rtb-020f0ca3e1fcc67a0",
            "subnet_id": "subnet-01c12f6a2966f9737",
            "timeouts": null
          },
          "sensitive_attributes": [],
          "private": "eyJlMmJmYjczMC1lY2FhLTExZTYtOGY4OC0zNDM2M2JjN2M0YzAiOnsiY3JlYXRlIjozMDAwMDAwMDAwMDAsImRlbGV0ZSI6MzAwMDAwMDAwMDAwLCJ1cGRhdGUiOjEyMDAwMDAwMDAwMH19",
          "dependencies": [
            "module.main-modules.module.network-module.aws_subnet.az-subnets",
            "module.main-modules.module.network-module.aws_vpc.myapp-vpc"
          ]
        }
      ]
    },
    {
      "module": "module.main-modules.module.network-module",
      "mode": "managed",
      "type": "aws_subnet",
      "name": "az-subnets",
      "provider": "provider[\"registry.terraform.io/hashicorp/aws\"]",
      "instances": [
        {
          "index_key": 0,
          "schema_version": 1,
          "attributes": {
            "arn": "arn:aws:ec2:us-east-1:175437784856:subnet/subnet-0618c20ad1c932d27",
            "assign_ipv6_address_on_creation": false,
            "availability_zone": "us-east-1a",
            "availability_zone_id": "use1-az4",
            "cidr_block": "10.0.0.0/24",
            "customer_owned_ipv4_pool": "",
            "enable_dns64": false,
            "enable_lni_at_device_index": 0,
            "enable_resource_name_dns_a_record_on_launch": false,
            "enable_resource_name_dns_aaaa_record_on_launch": false,
            "id": "subnet-0618c20ad1c932d27",
            "ipv6_cidr_block": "",
            "ipv6_cidr_block_association_id": "",
            "ipv6_native": false,
            "map_customer_owned_ip_on_launch": false,
            "map_public_ip_on_launch": true,
            "outpost_arn": "",
            "owner_id": "175437784856",
            "private_dns_hostname_type_on_launch": "ip-name",
            "tags": {
              "Name": "prod-subnet-0",
              "kubernetes.io/cluster/demo-cluster": "owned",
              "kubernetes.io/role/elb": "1"
            },
            "tags_all": {
              "Name": "prod-subnet-0",
              "kubernetes.io/cluster/demo-cluster": "owned",
              "kubernetes.io/role/elb": "1"
            },
            "timeouts": null,
            "vpc_id": "vpc-09ad25e1bf2abbbd4"
          },
          "sensitive_attributes": [],
          "private": "eyJlMmJmYjczMC1lY2FhLTExZTYtOGY4OC0zNDM2M2JjN2M0YzAiOnsiY3JlYXRlIjo2MDAwMDAwMDAwMDAsImRlbGV0ZSI6MTIwMDAwMDAwMDAwMH0sInNjaGVtYV92ZXJzaW9uIjoiMSJ9",
          "dependencies": [
            "module.main-modules.module.network-module.aws_vpc.myapp-vpc"
          ]
        },
        {
          "index_key": 1,
          "schema_version": 1,
          "attributes": {
            "arn": "arn:aws:ec2:us-east-1:175437784856:subnet/subnet-01c12f6a2966f9737",
            "assign_ipv6_address_on_creation": false,
            "availability_zone": "us-east-1b",
            "availability_zone_id": "use1-az6",
            "cidr_block": "10.0.1.0/24",
            "customer_owned_ipv4_pool": "",
            "enable_dns64": false,
            "enable_lni_at_device_index": 0,
            "enable_resource_name_dns_a_record_on_launch": false,
            "enable_resource_name_dns_aaaa_record_on_launch": false,
            "id": "subnet-01c12f6a2966f9737",
            "ipv6_cidr_block": "",
            "ipv6_cidr_block_association_id": "",
            "ipv6_native": false,
            "map_customer_owned_ip_on_launch": false,
            "map_public_ip_on_launch": true,
            "outpost_arn": "",
            "owner_id": "175437784856",
            "private_dns_hostname_type_on_launch": "ip-name",
            "tags": {
              "Name": "prod-subnet-1",
              "kubernetes.io/cluster/demo-cluster": "owned",
              "kubernetes.io/role/elb": "1"
            },
            "tags_all": {
              "Name": "prod-subnet-1",
              "kubernetes.io/cluster/demo-cluster": "owned",
              "kubernetes.io/role/elb": "1"
            },
            "timeouts": null,
            "vpc_id": "vpc-09ad25e1bf2abbbd4"
          },
          "sensitive_attributes": [],
          "private": "eyJlMmJmYjczMC1lY2FhLTExZTYtOGY4OC0zNDM2M2JjN2M0YzAiOnsiY3JlYXRlIjo2MDAwMDAwMDAwMDAsImRlbGV0ZSI6MTIwMDAwMDAwMDAwMH0sInNjaGVtYV92ZXJzaW9uIjoiMSJ9",
          "dependencies": [
            "module.main-modules.module.network-module.aws_vpc.myapp-vpc"
          ]
        }
      ]
    },
    {
      "module": "module.main-modules.module.network-module",
      "mode": "managed",
      "type": "aws_vpc",
      "name": "myapp-vpc",
      "provider": "provider[\"registry.terraform.io/hashicorp/aws\"]",
      "instances": [
        {
          "schema_version": 1,
          "attributes": {
            "arn": "arn:aws:ec2:us-east-1:175437784856:vpc/vpc-09ad25e1bf2abbbd4",
            "assign_generated_ipv6_cidr_block": false,
            "cidr_block": "10.0.0.0/16",
            "default_network_acl_id": "acl-077c7137fc835cd78",
            "default_route_table_id": "rtb-020f0ca3e1fcc67a0",
            "default_security_group_id": "sg-0eba8aff6ceaf5b06",
            "dhcp_options_id": "dopt-0ffe78e52047fa2ba",
            "enable_dns_hostnames": false,
            "enable_dns_support": true,
            "enable_network_address_usage_metrics": false,
            "id": "vpc-09ad25e1bf2abbbd4",
            "instance_tenancy": "default",
            "ipv4_ipam_pool_id": null,
            "ipv4_netmask_length": null,
            "ipv6_association_id": "",
            "ipv6_cidr_block": "",
            "ipv6_cidr_block_network_border_group": "",
            "ipv6_ipam_pool_id": "",
            "ipv6_netmask_length": 0,
            "main_route_table_id": "rtb-020f0ca3e1fcc67a0",
            "owner_id": "175437784856",
            "tags": {
              "Name": "prod-vpc"
            },
            "tags_all": {
              "Name": "prod-vpc"
            }
          },
          "sensitive_attributes": [],
          "private": "eyJzY2hlbWFfdmVyc2lvbiI6IjEifQ=="
        }
      ]
    },
    {
      "module": "module.main-modules.module.s3-module",
      "mode": "managed",
      "type": "aws_iam_policy",
      "name": "s3_put_bucket_policy",
      "provider": "provider[\"registry.terraform.io/hashicorp/aws\"]",
      "instances": [
        {
          "schema_version": 0,
          "attributes": {
            "arn": "arn:aws:iam::175437784856:policy/s3-put-bucket-policy",
            "description": "",
            "id": "arn:aws:iam::175437784856:policy/s3-put-bucket-policy",
            "name": "s3-put-bucket-policy",
            "name_prefix": "",
            "path": "/",
            "policy": "{\"Id\":\"Policy1696720443040\",\"Statement\":[{\"Action\":[\"s3:PutBucketPolicy\"],\"Effect\":\"Allow\",\"Resource\":\"arn:aws:s3:::helm-charts-bucket-5b52bcc361416aa0/*\",\"Sid\":\"Stmt1696720442122\"}],\"Version\":\"2012-10-17\"}",
            "policy_id": "ANPASRWHIE4MEP3LQ5EBQ",
            "tags": {},
            "tags_all": {}
          },
          "sensitive_attributes": [],
          "private": "bnVsbA==",
          "dependencies": [
            "module.main-modules.module.s3-module.aws_s3_bucket.helm-bucket",
            "module.main-modules.module.s3-module.random_id.rnd"
          ]
        }
      ]
    },
    {
      "module": "module.main-modules.module.s3-module",
      "mode": "managed",
      "type": "aws_iam_role",
      "name": "s3_put_bucket_policy_role",
      "provider": "provider[\"registry.terraform.io/hashicorp/aws\"]",
      "instances": [
        {
          "schema_version": 0,
          "attributes": {
            "arn": "arn:aws:iam::175437784856:role/s3-put-bucket-policy-role",
            "assume_role_policy": "{\"Statement\":[{\"Action\":\"sts:AssumeRole\",\"Effect\":\"Allow\",\"Principal\":{\"Service\":\"s3.amazonaws.com\"}}],\"Version\":\"2012-10-17\"}",
            "create_date": "2023-11-26T11:02:37Z",
            "description": "",
            "force_detach_policies": false,
            "id": "s3-put-bucket-policy-role",
            "inline_policy": [],
            "managed_policy_arns": [
              "arn:aws:iam::175437784856:policy/s3-put-bucket-policy"
            ],
            "max_session_duration": 3600,
            "name": "s3-put-bucket-policy-role",
            "name_prefix": "",
            "path": "/",
            "permissions_boundary": "",
            "tags": {},
            "tags_all": {},
            "unique_id": "AROASRWHIE4MNJFHY2ZR5"
          },
          "sensitive_attributes": [],
          "private": "bnVsbA=="
        }
      ]
    },
    {
      "module": "module.main-modules.module.s3-module",
      "mode": "managed",
      "type": "aws_iam_role_policy_attachment",
      "name": "attach_s3_policy",
      "provider": "provider[\"registry.terraform.io/hashicorp/aws\"]",
      "instances": [
        {
          "schema_version": 0,
          "attributes": {
            "id": "s3-put-bucket-policy-role-20231126110307603500000012",
            "policy_arn": "arn:aws:iam::175437784856:policy/s3-put-bucket-policy",
            "role": "s3-put-bucket-policy-role"
          },
          "sensitive_attributes": [],
          "private": "bnVsbA==",
          "dependencies": [
            "module.main-modules.module.s3-module.aws_iam_policy.s3_put_bucket_policy",
            "module.main-modules.module.s3-module.aws_iam_role.s3_put_bucket_policy_role",
            "module.main-modules.module.s3-module.aws_s3_bucket.helm-bucket",
            "module.main-modules.module.s3-module.random_id.rnd"
          ]
        }
      ]
    },
    {
      "module": "module.main-modules.module.s3-module",
      "mode": "managed",
      "type": "aws_s3_bucket",
      "name": "helm-bucket",
      "provider": "provider[\"registry.terraform.io/hashicorp/aws\"]",
      "instances": [
        {
          "schema_version": 0,
          "attributes": {
            "acceleration_status": "",
            "acl": null,
            "arn": "arn:aws:s3:::helm-charts-bucket-5b52bcc361416aa0",
            "bucket": "helm-charts-bucket-5b52bcc361416aa0",
            "bucket_domain_name": "helm-charts-bucket-5b52bcc361416aa0.s3.amazonaws.com",
            "bucket_prefix": "",
            "bucket_regional_domain_name": "helm-charts-bucket-5b52bcc361416aa0.s3.us-east-1.amazonaws.com",
            "cors_rule": [],
            "force_destroy": false,
            "grant": [
              {
                "id": "6431c866a54d8d946db7d044a03c576d9245797cd5df497bf5cdfe5ea3c69e35",
                "permissions": [
                  "FULL_CONTROL"
                ],
                "type": "CanonicalUser",
                "uri": ""
              }
            ],
            "hosted_zone_id": "Z3AQBSTGFYJSTF",
            "id": "helm-charts-bucket-5b52bcc361416aa0",
            "lifecycle_rule": [],
            "logging": [],
            "object_lock_configuration": [],
            "object_lock_enabled": false,
            "policy": "{\"Statement\":[{\"Action\":\"s3:GetObject\",\"Effect\":\"Allow\",\"Principal\":\"*\",\"Resource\":\"arn:aws:s3:::helm-charts-bucket-5b52bcc361416aa0/*\",\"Sid\":\"Statement1\"}],\"Version\":\"2012-10-17\"}",
            "region": "us-east-1",
            "replication_configuration": [],
            "request_payer": "BucketOwner",
            "server_side_encryption_configuration": [
              {
                "rule": [
                  {
                    "apply_server_side_encryption_by_default": [
                      {
                        "kms_master_key_id": "",
                        "sse_algorithm": "AES256"
                      }
                    ],
                    "bucket_key_enabled": false
                  }
                ]
              }
            ],
            "tags": {
              "Environment": "Prod",
              "Name": "Helm Charts Bucket"
            },
            "tags_all": {
              "Environment": "Prod",
              "Name": "Helm Charts Bucket"
            },
            "timeouts": null,
            "versioning": [
              {
                "enabled": false,
                "mfa_delete": false
              }
            ],
            "website": [],
            "website_domain": null,
            "website_endpoint": null
          },
          "sensitive_attributes": [],
          "private": "eyJlMmJmYjczMC1lY2FhLTExZTYtOGY4OC0zNDM2M2JjN2M0YzAiOnsiY3JlYXRlIjoxMjAwMDAwMDAwMDAwLCJkZWxldGUiOjM2MDAwMDAwMDAwMDAsInJlYWQiOjEyMDAwMDAwMDAwMDAsInVwZGF0ZSI6MTIwMDAwMDAwMDAwMH19",
          "dependencies": [
            "module.main-modules.module.s3-module.random_id.rnd"
          ]
        }
      ]
    },
    {
      "module": "module.main-modules.module.s3-module",
      "mode": "managed",
      "type": "aws_s3_bucket_policy",
      "name": "s3_get_bucket_policy",
      "provider": "provider[\"registry.terraform.io/hashicorp/aws\"]",
      "instances": [
        {
          "schema_version": 0,
          "attributes": {
            "bucket": "helm-charts-bucket-5b52bcc361416aa0",
            "id": "helm-charts-bucket-5b52bcc361416aa0",
            "policy": "{\"Statement\":[{\"Action\":[\"s3:GetObject\"],\"Effect\":\"Allow\",\"Principal\":\"*\",\"Resource\":[\"arn:aws:s3:::helm-charts-bucket-5b52bcc361416aa0/*\"],\"Sid\":\"Statement1\"}],\"Version\":\"2012-10-17\"}"
          },
          "sensitive_attributes": [],
          "private": "bnVsbA==",
          "dependencies": [
            "module.main-modules.module.s3-module.aws_iam_policy.s3_put_bucket_policy",
            "module.main-modules.module.s3-module.aws_iam_role.s3_put_bucket_policy_role",
            "module.main-modules.module.s3-module.aws_s3_bucket.helm-bucket",
            "module.main-modules.module.s3-module.random_id.rnd"
          ]
        }
      ]
    },
    {
      "module": "module.main-modules.module.s3-module",
      "mode": "managed",
      "type": "aws_s3_bucket_public_access_block",
      "name": "example",
      "provider": "provider[\"registry.terraform.io/hashicorp/aws\"]",
      "instances": [
        {
          "schema_version": 0,
          "attributes": {
            "block_public_acls": false,
            "block_public_policy": false,
            "bucket": "helm-charts-bucket-5b52bcc361416aa0",
            "id": "helm-charts-bucket-5b52bcc361416aa0",
            "ignore_public_acls": false,
            "restrict_public_buckets": false
          },
          "sensitive_attributes": [],
          "private": "bnVsbA==",
          "dependencies": [
            "module.main-modules.module.s3-module.aws_s3_bucket.helm-bucket",
            "module.main-modules.module.s3-module.random_id.rnd"
          ]
        }
      ]
    },
    {
      "module": "module.main-modules.module.s3-module",
      "mode": "managed",
      "type": "aws_s3_object",
      "name": "object",
      "provider": "provider[\"registry.terraform.io/hashicorp/aws\"]",
      "instances": [
        {
          "index_key": 0,
          "schema_version": 0,
          "attributes": {
            "acl": "private",
            "bucket": "helm-charts-bucket-5b52bcc361416aa0",
            "bucket_key_enabled": false,
            "cache_control": "",
            "checksum_algorithm": null,
            "checksum_crc32": "",
            "checksum_crc32c": "",
            "checksum_sha1": "",
            "checksum_sha256": "",
            "content": null,
            "content_base64": null,
            "content_disposition": "",
            "content_encoding": "",
            "content_language": "",
            "content_type": "application/octet-stream",
            "etag": "0247f19cb1050535404a1a057c5be066",
            "force_destroy": false,
            "id": "express-app-chart-0.0.1.tgz",
            "key": "express-app-chart-0.0.1.tgz",
            "kms_key_id": null,
            "metadata": null,
            "object_lock_legal_hold_status": "",
            "object_lock_mode": "",
            "object_lock_retain_until_date": "",
            "server_side_encryption": "AES256",
            "source": "../Helm/express-app-chart-0.0.1.tgz",
            "source_hash": null,
            "storage_class": "STANDARD",
            "tags": null,
            "tags_all": {},
            "version_id": "",
            "website_redirect": ""
          },
          "sensitive_attributes": [],
          "private": "bnVsbA==",
          "dependencies": [
            "module.main-modules.module.s3-module.aws_s3_bucket.helm-bucket",
            "module.main-modules.module.s3-module.random_id.rnd"
          ]
        }
      ]
    },
    {
      "module": "module.main-modules.module.s3-module",
      "mode": "managed",
      "type": "random_id",
      "name": "rnd",
      "provider": "provider[\"registry.terraform.io/hashicorp/random\"]",
      "instances": [
        {
          "schema_version": 0,
          "attributes": {
            "b64_std": "W1K8w2FBaqA=",
            "b64_url": "W1K8w2FBaqA",
            "byte_length": 8,
            "dec": "6580529552878037664",
            "hex": "5b52bcc361416aa0",
            "id": "W1K8w2FBaqA",
            "keepers": null,
            "prefix": null
          },
          "sensitive_attributes": []
        }
      ]
    }
  ],
  "check_results": null
}
